
Microsoft Visual Studio Solution File, Format Version 12.00
# Visual Studio 15
VisualStudioVersion = 15.0.26430.16
MinimumVisualStudioVersion = 10.0.40219.1
Project("{FAE04EC0-301F-11D3-BF4B-00C04F79EFBC}") = "XFFormBehavior", "XFFormBehavior\XFFormBehavior\XFFormBehavior.csproj", "{3DDB016F-527E-4F2B-B9C3-6618447EAEB3}"
EndProject
Project("{FAE04EC0-301F-11D3-BF4B-00C04F79EFBC}") = "XFFormBehavior.Droid", "XFFormBehavior\XFFormBehavior.Droid\XFFormBehavior.Droid.csproj", "{3D5D180D-6D04-46E6-A519-9C8B2D5F4078}"
EndProject
Project("{FAE04EC0-301F-11D3-BF4B-00C04F79EFBC}") = "XFFormBehavior.iOS", "XFFormBehavior\XFFormBehavior.iOS\XFFormBehavior.iOS.csproj", "{A019B7AE-706B-4FAD-B221-4D8EC301EE4A}"
EndProject
Project("{FAE04EC0-301F-11D3-BF4B-00C04F79EFBC}") = "XFFormBehavior.UWP", "XFFormBehavior\XFFormBehavior.UWP\XFFormBehavior.UWP.csproj", "{435F3FFF-EF87-44EB-B82B-132DB25DC423}"
EndProject
Global
	GlobalSection(SolutionConfigurationPlatforms) = preSolution
		Ad-Hoc|Any CPU = Ad-Hoc|Any CPU
		Ad-Hoc|ARM = Ad-Hoc|ARM
		Ad-Hoc|iPhone = Ad-Hoc|iPhone
		Ad-Hoc|iPhoneSimulator = Ad-Hoc|iPhoneSimulator
		Ad-Hoc|x64 = Ad-Hoc|x64
		Ad-Hoc|x86 = Ad-Hoc|x86
		AppStore|Any CPU = AppStore|Any CPU
		AppStore|ARM = AppStore|ARM
		AppStore|iPhone = AppStore|iPhone
		AppStore|iPhoneSimulator = AppStore|iPhoneSimulator
		AppStore|x64 = AppStore|x64
		AppStore|x86 = AppStore|x86
		Debug|Any CPU = Debug|Any CPU
		Debug|ARM = Debug|ARM
		Debug|iPhone = Debug|iPhone
		Debug|iPhoneSimulator = Debug|iPhoneSimulator
		Debug|x64 = Debug|x64
		Debug|x86 = Debug|x86
		Release|Any CPU = Release|Any CPU
		Release|ARM = Release|ARM
		Release|iPhone = Release|iPhone
		Release|iPhoneSimulator = Release|iPhoneSimulator
		Release|x64 = Release|x64
		Release|x86 = Release|x86
	EndGlobalSection
	GlobalSection(ProjectConfigurationPlatforms) = postSolution
		{3DDB016F-527E-4F2B-B9C3-6618447EAEB3}.Ad-Hoc|Any CPU.ActiveCfg = Release|Any CPU
		{3DDB016F-527E-4F2B-B9C3-6618447EAEB3}.Ad-Hoc|Any CPU.Build.0 = Release|Any CPU
		{3DDB016F-527E-4F2B-B9C3-6618447EAEB3}.Ad-Hoc|ARM.ActiveCfg = Release|Any CPU
		{3DDB016F-527E-4F2B-B9C3-6618447EAEB3}.Ad-Hoc|ARM.Build.0 = Release|Any CPU
		{3DDB016F-527E-4F2B-B9C3-6618447EAEB3}.Ad-Hoc|iPhone.ActiveCfg = Release|Any CPU
		{3DDB016F-527E-4F2B-B9C3-6618447EAEB3}.Ad-Hoc|iPhone.Build.0 = Release|Any CPU
		{3DDB016F-527E-4F2B-B9C3-6618447EAEB3}.Ad-Hoc|iPhoneSimulator.ActiveCfg = Release|Any CPU
		{3DDB016F-527E-4F2B-B9C3-6618447EAEB3}.Ad-Hoc|iPhoneSimulator.Build.0 = Release|Any CPU
		{3DDB016F-527E-4F2B-B9C3-6618447EAEB3}.Ad-Hoc|x64.ActiveCfg = Release|Any CPU
		{3DDB016F-527E-4F2B-B9C3-6618447EAEB3}.Ad-Hoc|x64.Build.0 = Release|Any CPU
		{3DDB016F-527E-4F2B-B9C3-6618447EAEB3}.Ad-Hoc|x86.ActiveCfg = Release|Any CPU
		{3DDB016F-527E-4F2B-B9C3-6618447EAEB3}.Ad-Hoc|x86.Build.0 = Release|Any CPU
		{3DDB016F-527E-4F2B-B9C3-6618447EAEB3}.AppStore|Any CPU.ActiveCfg = Release|Any CPU
		{3DDB016F-527E-4F2B-B9C3-6618447EAEB3}.AppStore|Any CPU.Build.0 = Release|Any CPU
		{3DDB016F-527E-4F2B-B9C3-6618447EAEB3}.AppStore|ARM.ActiveCfg = Release|Any CPU
		{3DDB016F-527E-4F2B-B9C3-6618447EAEB3}.AppStore|ARM.Build.0 = Release|Any CPU
		{3DDB016F-527E-4F2B-B9C3-6618447EAEB3}.AppStore|iPhone.ActiveCfg = Release|Any CPU
		{3DDB016F-527E-4F2B-B9C3-6618447EAEB3}.AppStore|iPhone.Build.0 = Release|Any CPU
		{3DDB016F-527E-4F2B-B9C3-6618447EAEB3}.AppStore|iPhoneSimulator.ActiveCfg = Release|Any CPU
		{3DDB016F-527E-4F2B-B9C3-6618447EAEB3}.AppStore|iPhoneSimulator.Build.0 = Release|Any CPU
		{3DDB016F-527E-4F2B-B9C3-6618447EAEB3}.AppStore|x64.ActiveCfg = Release|Any CPU
		{3DDB016F-527E-4F2B-B9C3-6618447EAEB3}.AppStore|x64.Build.0 = Release|Any CPU
		{3DDB016F-527E-4F2B-B9C3-6618447EAEB3}.AppStore|x86.ActiveCfg = Release|Any CPU
		{3DDB016F-527E-4F2B-B9C3-6618447EAEB3}.AppStore|x86.Build.0 = Release|Any CPU
		{3DDB016F-527E-4F2B-B9C3-6618447EAEB3}.Debug|Any CPU.ActiveCfg = Debug|Any CPU
		{3DDB016F-527E-4F2B-B9C3-6618447EAEB3}.Debug|Any CPU.Build.0 = Debug|Any CPU
		{3DDB016F-527E-4F2B-B9C3-6618447EAEB3}.Debug|ARM.ActiveCfg = Debug|Any CPU
		{3DDB016F-527E-4F2B-B9C3-6618447EAEB3}.Debug|ARM.Build.0 = Debug|Any CPU
		{3DDB016F-527E-4F2B-B9C3-6618447EAEB3}.Debug|iPhone.ActiveCfg = Debug|Any CPU
		{3DDB016F-527E-4F2B-B9C3-6618447EAEB3}.Debug|iPhone.Build.0 = Debug|Any CPU
		{3DDB016F-527E-4F2B-B9C3-6618447EAEB3}.Debug|iPhoneSimulator.ActiveCfg = Debug|Any CPU
		{3DDB016F-527E-4F2B-B9C3-6618447EAEB3}.Debug|iPhoneSimulator.Build.0 = Debug|Any CPU
		{3DDB016F-527E-4F2B-B9C3-6618447EAEB3}.Debug|x64.ActiveCfg = Debug|Any CPU
		{3DDB016F-527E-4F2B-B9C3-6618447EAEB3}.Debug|x64.Build.0 = Debug|Any CPU
		{3DDB016F-527E-4F2B-B9C3-6618447EAEB3}.Debug|x86.ActiveCfg = Debug|Any CPU
		{3DDB016F-527E-4F2B-B9C3-6618447EAEB3}.Debug|x86.Build.0 = Debug|Any CPU
		{3DDB016F-527E-4F2B-B9C3-6618447EAEB3}.Release|Any CPU.ActiveCfg = Release|Any CPU
		{3DDB016F-527E-4F2B-B9C3-6618447EAEB3}.Release|Any CPU.Build.0 = Release|Any CPU
		{3DDB016F-527E-4F2B-B9C3-6618447EAEB3}.Release|ARM.ActiveCfg = Release|Any CPU
		{3DDB016F-527E-4F2B-B9C3-6618447EAEB3}.Release|ARM.Build.0 = Release|Any CPU
		{3DDB016F-527E-4F2B-B9C3-6618447EAEB3}.Release|iPhone.ActiveCfg = Release|Any CPU
		{3DDB016F-527E-4F2B-B9C3-6618447EAEB3}.Release|iPhone.Build.0 = Release|Any CPU
		{3DDB016F-527E-4F2B-B9C3-6618447EAEB3}.Release|iPhoneSimulator.ActiveCfg = Release|Any CPU
		{3DDB016F-527E-4F2B-B9C3-6618447EAEB3}.Release|iPhoneSimulator.Build.0 = Release|Any CPU
		{3DDB016F-527E-4F2B-B9C3-6618447EAEB3}.Release|x64.ActiveCfg = Release|Any CPU
		{3DDB016F-527E-4F2B-B9C3-6618447EAEB3}.Release|x64.Build.0 = Release|Any CPU
		{3DDB016F-527E-4F2B-B9C3-6618447EAEB3}.Release|x86.ActiveCfg = Release|Any CPU
		{3DDB016F-527E-4F2B-B9C3-6618447EAEB3}.Release|x86.Build.0 = Release|Any CPU
		{3D5D180D-6D04-46E6-A519-9C8B2D5F4078}.Ad-Hoc|Any CPU.ActiveCfg = Release|Any CPU
		{3D5D180D-6D04-46E6-A519-9C8B2D5F4078}.Ad-Hoc|Any CPU.Build.0 = Release|Any CPU
		{3D5D180D-6D04-46E6-A519-9C8B2D5F4078}.Ad-Hoc|Any CPU.Deploy.0 = Release|Any CPU
		{3D5D180D-6D04-46E6-A519-9C8B2D5F4078}.Ad-Hoc|ARM.ActiveCfg = Release|Any CPU
		{3D5D180D-6D04-46E6-A519-9C8B2D5F4078}.Ad-Hoc|ARM.Build.0 = Release|Any CPU
		{3D5D180D-6D04-46E6-A519-9C8B2D5F4078}.Ad-Hoc|ARM.Deploy.0 = Release|Any CPU
		{3D5D180D-6D04-46E6-A519-9C8B2D5F4078}.Ad-Hoc|iPhone.ActiveCfg = Release|Any CPU
		{3D5D180D-6D04-46E6-A519-9C8B2D5F4078}.Ad-Hoc|iPhone.Build.0 = Release|Any CPU
		{3D5D180D-6D04-46E6-A519-9C8B2D5F4078}.Ad-Hoc|iPhone.Deploy.0 = Release|Any CPU
		{3D5D180D-6D04-46E6-A519-9C8B2D5F4078}.Ad-Hoc|iPhoneSimulator.ActiveCfg = Release|Any CPU
		{3D5D180D-6D04-46E6-A519-9C8B2D5F4078}.Ad-Hoc|iPhoneSimulator.Build.0 = Release|Any CPU
		{3D5D180D-6D04-46E6-A519-9C8B2D5F4078}.Ad-Hoc|iPhoneSimulator.Deploy.0 = Release|Any CPU
		{3D5D180D-6D04-46E6-A519-9C8B2D5F4078}.Ad-Hoc|x64.ActiveCfg = Release|Any CPU
		{3D5D180D-6D04-46E6-A519-9C8B2D5F4078}.Ad-Hoc|x64.Build.0 = Release|Any CPU
		{3D5D180D-6D04-46E6-A519-9C8B2D5F4078}.Ad-Hoc|x64.Deploy.0 = Release|Any CPU
		{3D5D180D-6D04-46E6-A519-9C8B2D5F4078}.Ad-Hoc|x86.ActiveCfg = Release|Any CPU
		{3D5D180D-6D04-46E6-A519-9C8B2D5F4078}.Ad-Hoc|x86.Build.0 = Release|Any CPU
		{3D5D180D-6D04-46E6-A519-9C8B2D5F4078}.Ad-Hoc|x86.Deploy.0 = Release|Any CPU
		{3D5D180D-6D04-46E6-A519-9C8B2D5F4078}.AppStore|Any CPU.ActiveCfg = Release|Any CPU
		{3D5D180D-6D04-46E6-A519-9C8B2D5F4078}.AppStore|Any CPU.Build.0 = Release|Any CPU
		{3D5D180D-6D04-46E6-A519-9C8B2D5F4078}.AppStore|Any CPU.Deploy.0 = Release|Any CPU
		{3D5D180D-6D04-46E6-A519-9C8B2D5F4078}.AppStore|ARM.ActiveCfg = Release|Any CPU
		{3D5D180D-6D04-46E6-A519-9C8B2D5F4078}.AppStore|ARM.Build.0 = Release|Any CPU
		{3D5D180D-6D04-46E6-A519-9C8B2D5F4078}.AppStore|ARM.Deploy.0 = Release|Any CPU
		{3D5D180D-6D04-46E6-A519-9C8B2D5F4078}.AppStore|iPhone.ActiveCfg = Release|Any CPU
		{3D5D180D-6D04-46E6-A519-9C8B2D5F4078}.AppStore|iPhone.Build.0 = Release|Any CPU
		{3D5D180D-6D04-46E6-A519-9C8B2D5F4078}.AppStore|iPhone.Deploy.0 = Release|Any CPU
		{3D5D180D-6D04-46E6-A519-9C8B2D5F4078}.AppStore|iPhoneSimulator.ActiveCfg = Release|Any CPU
		{3D5D180D-6D04-46E6-A519-9C8B2D5F4078}.AppStore|iPhoneSimulator.Build.0 = Release|Any CPU
		{3D5D180D-6D04-46E6-A519-9C8B2D5F4078}.AppStore|iPhoneSimulator.Deploy.0 = Release|Any CPU
		{3D5D180D-6D04-46E6-A519-9C8B2D5F4078}.AppStore|x64.ActiveCfg = Release|Any CPU
		{3D5D180D-6D04-46E6-A519-9C8B2D5F4078}.AppStore|x64.Build.0 = Release|Any CPU
		{3D5D180D-6D04-46E6-A519-9C8B2D5F4078}.AppStore|x64.Deploy.0 = Release|Any CPU
		{3D5D180D-6D04-46E6-A519-9C8B2D5F4078}.AppStore|x86.ActiveCfg = Release|Any CPU
		{3D5D180D-6D04-46E6-A519-9C8B2D5F4078}.AppStore|x86.Build.0 = Release|Any CPU
		{3D5D180D-6D04-46E6-A519-9C8B2D5F4078}.AppStore|x86.Deploy.0 = Release|Any CPU
		{3D5D180D-6D04-46E6-A519-9C8B2D5F4078}.Debug|Any CPU.ActiveCfg = Debug|Any CPU
		{3D5D180D-6D04-46E6-A519-9C8B2D5F4078}.Debug|Any CPU.Build.0 = Debug|Any CPU
		{3D5D180D-6D04-46E6-A519-9C8B2D5F4078}.Debug|Any CPU.Deploy.0 = Debug|Any CPU
		{3D5D180D-6D04-46E6-A519-9C8B2D5F4078}.Debug|ARM.ActiveCfg = Debug|Any CPU
		{3D5D180D-6D04-46E6-A519-9C8B2D5F4078}.Debug|ARM.Build.0 = Debug|Any CPU
		{3D5D180D-6D04-46E6-A519-9C8B2D5F4078}.Debug|ARM.Deploy.0 = Debug|Any CPU
		{3D5D180D-6D04-46E6-A519-9C8B2D5F4078}.Debug|iPhone.ActiveCfg = Debug|Any CPU
		{3D5D180D-6D04-46E6-A519-9C8B2D5F4078}.Debug|iPhone.Build.0 = Debug|Any CPU
		{3D5D180D-6D04-46E6-A519-9C8B2D5F4078}.Debug|iPhone.Deploy.0 = Debug|Any CPU
		{3D5D180D-6D04-46E6-A519-9C8B2D5F4078}.Debug|iPhoneSimulator.ActiveCfg = Debug|Any CPU
		{3D5D180D-6D04-46E6-A519-9C8B2D5F4078}.Debug|iPhoneSimulator.Build.0 = Debug|Any CPU
		{3D5D180D-6D04-46E6-A519-9C8B2D5F4078}.Debug|iPhoneSimulator.Deploy.0 = Debug|Any CPU
		{3D5D180D-6D04-46E6-A519-9C8B2D5F4078}.Debug|x64.ActiveCfg = Debug|Any CPU
		{3D5D180D-6D04-46E6-A519-9C8B2D5F4078}.Debug|x64.Build.0 = Debug|Any CPU
		{3D5D180D-6D04-46E6-A519-9C8B2D5F4078}.Debug|x64.Deploy.0 = Debug|Any CPU
		{3D5D180D-6D04-46E6-A519-9C8B2D5F4078}.Debug|x86.ActiveCfg = Debug|Any CPU
		{3D5D180D-6D04-46E6-A519-9C8B2D5F4078}.Debug|x86.Build.0 = Debug|Any CPU
		{3D5D180D-6D04-46E6-A519-9C8B2D5F4078}.Debug|x86.Deploy.0 = Debug|Any CPU
		{3D5D180D-6D04-46E6-A519-9C8B2D5F4078}.Release|Any CPU.ActiveCfg = Release|Any CPU
		{3D5D180D-6D04-46E6-A519-9C8B2D5F4078}.Release|Any CPU.Build.0 = Release|Any CPU
		{3D5D180D-6D04-46E6-A519-9C8B2D5F4078}.Release|Any CPU.Deploy.0 = Release|Any CPU
		{3D5D180D-6D04-46E6-A519-9C8B2D5F4078}.Release|ARM.ActiveCfg = Release|Any CPU
		{3D5D180D-6D04-46E6-A519-9C8B2D5F4078}.Release|ARM.Build.0 = Release|Any CPU
		{3D5D180D-6D04-46E6-A519-9C8B2D5F4078}.Release|ARM.Deploy.0 = Release|Any CPU
		{3D5D180D-6D04-46E6-A519-9C8B2D5F4078}.Release|iPhone.ActiveCfg = Release|Any CPU
		{3D5D180D-6D04-46E6-A519-9C8B2D5F4078}.Release|iPhone.Build.0 = Release|Any CPU
		{3D5D180D-6D04-46E6-A519-9C8B2D5F4078}.Release|iPhone.Deploy.0 = Release|Any CPU
		{3D5D180D-6D04-46E6-A519-9C8B2D5F4078}.Release|iPhoneSimulator.ActiveCfg = Release|Any CPU
		{3D5D180D-6D04-46E6-A519-9C8B2D5F4078}.Release|iPhoneSimulator.Build.0 = Release|Any CPU
		{3D5D180D-6D04-46E6-A519-9C8B2D5F4078}.Release|iPhoneSimulator.Deploy.0 = Release|Any CPU
		{3D5D180D-6D04-46E6-A519-9C8B2D5F4078}.Release|x64.ActiveCfg = Release|Any CPU
		{3D5D180D-6D04-46E6-A519-9C8B2D5F4078}.Release|x64.Build.0 = Release|Any CPU
		{3D5D180D-6D04-46E6-A519-9C8B2D5F4078}.Release|x64.Deploy.0 = Release|Any CPU
		{3D5D180D-6D04-46E6-A519-9C8B2D5F4078}.Release|x86.ActiveCfg = Release|Any CPU
		{3D5D180D-6D04-46E6-A519-9C8B2D5F4078}.Release|x86.Build.0 = Release|Any CPU
		{3D5D180D-6D04-46E6-A519-9C8B2D5F4078}.Release|x86.Deploy.0 = Release|Any CPU
		{A019B7AE-706B-4FAD-B221-4D8EC301EE4A}.Ad-Hoc|Any CPU.ActiveCfg = Ad-Hoc|iPhone
		{A019B7AE-706B-4FAD-B221-4D8EC301EE4A}.Ad-Hoc|ARM.ActiveCfg = Ad-Hoc|iPhone
		{A019B7AE-706B-4FAD-B221-4D8EC301EE4A}.Ad-Hoc|iPhone.ActiveCfg = Ad-Hoc|iPhone
		{A019B7AE-706B-4FAD-B221-4D8EC301EE4A}.Ad-Hoc|iPhone.Build.0 = Ad-Hoc|iPhone
		{A019B7AE-706B-4FAD-B221-4D8EC301EE4A}.Ad-Hoc|iPhoneSimulator.ActiveCfg = Ad-Hoc|iPhoneSimulator
		{A019B7AE-706B-4FAD-B221-4D8EC301EE4A}.Ad-Hoc|iPhoneSimulator.Build.0 = Ad-Hoc|iPhoneSimulator
		{A019B7AE-706B-4FAD-B221-4D8EC301EE4A}.Ad-Hoc|x64.ActiveCfg = Ad-Hoc|iPhone
		{A019B7AE-706B-4FAD-B221-4D8EC301EE4A}.Ad-Hoc|x86.ActiveCfg = Ad-Hoc|iPhone
		{A019B7AE-706B-4FAD-B221-4D8EC301EE4A}.AppStore|Any CPU.ActiveCfg = AppStore|iPhone
		{A019B7AE-706B-4FAD-B221-4D8EC301EE4A}.AppStore|ARM.ActiveCfg = AppStore|iPhone
		{A019B7AE-706B-4FAD-B221-4D8EC301EE4A}.AppStore|iPhone.ActiveCfg = AppStore|iPhone
		{A019B7AE-706B-4FAD-B221-4D8EC301EE4A}.AppStore|iPhone.Build.0 = AppStore|iPhone
		{A019B7AE-706B-4FAD-B221-4D8EC301EE4A}.AppStore|iPhoneSimulator.ActiveCfg = AppStore|iPhoneSimulator
		{A019B7AE-706B-4FAD-B221-4D8EC301EE4A}.AppStore|iPhoneSimulator.Build.0 = AppStore|iPhoneSimulator
		{A019B7AE-706B-4FAD-B221-4D8EC301EE4A}.AppStore|x64.ActiveCfg = AppStore|iPhone
		{A019B7AE-706B-4FAD-B221-4D8EC301EE4A}.AppStore|x86.ActiveCfg = AppStore|iPhone
		{A019B7AE-706B-4FAD-B221-4D8EC301EE4A}.Debug|Any CPU.ActiveCfg = Debug|iPhone
		{A019B7AE-706B-4FAD-B221-4D8EC301EE4A}.Debug|ARM.ActiveCfg = Debug|iPhone
		{A019B7AE-706B-4FAD-B221-4D8EC301EE4A}.Debug|iPhone.ActiveCfg = Debug|iPhone
		{A019B7AE-706B-4FAD-B221-4D8EC301EE4A}.Debug|iPhone.Build.0 = Debug|iPhone
		{A019B7AE-706B-4FAD-B221-4D8EC301EE4A}.Debug|iPhoneSimulator.ActiveCfg = Debug|iPhoneSimulator
		{A019B7AE-706B-4FAD-B221-4D8EC301EE4A}.Debug|iPhoneSimulator.Build.0 = Debug|iPhoneSimulator
		{A019B7AE-706B-4FAD-B221-4D8EC301EE4A}.Debug|x64.ActiveCfg = Debug|iPhone
		{A019B7AE-706B-4FAD-B221-4D8EC301EE4A}.Debug|x86.ActiveCfg = Debug|iPhone
		{A019B7AE-706B-4FAD-B221-4D8EC301EE4A}.Release|Any CPU.ActiveCfg = Release|iPhone
		{A019B7AE-706B-4FAD-B221-4D8EC301EE4A}.Release|ARM.ActiveCfg = Release|iPhone
		{A019B7AE-706B-4FAD-B221-4D8EC301EE4A}.Release|iPhone.ActiveCfg = Release|iPhone
		{A019B7AE-706B-4FAD-B221-4D8EC301EE4A}.Release|iPhone.Build.0 = Release|iPhone
		{A019B7AE-706B-4FAD-B221-4D8EC301EE4A}.Release|iPhoneSimulator.ActiveCfg = Release|iPhoneSimulator
		{A019B7AE-706B-4FAD-B221-4D8EC301EE4A}.Release|iPhoneSimulator.Build.0 = Release|iPhoneSimulator
		{A019B7AE-706B-4FAD-B221-4D8EC301EE4A}.Release|x64.ActiveCfg = Release|iPhone
		{A019B7AE-706B-4FAD-B221-4D8EC301EE4A}.Release|x86.ActiveCfg = Release|iPhone
		{435F3FFF-EF87-44EB-B82B-132DB25DC423}.Ad-Hoc|Any CPU.ActiveCfg = Release|x86
		{435F3FFF-EF87-44EB-B82B-132DB25DC423}.Ad-Hoc|Any CPU.Build.0 = Release|x86
		{435F3FFF-EF87-44EB-B82B-132DB25DC423}.Ad-Hoc|Any CPU.Deploy.0 = Release|x86
		{435F3FFF-EF87-44EB-B82B-132DB25DC423}.Ad-Hoc|ARM.ActiveCfg = Release|ARM
		{435F3FFF-EF87-44EB-B82B-132DB25DC423}.Ad-Hoc|ARM.Build.0 = Release|ARM
		{435F3FFF-EF87-44EB-B82B-132DB25DC423}.Ad-Hoc|ARM.Deploy.0 = Release|ARM
		{435F3FFF-EF87-44EB-B82B-132DB25DC423}.Ad-Hoc|iPhone.ActiveCfg = Release|x86
		{435F3FFF-EF87-44EB-B82B-132DB25DC423}.Ad-Hoc|iPhone.Build.0 = Release|x86
		{435F3FFF-EF87-44EB-B82B-132DB25DC423}.Ad-Hoc|iPhone.Deploy.0 = Release|x86
		{435F3FFF-EF87-44EB-B82B-132DB25DC423}.Ad-Hoc|iPhoneSimulator.ActiveCfg = Release|x86
		{435F3FFF-EF87-44EB-B82B-132DB25DC423}.Ad-Hoc|iPhoneSimulator.Build.0 = Release|x86
		{435F3FFF-EF87-44EB-B82B-132DB25DC423}.Ad-Hoc|iPhoneSimulator.Deploy.0 = Release|x86
		{435F3FFF-EF87-44EB-B82B-132DB25DC423}.Ad-Hoc|x64.ActiveCfg = Release|x64
		{435F3FFF-EF87-44EB-B82B-132DB25DC423}.Ad-Hoc|x64.Build.0 = Release|x64
		{435F3FFF-EF87-44EB-B82B-132DB25DC423}.Ad-Hoc|x64.Deploy.0 = Release|x64
		{435F3FFF-EF87-44EB-B82B-132DB25DC423}.Ad-Hoc|x86.ActiveCfg = Release|x86
		{435F3FFF-EF87-44EB-B82B-132DB25DC423}.Ad-Hoc|x86.Build.0 = Release|x86
		{435F3FFF-EF87-44EB-B82B-132DB25DC423}.Ad-Hoc|x86.Deploy.0 = Release|x86
		{435F3FFF-EF87-44EB-B82B-132DB25DC423}.AppStore|Any CPU.ActiveCfg = Release|x86
		{435F3FFF-EF87-44EB-B82B-132DB25DC423}.AppStore|Any CPU.Build.0 = Release|x86
		{435F3FFF-EF87-44EB-B82B-132DB25DC423}.AppStore|Any CPU.Deploy.0 = Release|x86
		{435F3FFF-EF87-44EB-B82B-132DB25DC423}.AppStore|ARM.ActiveCfg = Release|ARM
		{435F3FFF-EF87-44EB-B82B-132DB25DC423}.AppStore|ARM.Build.0 = Release|ARM
		{435F3FFF-EF87-44EB-B82B-132DB25DC423}.AppStore|ARM.Deploy.0 = Release|ARM
		{435F3FFF-EF87-44EB-B82B-132DB25DC423}.AppStore|iPhone.ActiveCfg = Release|x86
		{435F3FFF-EF87-44EB-B82B-132DB25DC423}.AppStore|iPhone.Build.0 = Release|x86
		{435F3FFF-EF87-44EB-B82B-132DB25DC423}.AppStore|iPhone.Deploy.0 = Release|x86
		{435F3FFF-EF87-44EB-B82B-132DB25DC423}.AppStore|iPhoneSimulator.ActiveCfg = Release|x86
		{435F3FFF-EF87-44EB-B82B-132DB25DC423}.AppStore|iPhoneSimulator.Build.0 = Release|x86
		{435F3FFF-EF87-44EB-B82B-132DB25DC423}.AppStore|iPhoneSimulator.Deploy.0 = Release|x86
		{435F3FFF-EF87-44EB-B82B-132DB25DC423}.AppStore|x64.ActiveCfg = Release|x64
		{435F3FFF-EF87-44EB-B82B-132DB25DC423}.AppStore|x64.Build.0 = Release|x64
		{435F3FFF-EF87-44EB-B82B-132DB25DC423}.AppStore|x64.Deploy.0 = Release|x64
		{435F3FFF-EF87-44EB-B82B-132DB25DC423}.AppStore|x86.ActiveCfg = Release|x86
		{435F3FFF-EF87-44EB-B82B-132DB25DC423}.AppStore|x86.Build.0 = Release|x86
		{435F3FFF-EF87-44EB-B82B-132DB25DC423}.AppStore|x86.Deploy.0 = Release|x86
		{435F3FFF-EF87-44EB-B82B-132DB25DC423}.Debug|Any CPU.ActiveCfg = Debug|x86
		{435F3FFF-EF87-44EB-B82B-132DB25DC423}.Debug|ARM.ActiveCfg = Debug|ARM
		{435F3FFF-EF87-44EB-B82B-132DB25DC423}.Debug|ARM.Build.0 = Debug|ARM
		{435F3FFF-EF87-44EB-B82B-132DB25DC423}.Debug|ARM.Deploy.0 = Debug|ARM
		{435F3FFF-EF87-44EB-B82B-132DB25DC423}.Debug|iPhone.ActiveCfg = Debug|x86
		{435F3FFF-EF87-44EB-B82B-132DB25DC423}.Debug|iPhoneSimulator.ActiveCfg = Debug|x86
		{435F3FFF-EF87-44EB-B82B-132DB25DC423}.Debug|x64.ActiveCfg = Debug|x64
		{435F3FFF-EF87-44EB-B82B-132DB25DC423}.Debug|x64.Build.0 = Debug|x64
		{435F3FFF-EF87-44EB-B82B-132DB25DC423}.Debug|x64.Deploy.0 = Debug|x64
		{435F3FFF-EF87-44EB-B82B-132DB25DC423}.Debug|x86.ActiveCfg = Debug|x86
		{435F3FFF-EF87-44EB-B82B-132DB25DC423}.Debug|x86.Build.0 = Debug|x86
		{435F3FFF-EF87-44EB-B82B-132DB25DC423}.Debug|x86.Deploy.0 = Debug|x86
		{435F3FFF-EF87-44EB-B82B-132DB25DC423}.Release|Any CPU.ActiveCfg = Release|x86
		{435F3FFF-EF87-44EB-B82B-132DB25DC423}.Release|ARM.ActiveCfg = Release|ARM
		{435F3FFF-EF87-44EB-B82B-132DB25DC423}.Release|ARM.Build.0 = Release|ARM
		{435F3FFF-EF87-44EB-B82B-132DB25DC423}.Release|ARM.Deploy.0 = Release|ARM
		{435F3FFF-EF87-44EB-B82B-132DB25DC423}.Release|iPhone.ActiveCfg = Release|x86
		{435F3FFF-EF87-44EB-B82B-132DB25DC423}.Release|iPhoneSimulator.ActiveCfg = Release|x86
		{435F3FFF-EF87-44EB-B82B-132DB25DC423}.Release|x64.ActiveCfg = Release|x64
		{435F3FFF-EF87-44EB-B82B-132DB25DC423}.Release|x64.Build.0 = Release|x64
		{435F3FFF-EF87-44EB-B82B-132DB25DC423}.Release|x64.Deploy.0 = Release|x64
		{435F3FFF-EF87-44EB-B82B-132DB25DC423}.Release|x86.ActiveCfg = Release|x86
		{435F3FFF-EF87-44EB-B82B-132DB25DC423}.Release|x86.Build.0 = Release|x86
		{435F3FFF-EF87-44EB-B82B-132DB25DC423}.Release|x86.Deploy.0 = Release|x86
	EndGlobalSection
	GlobalSection(SolutionProperties) = preSolution
		HideSolutionNode = FALSE
	EndGlobalSection
EndGlobal
