
Microsoft Visual Studio Solution File, Format Version 12.00
# Visual Studio 15
VisualStudioVersion = 15.0.27428.2015
MinimumVisualStudioVersion = 10.0.40219.1
Project("{FAE04EC0-301F-11D3-BF4B-00C04F79EFBC}") = "XFDeepLink", "XFDeepLink\XFDeepLink\XFDeepLink.csproj", "{6782D479-799D-4EED-A205-2A64BBE2A3F3}"
EndProject
Project("{FAE04EC0-301F-11D3-BF4B-00C04F79EFBC}") = "XFDeepLink.Android", "XFDeepLink\XFDeepLink.Android\XFDeepLink.Android.csproj", "{3AFC99DC-0A42-4BBA-AE5F-EB0EF3CCE380}"
EndProject
Project("{FAE04EC0-301F-11D3-BF4B-00C04F79EFBC}") = "XFDeepLink.iOS", "XFDeepLink\XFDeepLink.iOS\XFDeepLink.iOS.csproj", "{1389E0B4-0D2C-47F7-BDCA-E62CC8930689}"
EndProject
Project("{FAE04EC0-301F-11D3-BF4B-00C04F79EFBC}") = "XFDeepLink.UWP", "XFDeepLink\XFDeepLink.UWP\XFDeepLink.UWP.csproj", "{24183D7F-EBBB-4036-95B0-766EEF5D6B5E}"
EndProject
Global
	GlobalSection(SolutionConfigurationPlatforms) = preSolution
		Ad-Hoc|Any CPU = Ad-Hoc|Any CPU
		Ad-Hoc|ARM = Ad-Hoc|ARM
		Ad-Hoc|iPhone = Ad-Hoc|iPhone
		Ad-Hoc|iPhoneSimulator = Ad-Hoc|iPhoneSimulator
		Ad-Hoc|x64 = Ad-Hoc|x64
		Ad-Hoc|x86 = Ad-Hoc|x86
		AppStore|Any CPU = AppStore|Any CPU
		AppStore|ARM = AppStore|ARM
		AppStore|iPhone = AppStore|iPhone
		AppStore|iPhoneSimulator = AppStore|iPhoneSimulator
		AppStore|x64 = AppStore|x64
		AppStore|x86 = AppStore|x86
		Debug|Any CPU = Debug|Any CPU
		Debug|ARM = Debug|ARM
		Debug|iPhone = Debug|iPhone
		Debug|iPhoneSimulator = Debug|iPhoneSimulator
		Debug|x64 = Debug|x64
		Debug|x86 = Debug|x86
		Release|Any CPU = Release|Any CPU
		Release|ARM = Release|ARM
		Release|iPhone = Release|iPhone
		Release|iPhoneSimulator = Release|iPhoneSimulator
		Release|x64 = Release|x64
		Release|x86 = Release|x86
	EndGlobalSection
	GlobalSection(ProjectConfigurationPlatforms) = postSolution
		{6782D479-799D-4EED-A205-2A64BBE2A3F3}.Ad-Hoc|Any CPU.ActiveCfg = Debug|Any CPU
		{6782D479-799D-4EED-A205-2A64BBE2A3F3}.Ad-Hoc|Any CPU.Build.0 = Debug|Any CPU
		{6782D479-799D-4EED-A205-2A64BBE2A3F3}.Ad-Hoc|ARM.ActiveCfg = Debug|Any CPU
		{6782D479-799D-4EED-A205-2A64BBE2A3F3}.Ad-Hoc|ARM.Build.0 = Debug|Any CPU
		{6782D479-799D-4EED-A205-2A64BBE2A3F3}.Ad-Hoc|iPhone.ActiveCfg = Debug|Any CPU
		{6782D479-799D-4EED-A205-2A64BBE2A3F3}.Ad-Hoc|iPhone.Build.0 = Debug|Any CPU
		{6782D479-799D-4EED-A205-2A64BBE2A3F3}.Ad-Hoc|iPhoneSimulator.ActiveCfg = Debug|Any CPU
		{6782D479-799D-4EED-A205-2A64BBE2A3F3}.Ad-Hoc|iPhoneSimulator.Build.0 = Debug|Any CPU
		{6782D479-799D-4EED-A205-2A64BBE2A3F3}.Ad-Hoc|x64.ActiveCfg = Debug|Any CPU
		{6782D479-799D-4EED-A205-2A64BBE2A3F3}.Ad-Hoc|x64.Build.0 = Debug|Any CPU
		{6782D479-799D-4EED-A205-2A64BBE2A3F3}.Ad-Hoc|x86.ActiveCfg = Debug|Any CPU
		{6782D479-799D-4EED-A205-2A64BBE2A3F3}.Ad-Hoc|x86.Build.0 = Debug|Any CPU
		{6782D479-799D-4EED-A205-2A64BBE2A3F3}.AppStore|Any CPU.ActiveCfg = Debug|Any CPU
		{6782D479-799D-4EED-A205-2A64BBE2A3F3}.AppStore|Any CPU.Build.0 = Debug|Any CPU
		{6782D479-799D-4EED-A205-2A64BBE2A3F3}.AppStore|ARM.ActiveCfg = Debug|Any CPU
		{6782D479-799D-4EED-A205-2A64BBE2A3F3}.AppStore|ARM.Build.0 = Debug|Any CPU
		{6782D479-799D-4EED-A205-2A64BBE2A3F3}.AppStore|iPhone.ActiveCfg = Debug|Any CPU
		{6782D479-799D-4EED-A205-2A64BBE2A3F3}.AppStore|iPhone.Build.0 = Debug|Any CPU
		{6782D479-799D-4EED-A205-2A64BBE2A3F3}.AppStore|iPhoneSimulator.ActiveCfg = Debug|Any CPU
		{6782D479-799D-4EED-A205-2A64BBE2A3F3}.AppStore|iPhoneSimulator.Build.0 = Debug|Any CPU
		{6782D479-799D-4EED-A205-2A64BBE2A3F3}.AppStore|x64.ActiveCfg = Debug|Any CPU
		{6782D479-799D-4EED-A205-2A64BBE2A3F3}.AppStore|x64.Build.0 = Debug|Any CPU
		{6782D479-799D-4EED-A205-2A64BBE2A3F3}.AppStore|x86.ActiveCfg = Debug|Any CPU
		{6782D479-799D-4EED-A205-2A64BBE2A3F3}.AppStore|x86.Build.0 = Debug|Any CPU
		{6782D479-799D-4EED-A205-2A64BBE2A3F3}.Debug|Any CPU.ActiveCfg = Debug|Any CPU
		{6782D479-799D-4EED-A205-2A64BBE2A3F3}.Debug|Any CPU.Build.0 = Debug|Any CPU
		{6782D479-799D-4EED-A205-2A64BBE2A3F3}.Debug|ARM.ActiveCfg = Debug|Any CPU
		{6782D479-799D-4EED-A205-2A64BBE2A3F3}.Debug|ARM.Build.0 = Debug|Any CPU
		{6782D479-799D-4EED-A205-2A64BBE2A3F3}.Debug|iPhone.ActiveCfg = Debug|Any CPU
		{6782D479-799D-4EED-A205-2A64BBE2A3F3}.Debug|iPhone.Build.0 = Debug|Any CPU
		{6782D479-799D-4EED-A205-2A64BBE2A3F3}.Debug|iPhoneSimulator.ActiveCfg = Debug|Any CPU
		{6782D479-799D-4EED-A205-2A64BBE2A3F3}.Debug|iPhoneSimulator.Build.0 = Debug|Any CPU
		{6782D479-799D-4EED-A205-2A64BBE2A3F3}.Debug|x64.ActiveCfg = Debug|Any CPU
		{6782D479-799D-4EED-A205-2A64BBE2A3F3}.Debug|x64.Build.0 = Debug|Any CPU
		{6782D479-799D-4EED-A205-2A64BBE2A3F3}.Debug|x86.ActiveCfg = Debug|Any CPU
		{6782D479-799D-4EED-A205-2A64BBE2A3F3}.Debug|x86.Build.0 = Debug|Any CPU
		{6782D479-799D-4EED-A205-2A64BBE2A3F3}.Release|Any CPU.ActiveCfg = Release|Any CPU
		{6782D479-799D-4EED-A205-2A64BBE2A3F3}.Release|Any CPU.Build.0 = Release|Any CPU
		{6782D479-799D-4EED-A205-2A64BBE2A3F3}.Release|ARM.ActiveCfg = Release|Any CPU
		{6782D479-799D-4EED-A205-2A64BBE2A3F3}.Release|ARM.Build.0 = Release|Any CPU
		{6782D479-799D-4EED-A205-2A64BBE2A3F3}.Release|iPhone.ActiveCfg = Release|Any CPU
		{6782D479-799D-4EED-A205-2A64BBE2A3F3}.Release|iPhone.Build.0 = Release|Any CPU
		{6782D479-799D-4EED-A205-2A64BBE2A3F3}.Release|iPhoneSimulator.ActiveCfg = Release|Any CPU
		{6782D479-799D-4EED-A205-2A64BBE2A3F3}.Release|iPhoneSimulator.Build.0 = Release|Any CPU
		{6782D479-799D-4EED-A205-2A64BBE2A3F3}.Release|x64.ActiveCfg = Release|Any CPU
		{6782D479-799D-4EED-A205-2A64BBE2A3F3}.Release|x64.Build.0 = Release|Any CPU
		{6782D479-799D-4EED-A205-2A64BBE2A3F3}.Release|x86.ActiveCfg = Release|Any CPU
		{6782D479-799D-4EED-A205-2A64BBE2A3F3}.Release|x86.Build.0 = Release|Any CPU
		{3AFC99DC-0A42-4BBA-AE5F-EB0EF3CCE380}.Ad-Hoc|Any CPU.ActiveCfg = Release|Any CPU
		{3AFC99DC-0A42-4BBA-AE5F-EB0EF3CCE380}.Ad-Hoc|Any CPU.Build.0 = Release|Any CPU
		{3AFC99DC-0A42-4BBA-AE5F-EB0EF3CCE380}.Ad-Hoc|Any CPU.Deploy.0 = Release|Any CPU
		{3AFC99DC-0A42-4BBA-AE5F-EB0EF3CCE380}.Ad-Hoc|ARM.ActiveCfg = Release|Any CPU
		{3AFC99DC-0A42-4BBA-AE5F-EB0EF3CCE380}.Ad-Hoc|ARM.Build.0 = Release|Any CPU
		{3AFC99DC-0A42-4BBA-AE5F-EB0EF3CCE380}.Ad-Hoc|ARM.Deploy.0 = Release|Any CPU
		{3AFC99DC-0A42-4BBA-AE5F-EB0EF3CCE380}.Ad-Hoc|iPhone.ActiveCfg = Release|Any CPU
		{3AFC99DC-0A42-4BBA-AE5F-EB0EF3CCE380}.Ad-Hoc|iPhone.Build.0 = Release|Any CPU
		{3AFC99DC-0A42-4BBA-AE5F-EB0EF3CCE380}.Ad-Hoc|iPhone.Deploy.0 = Release|Any CPU
		{3AFC99DC-0A42-4BBA-AE5F-EB0EF3CCE380}.Ad-Hoc|iPhoneSimulator.ActiveCfg = Release|Any CPU
		{3AFC99DC-0A42-4BBA-AE5F-EB0EF3CCE380}.Ad-Hoc|iPhoneSimulator.Build.0 = Release|Any CPU
		{3AFC99DC-0A42-4BBA-AE5F-EB0EF3CCE380}.Ad-Hoc|iPhoneSimulator.Deploy.0 = Release|Any CPU
		{3AFC99DC-0A42-4BBA-AE5F-EB0EF3CCE380}.Ad-Hoc|x64.ActiveCfg = Release|Any CPU
		{3AFC99DC-0A42-4BBA-AE5F-EB0EF3CCE380}.Ad-Hoc|x64.Build.0 = Release|Any CPU
		{3AFC99DC-0A42-4BBA-AE5F-EB0EF3CCE380}.Ad-Hoc|x64.Deploy.0 = Release|Any CPU
		{3AFC99DC-0A42-4BBA-AE5F-EB0EF3CCE380}.Ad-Hoc|x86.ActiveCfg = Release|Any CPU
		{3AFC99DC-0A42-4BBA-AE5F-EB0EF3CCE380}.Ad-Hoc|x86.Build.0 = Release|Any CPU
		{3AFC99DC-0A42-4BBA-AE5F-EB0EF3CCE380}.Ad-Hoc|x86.Deploy.0 = Release|Any CPU
		{3AFC99DC-0A42-4BBA-AE5F-EB0EF3CCE380}.AppStore|Any CPU.ActiveCfg = Release|Any CPU
		{3AFC99DC-0A42-4BBA-AE5F-EB0EF3CCE380}.AppStore|Any CPU.Build.0 = Release|Any CPU
		{3AFC99DC-0A42-4BBA-AE5F-EB0EF3CCE380}.AppStore|Any CPU.Deploy.0 = Release|Any CPU
		{3AFC99DC-0A42-4BBA-AE5F-EB0EF3CCE380}.AppStore|ARM.ActiveCfg = Release|Any CPU
		{3AFC99DC-0A42-4BBA-AE5F-EB0EF3CCE380}.AppStore|ARM.Build.0 = Release|Any CPU
		{3AFC99DC-0A42-4BBA-AE5F-EB0EF3CCE380}.AppStore|ARM.Deploy.0 = Release|Any CPU
		{3AFC99DC-0A42-4BBA-AE5F-EB0EF3CCE380}.AppStore|iPhone.ActiveCfg = Release|Any CPU
		{3AFC99DC-0A42-4BBA-AE5F-EB0EF3CCE380}.AppStore|iPhone.Build.0 = Release|Any CPU
		{3AFC99DC-0A42-4BBA-AE5F-EB0EF3CCE380}.AppStore|iPhone.Deploy.0 = Release|Any CPU
		{3AFC99DC-0A42-4BBA-AE5F-EB0EF3CCE380}.AppStore|iPhoneSimulator.ActiveCfg = Release|Any CPU
		{3AFC99DC-0A42-4BBA-AE5F-EB0EF3CCE380}.AppStore|iPhoneSimulator.Build.0 = Release|Any CPU
		{3AFC99DC-0A42-4BBA-AE5F-EB0EF3CCE380}.AppStore|iPhoneSimulator.Deploy.0 = Release|Any CPU
		{3AFC99DC-0A42-4BBA-AE5F-EB0EF3CCE380}.AppStore|x64.ActiveCfg = Release|Any CPU
		{3AFC99DC-0A42-4BBA-AE5F-EB0EF3CCE380}.AppStore|x64.Build.0 = Release|Any CPU
		{3AFC99DC-0A42-4BBA-AE5F-EB0EF3CCE380}.AppStore|x64.Deploy.0 = Release|Any CPU
		{3AFC99DC-0A42-4BBA-AE5F-EB0EF3CCE380}.AppStore|x86.ActiveCfg = Release|Any CPU
		{3AFC99DC-0A42-4BBA-AE5F-EB0EF3CCE380}.AppStore|x86.Build.0 = Release|Any CPU
		{3AFC99DC-0A42-4BBA-AE5F-EB0EF3CCE380}.AppStore|x86.Deploy.0 = Release|Any CPU
		{3AFC99DC-0A42-4BBA-AE5F-EB0EF3CCE380}.Debug|Any CPU.ActiveCfg = Debug|Any CPU
		{3AFC99DC-0A42-4BBA-AE5F-EB0EF3CCE380}.Debug|Any CPU.Build.0 = Debug|Any CPU
		{3AFC99DC-0A42-4BBA-AE5F-EB0EF3CCE380}.Debug|Any CPU.Deploy.0 = Debug|Any CPU
		{3AFC99DC-0A42-4BBA-AE5F-EB0EF3CCE380}.Debug|ARM.ActiveCfg = Debug|Any CPU
		{3AFC99DC-0A42-4BBA-AE5F-EB0EF3CCE380}.Debug|ARM.Build.0 = Debug|Any CPU
		{3AFC99DC-0A42-4BBA-AE5F-EB0EF3CCE380}.Debug|ARM.Deploy.0 = Debug|Any CPU
		{3AFC99DC-0A42-4BBA-AE5F-EB0EF3CCE380}.Debug|iPhone.ActiveCfg = Debug|Any CPU
		{3AFC99DC-0A42-4BBA-AE5F-EB0EF3CCE380}.Debug|iPhone.Build.0 = Debug|Any CPU
		{3AFC99DC-0A42-4BBA-AE5F-EB0EF3CCE380}.Debug|iPhone.Deploy.0 = Debug|Any CPU
		{3AFC99DC-0A42-4BBA-AE5F-EB0EF3CCE380}.Debug|iPhoneSimulator.ActiveCfg = Debug|Any CPU
		{3AFC99DC-0A42-4BBA-AE5F-EB0EF3CCE380}.Debug|iPhoneSimulator.Build.0 = Debug|Any CPU
		{3AFC99DC-0A42-4BBA-AE5F-EB0EF3CCE380}.Debug|iPhoneSimulator.Deploy.0 = Debug|Any CPU
		{3AFC99DC-0A42-4BBA-AE5F-EB0EF3CCE380}.Debug|x64.ActiveCfg = Debug|Any CPU
		{3AFC99DC-0A42-4BBA-AE5F-EB0EF3CCE380}.Debug|x64.Build.0 = Debug|Any CPU
		{3AFC99DC-0A42-4BBA-AE5F-EB0EF3CCE380}.Debug|x64.Deploy.0 = Debug|Any CPU
		{3AFC99DC-0A42-4BBA-AE5F-EB0EF3CCE380}.Debug|x86.ActiveCfg = Debug|Any CPU
		{3AFC99DC-0A42-4BBA-AE5F-EB0EF3CCE380}.Debug|x86.Build.0 = Debug|Any CPU
		{3AFC99DC-0A42-4BBA-AE5F-EB0EF3CCE380}.Debug|x86.Deploy.0 = Debug|Any CPU
		{3AFC99DC-0A42-4BBA-AE5F-EB0EF3CCE380}.Release|Any CPU.ActiveCfg = Release|Any CPU
		{3AFC99DC-0A42-4BBA-AE5F-EB0EF3CCE380}.Release|Any CPU.Build.0 = Release|Any CPU
		{3AFC99DC-0A42-4BBA-AE5F-EB0EF3CCE380}.Release|Any CPU.Deploy.0 = Release|Any CPU
		{3AFC99DC-0A42-4BBA-AE5F-EB0EF3CCE380}.Release|ARM.ActiveCfg = Release|Any CPU
		{3AFC99DC-0A42-4BBA-AE5F-EB0EF3CCE380}.Release|ARM.Build.0 = Release|Any CPU
		{3AFC99DC-0A42-4BBA-AE5F-EB0EF3CCE380}.Release|ARM.Deploy.0 = Release|Any CPU
		{3AFC99DC-0A42-4BBA-AE5F-EB0EF3CCE380}.Release|iPhone.ActiveCfg = Release|Any CPU
		{3AFC99DC-0A42-4BBA-AE5F-EB0EF3CCE380}.Release|iPhone.Build.0 = Release|Any CPU
		{3AFC99DC-0A42-4BBA-AE5F-EB0EF3CCE380}.Release|iPhone.Deploy.0 = Release|Any CPU
		{3AFC99DC-0A42-4BBA-AE5F-EB0EF3CCE380}.Release|iPhoneSimulator.ActiveCfg = Release|Any CPU
		{3AFC99DC-0A42-4BBA-AE5F-EB0EF3CCE380}.Release|iPhoneSimulator.Build.0 = Release|Any CPU
		{3AFC99DC-0A42-4BBA-AE5F-EB0EF3CCE380}.Release|iPhoneSimulator.Deploy.0 = Release|Any CPU
		{3AFC99DC-0A42-4BBA-AE5F-EB0EF3CCE380}.Release|x64.ActiveCfg = Release|Any CPU
		{3AFC99DC-0A42-4BBA-AE5F-EB0EF3CCE380}.Release|x64.Build.0 = Release|Any CPU
		{3AFC99DC-0A42-4BBA-AE5F-EB0EF3CCE380}.Release|x64.Deploy.0 = Release|Any CPU
		{3AFC99DC-0A42-4BBA-AE5F-EB0EF3CCE380}.Release|x86.ActiveCfg = Release|Any CPU
		{3AFC99DC-0A42-4BBA-AE5F-EB0EF3CCE380}.Release|x86.Build.0 = Release|Any CPU
		{3AFC99DC-0A42-4BBA-AE5F-EB0EF3CCE380}.Release|x86.Deploy.0 = Release|Any CPU
		{1389E0B4-0D2C-47F7-BDCA-E62CC8930689}.Ad-Hoc|Any CPU.ActiveCfg = Ad-Hoc|iPhone
		{1389E0B4-0D2C-47F7-BDCA-E62CC8930689}.Ad-Hoc|ARM.ActiveCfg = Ad-Hoc|iPhone
		{1389E0B4-0D2C-47F7-BDCA-E62CC8930689}.Ad-Hoc|iPhone.ActiveCfg = Ad-Hoc|iPhone
		{1389E0B4-0D2C-47F7-BDCA-E62CC8930689}.Ad-Hoc|iPhone.Build.0 = Ad-Hoc|iPhone
		{1389E0B4-0D2C-47F7-BDCA-E62CC8930689}.Ad-Hoc|iPhoneSimulator.ActiveCfg = Ad-Hoc|iPhoneSimulator
		{1389E0B4-0D2C-47F7-BDCA-E62CC8930689}.Ad-Hoc|iPhoneSimulator.Build.0 = Ad-Hoc|iPhoneSimulator
		{1389E0B4-0D2C-47F7-BDCA-E62CC8930689}.Ad-Hoc|x64.ActiveCfg = Ad-Hoc|iPhone
		{1389E0B4-0D2C-47F7-BDCA-E62CC8930689}.Ad-Hoc|x86.ActiveCfg = Ad-Hoc|iPhone
		{1389E0B4-0D2C-47F7-BDCA-E62CC8930689}.AppStore|Any CPU.ActiveCfg = AppStore|iPhone
		{1389E0B4-0D2C-47F7-BDCA-E62CC8930689}.AppStore|ARM.ActiveCfg = AppStore|iPhone
		{1389E0B4-0D2C-47F7-BDCA-E62CC8930689}.AppStore|iPhone.ActiveCfg = AppStore|iPhone
		{1389E0B4-0D2C-47F7-BDCA-E62CC8930689}.AppStore|iPhone.Build.0 = AppStore|iPhone
		{1389E0B4-0D2C-47F7-BDCA-E62CC8930689}.AppStore|iPhoneSimulator.ActiveCfg = AppStore|iPhoneSimulator
		{1389E0B4-0D2C-47F7-BDCA-E62CC8930689}.AppStore|iPhoneSimulator.Build.0 = AppStore|iPhoneSimulator
		{1389E0B4-0D2C-47F7-BDCA-E62CC8930689}.AppStore|x64.ActiveCfg = AppStore|iPhone
		{1389E0B4-0D2C-47F7-BDCA-E62CC8930689}.AppStore|x86.ActiveCfg = AppStore|iPhone
		{1389E0B4-0D2C-47F7-BDCA-E62CC8930689}.Debug|Any CPU.ActiveCfg = Debug|iPhone
		{1389E0B4-0D2C-47F7-BDCA-E62CC8930689}.Debug|ARM.ActiveCfg = Debug|iPhone
		{1389E0B4-0D2C-47F7-BDCA-E62CC8930689}.Debug|iPhone.ActiveCfg = Debug|iPhone
		{1389E0B4-0D2C-47F7-BDCA-E62CC8930689}.Debug|iPhone.Build.0 = Debug|iPhone
		{1389E0B4-0D2C-47F7-BDCA-E62CC8930689}.Debug|iPhoneSimulator.ActiveCfg = Debug|iPhoneSimulator
		{1389E0B4-0D2C-47F7-BDCA-E62CC8930689}.Debug|iPhoneSimulator.Build.0 = Debug|iPhoneSimulator
		{1389E0B4-0D2C-47F7-BDCA-E62CC8930689}.Debug|x64.ActiveCfg = Debug|iPhone
		{1389E0B4-0D2C-47F7-BDCA-E62CC8930689}.Debug|x86.ActiveCfg = Debug|iPhone
		{1389E0B4-0D2C-47F7-BDCA-E62CC8930689}.Release|Any CPU.ActiveCfg = Release|iPhone
		{1389E0B4-0D2C-47F7-BDCA-E62CC8930689}.Release|ARM.ActiveCfg = Release|iPhone
		{1389E0B4-0D2C-47F7-BDCA-E62CC8930689}.Release|iPhone.ActiveCfg = Release|iPhone
		{1389E0B4-0D2C-47F7-BDCA-E62CC8930689}.Release|iPhone.Build.0 = Release|iPhone
		{1389E0B4-0D2C-47F7-BDCA-E62CC8930689}.Release|iPhoneSimulator.ActiveCfg = Release|iPhoneSimulator
		{1389E0B4-0D2C-47F7-BDCA-E62CC8930689}.Release|iPhoneSimulator.Build.0 = Release|iPhoneSimulator
		{1389E0B4-0D2C-47F7-BDCA-E62CC8930689}.Release|x64.ActiveCfg = Release|iPhone
		{1389E0B4-0D2C-47F7-BDCA-E62CC8930689}.Release|x86.ActiveCfg = Release|iPhone
		{24183D7F-EBBB-4036-95B0-766EEF5D6B5E}.Ad-Hoc|Any CPU.ActiveCfg = Release|x86
		{24183D7F-EBBB-4036-95B0-766EEF5D6B5E}.Ad-Hoc|Any CPU.Build.0 = Release|x86
		{24183D7F-EBBB-4036-95B0-766EEF5D6B5E}.Ad-Hoc|Any CPU.Deploy.0 = Release|x86
		{24183D7F-EBBB-4036-95B0-766EEF5D6B5E}.Ad-Hoc|ARM.ActiveCfg = Release|ARM
		{24183D7F-EBBB-4036-95B0-766EEF5D6B5E}.Ad-Hoc|ARM.Build.0 = Release|ARM
		{24183D7F-EBBB-4036-95B0-766EEF5D6B5E}.Ad-Hoc|ARM.Deploy.0 = Release|ARM
		{24183D7F-EBBB-4036-95B0-766EEF5D6B5E}.Ad-Hoc|iPhone.ActiveCfg = Release|x86
		{24183D7F-EBBB-4036-95B0-766EEF5D6B5E}.Ad-Hoc|iPhone.Build.0 = Release|x86
		{24183D7F-EBBB-4036-95B0-766EEF5D6B5E}.Ad-Hoc|iPhone.Deploy.0 = Release|x86
		{24183D7F-EBBB-4036-95B0-766EEF5D6B5E}.Ad-Hoc|iPhoneSimulator.ActiveCfg = Release|x86
		{24183D7F-EBBB-4036-95B0-766EEF5D6B5E}.Ad-Hoc|iPhoneSimulator.Build.0 = Release|x86
		{24183D7F-EBBB-4036-95B0-766EEF5D6B5E}.Ad-Hoc|iPhoneSimulator.Deploy.0 = Release|x86
		{24183D7F-EBBB-4036-95B0-766EEF5D6B5E}.Ad-Hoc|x64.ActiveCfg = Release|x64
		{24183D7F-EBBB-4036-95B0-766EEF5D6B5E}.Ad-Hoc|x64.Build.0 = Release|x64
		{24183D7F-EBBB-4036-95B0-766EEF5D6B5E}.Ad-Hoc|x64.Deploy.0 = Release|x64
		{24183D7F-EBBB-4036-95B0-766EEF5D6B5E}.Ad-Hoc|x86.ActiveCfg = Release|x86
		{24183D7F-EBBB-4036-95B0-766EEF5D6B5E}.Ad-Hoc|x86.Build.0 = Release|x86
		{24183D7F-EBBB-4036-95B0-766EEF5D6B5E}.Ad-Hoc|x86.Deploy.0 = Release|x86
		{24183D7F-EBBB-4036-95B0-766EEF5D6B5E}.AppStore|Any CPU.ActiveCfg = Release|x86
		{24183D7F-EBBB-4036-95B0-766EEF5D6B5E}.AppStore|Any CPU.Build.0 = Release|x86
		{24183D7F-EBBB-4036-95B0-766EEF5D6B5E}.AppStore|Any CPU.Deploy.0 = Release|x86
		{24183D7F-EBBB-4036-95B0-766EEF5D6B5E}.AppStore|ARM.ActiveCfg = Release|ARM
		{24183D7F-EBBB-4036-95B0-766EEF5D6B5E}.AppStore|ARM.Build.0 = Release|ARM
		{24183D7F-EBBB-4036-95B0-766EEF5D6B5E}.AppStore|ARM.Deploy.0 = Release|ARM
		{24183D7F-EBBB-4036-95B0-766EEF5D6B5E}.AppStore|iPhone.ActiveCfg = Release|x86
		{24183D7F-EBBB-4036-95B0-766EEF5D6B5E}.AppStore|iPhone.Build.0 = Release|x86
		{24183D7F-EBBB-4036-95B0-766EEF5D6B5E}.AppStore|iPhone.Deploy.0 = Release|x86
		{24183D7F-EBBB-4036-95B0-766EEF5D6B5E}.AppStore|iPhoneSimulator.ActiveCfg = Release|x86
		{24183D7F-EBBB-4036-95B0-766EEF5D6B5E}.AppStore|iPhoneSimulator.Build.0 = Release|x86
		{24183D7F-EBBB-4036-95B0-766EEF5D6B5E}.AppStore|iPhoneSimulator.Deploy.0 = Release|x86
		{24183D7F-EBBB-4036-95B0-766EEF5D6B5E}.AppStore|x64.ActiveCfg = Release|x64
		{24183D7F-EBBB-4036-95B0-766EEF5D6B5E}.AppStore|x64.Build.0 = Release|x64
		{24183D7F-EBBB-4036-95B0-766EEF5D6B5E}.AppStore|x64.Deploy.0 = Release|x64
		{24183D7F-EBBB-4036-95B0-766EEF5D6B5E}.AppStore|x86.ActiveCfg = Release|x86
		{24183D7F-EBBB-4036-95B0-766EEF5D6B5E}.AppStore|x86.Build.0 = Release|x86
		{24183D7F-EBBB-4036-95B0-766EEF5D6B5E}.AppStore|x86.Deploy.0 = Release|x86
		{24183D7F-EBBB-4036-95B0-766EEF5D6B5E}.Debug|Any CPU.ActiveCfg = Debug|x86
		{24183D7F-EBBB-4036-95B0-766EEF5D6B5E}.Debug|ARM.ActiveCfg = Debug|ARM
		{24183D7F-EBBB-4036-95B0-766EEF5D6B5E}.Debug|ARM.Build.0 = Debug|ARM
		{24183D7F-EBBB-4036-95B0-766EEF5D6B5E}.Debug|ARM.Deploy.0 = Debug|ARM
		{24183D7F-EBBB-4036-95B0-766EEF5D6B5E}.Debug|iPhone.ActiveCfg = Debug|x86
		{24183D7F-EBBB-4036-95B0-766EEF5D6B5E}.Debug|iPhoneSimulator.ActiveCfg = Debug|x86
		{24183D7F-EBBB-4036-95B0-766EEF5D6B5E}.Debug|x64.ActiveCfg = Debug|x64
		{24183D7F-EBBB-4036-95B0-766EEF5D6B5E}.Debug|x64.Build.0 = Debug|x64
		{24183D7F-EBBB-4036-95B0-766EEF5D6B5E}.Debug|x64.Deploy.0 = Debug|x64
		{24183D7F-EBBB-4036-95B0-766EEF5D6B5E}.Debug|x86.ActiveCfg = Debug|x86
		{24183D7F-EBBB-4036-95B0-766EEF5D6B5E}.Debug|x86.Build.0 = Debug|x86
		{24183D7F-EBBB-4036-95B0-766EEF5D6B5E}.Debug|x86.Deploy.0 = Debug|x86
		{24183D7F-EBBB-4036-95B0-766EEF5D6B5E}.Release|Any CPU.ActiveCfg = Release|x86
		{24183D7F-EBBB-4036-95B0-766EEF5D6B5E}.Release|ARM.ActiveCfg = Release|ARM
		{24183D7F-EBBB-4036-95B0-766EEF5D6B5E}.Release|ARM.Build.0 = Release|ARM
		{24183D7F-EBBB-4036-95B0-766EEF5D6B5E}.Release|ARM.Deploy.0 = Release|ARM
		{24183D7F-EBBB-4036-95B0-766EEF5D6B5E}.Release|iPhone.ActiveCfg = Release|x86
		{24183D7F-EBBB-4036-95B0-766EEF5D6B5E}.Release|iPhoneSimulator.ActiveCfg = Release|x86
		{24183D7F-EBBB-4036-95B0-766EEF5D6B5E}.Release|x64.ActiveCfg = Release|x64
		{24183D7F-EBBB-4036-95B0-766EEF5D6B5E}.Release|x64.Build.0 = Release|x64
		{24183D7F-EBBB-4036-95B0-766EEF5D6B5E}.Release|x64.Deploy.0 = Release|x64
		{24183D7F-EBBB-4036-95B0-766EEF5D6B5E}.Release|x86.ActiveCfg = Release|x86
		{24183D7F-EBBB-4036-95B0-766EEF5D6B5E}.Release|x86.Build.0 = Release|x86
		{24183D7F-EBBB-4036-95B0-766EEF5D6B5E}.Release|x86.Deploy.0 = Release|x86
	EndGlobalSection
	GlobalSection(SolutionProperties) = preSolution
		HideSolutionNode = FALSE
	EndGlobalSection
	GlobalSection(ExtensibilityGlobals) = postSolution
		SolutionGuid = {2DDBE3A3-64BB-4765-8537-23044BFB99CF}
	EndGlobalSection
EndGlobal
