
Microsoft Visual Studio Solution File, Format Version 12.00
# Visual Studio 15
VisualStudioVersion = 15.0.26430.15
MinimumVisualStudioVersion = 10.0.40219.1
Project("{FAE04EC0-301F-11D3-BF4B-00C04F79EFBC}") = "XFWebListView", "XFWebListView\XFWebListView\XFWebListView.csproj", "{29670CBC-8BB1-4FAE-AC31-BECDDDC99EE6}"
EndProject
Project("{FAE04EC0-301F-11D3-BF4B-00C04F79EFBC}") = "XFWebListView.Droid", "XFWebListView\XFWebListView.Droid\XFWebListView.Droid.csproj", "{E4D6D4CC-4592-4120-A429-CF955F48E731}"
EndProject
Project("{FAE04EC0-301F-11D3-BF4B-00C04F79EFBC}") = "XFWebListView.iOS", "XFWebListView\XFWebListView.iOS\XFWebListView.iOS.csproj", "{866E2422-0262-40B0-941A-D46CC3F2388F}"
EndProject
Project("{FAE04EC0-301F-11D3-BF4B-00C04F79EFBC}") = "XFWebListView.UWP", "XFWebListView\XFWebListView.UWP\XFWebListView.UWP.csproj", "{613A07BB-462E-4B25-8C7D-ED2525869D48}"
EndProject
Global
	GlobalSection(SolutionConfigurationPlatforms) = preSolution
		Ad-Hoc|Any CPU = Ad-Hoc|Any CPU
		Ad-Hoc|ARM = Ad-Hoc|ARM
		Ad-Hoc|iPhone = Ad-Hoc|iPhone
		Ad-Hoc|iPhoneSimulator = Ad-Hoc|iPhoneSimulator
		Ad-Hoc|x64 = Ad-Hoc|x64
		Ad-Hoc|x86 = Ad-Hoc|x86
		AppStore|Any CPU = AppStore|Any CPU
		AppStore|ARM = AppStore|ARM
		AppStore|iPhone = AppStore|iPhone
		AppStore|iPhoneSimulator = AppStore|iPhoneSimulator
		AppStore|x64 = AppStore|x64
		AppStore|x86 = AppStore|x86
		Debug|Any CPU = Debug|Any CPU
		Debug|ARM = Debug|ARM
		Debug|iPhone = Debug|iPhone
		Debug|iPhoneSimulator = Debug|iPhoneSimulator
		Debug|x64 = Debug|x64
		Debug|x86 = Debug|x86
		Release|Any CPU = Release|Any CPU
		Release|ARM = Release|ARM
		Release|iPhone = Release|iPhone
		Release|iPhoneSimulator = Release|iPhoneSimulator
		Release|x64 = Release|x64
		Release|x86 = Release|x86
	EndGlobalSection
	GlobalSection(ProjectConfigurationPlatforms) = postSolution
		{29670CBC-8BB1-4FAE-AC31-BECDDDC99EE6}.Ad-Hoc|Any CPU.ActiveCfg = Release|Any CPU
		{29670CBC-8BB1-4FAE-AC31-BECDDDC99EE6}.Ad-Hoc|Any CPU.Build.0 = Release|Any CPU
		{29670CBC-8BB1-4FAE-AC31-BECDDDC99EE6}.Ad-Hoc|ARM.ActiveCfg = Release|Any CPU
		{29670CBC-8BB1-4FAE-AC31-BECDDDC99EE6}.Ad-Hoc|ARM.Build.0 = Release|Any CPU
		{29670CBC-8BB1-4FAE-AC31-BECDDDC99EE6}.Ad-Hoc|iPhone.ActiveCfg = Release|Any CPU
		{29670CBC-8BB1-4FAE-AC31-BECDDDC99EE6}.Ad-Hoc|iPhone.Build.0 = Release|Any CPU
		{29670CBC-8BB1-4FAE-AC31-BECDDDC99EE6}.Ad-Hoc|iPhoneSimulator.ActiveCfg = Release|Any CPU
		{29670CBC-8BB1-4FAE-AC31-BECDDDC99EE6}.Ad-Hoc|iPhoneSimulator.Build.0 = Release|Any CPU
		{29670CBC-8BB1-4FAE-AC31-BECDDDC99EE6}.Ad-Hoc|x64.ActiveCfg = Release|Any CPU
		{29670CBC-8BB1-4FAE-AC31-BECDDDC99EE6}.Ad-Hoc|x64.Build.0 = Release|Any CPU
		{29670CBC-8BB1-4FAE-AC31-BECDDDC99EE6}.Ad-Hoc|x86.ActiveCfg = Release|Any CPU
		{29670CBC-8BB1-4FAE-AC31-BECDDDC99EE6}.Ad-Hoc|x86.Build.0 = Release|Any CPU
		{29670CBC-8BB1-4FAE-AC31-BECDDDC99EE6}.AppStore|Any CPU.ActiveCfg = Release|Any CPU
		{29670CBC-8BB1-4FAE-AC31-BECDDDC99EE6}.AppStore|Any CPU.Build.0 = Release|Any CPU
		{29670CBC-8BB1-4FAE-AC31-BECDDDC99EE6}.AppStore|ARM.ActiveCfg = Release|Any CPU
		{29670CBC-8BB1-4FAE-AC31-BECDDDC99EE6}.AppStore|ARM.Build.0 = Release|Any CPU
		{29670CBC-8BB1-4FAE-AC31-BECDDDC99EE6}.AppStore|iPhone.ActiveCfg = Release|Any CPU
		{29670CBC-8BB1-4FAE-AC31-BECDDDC99EE6}.AppStore|iPhone.Build.0 = Release|Any CPU
		{29670CBC-8BB1-4FAE-AC31-BECDDDC99EE6}.AppStore|iPhoneSimulator.ActiveCfg = Release|Any CPU
		{29670CBC-8BB1-4FAE-AC31-BECDDDC99EE6}.AppStore|iPhoneSimulator.Build.0 = Release|Any CPU
		{29670CBC-8BB1-4FAE-AC31-BECDDDC99EE6}.AppStore|x64.ActiveCfg = Release|Any CPU
		{29670CBC-8BB1-4FAE-AC31-BECDDDC99EE6}.AppStore|x64.Build.0 = Release|Any CPU
		{29670CBC-8BB1-4FAE-AC31-BECDDDC99EE6}.AppStore|x86.ActiveCfg = Release|Any CPU
		{29670CBC-8BB1-4FAE-AC31-BECDDDC99EE6}.AppStore|x86.Build.0 = Release|Any CPU
		{29670CBC-8BB1-4FAE-AC31-BECDDDC99EE6}.Debug|Any CPU.ActiveCfg = Debug|Any CPU
		{29670CBC-8BB1-4FAE-AC31-BECDDDC99EE6}.Debug|Any CPU.Build.0 = Debug|Any CPU
		{29670CBC-8BB1-4FAE-AC31-BECDDDC99EE6}.Debug|ARM.ActiveCfg = Debug|Any CPU
		{29670CBC-8BB1-4FAE-AC31-BECDDDC99EE6}.Debug|ARM.Build.0 = Debug|Any CPU
		{29670CBC-8BB1-4FAE-AC31-BECDDDC99EE6}.Debug|iPhone.ActiveCfg = Debug|Any CPU
		{29670CBC-8BB1-4FAE-AC31-BECDDDC99EE6}.Debug|iPhone.Build.0 = Debug|Any CPU
		{29670CBC-8BB1-4FAE-AC31-BECDDDC99EE6}.Debug|iPhoneSimulator.ActiveCfg = Debug|Any CPU
		{29670CBC-8BB1-4FAE-AC31-BECDDDC99EE6}.Debug|iPhoneSimulator.Build.0 = Debug|Any CPU
		{29670CBC-8BB1-4FAE-AC31-BECDDDC99EE6}.Debug|x64.ActiveCfg = Debug|Any CPU
		{29670CBC-8BB1-4FAE-AC31-BECDDDC99EE6}.Debug|x64.Build.0 = Debug|Any CPU
		{29670CBC-8BB1-4FAE-AC31-BECDDDC99EE6}.Debug|x86.ActiveCfg = Debug|Any CPU
		{29670CBC-8BB1-4FAE-AC31-BECDDDC99EE6}.Debug|x86.Build.0 = Debug|Any CPU
		{29670CBC-8BB1-4FAE-AC31-BECDDDC99EE6}.Release|Any CPU.ActiveCfg = Release|Any CPU
		{29670CBC-8BB1-4FAE-AC31-BECDDDC99EE6}.Release|Any CPU.Build.0 = Release|Any CPU
		{29670CBC-8BB1-4FAE-AC31-BECDDDC99EE6}.Release|ARM.ActiveCfg = Release|Any CPU
		{29670CBC-8BB1-4FAE-AC31-BECDDDC99EE6}.Release|ARM.Build.0 = Release|Any CPU
		{29670CBC-8BB1-4FAE-AC31-BECDDDC99EE6}.Release|iPhone.ActiveCfg = Release|Any CPU
		{29670CBC-8BB1-4FAE-AC31-BECDDDC99EE6}.Release|iPhone.Build.0 = Release|Any CPU
		{29670CBC-8BB1-4FAE-AC31-BECDDDC99EE6}.Release|iPhoneSimulator.ActiveCfg = Release|Any CPU
		{29670CBC-8BB1-4FAE-AC31-BECDDDC99EE6}.Release|iPhoneSimulator.Build.0 = Release|Any CPU
		{29670CBC-8BB1-4FAE-AC31-BECDDDC99EE6}.Release|x64.ActiveCfg = Release|Any CPU
		{29670CBC-8BB1-4FAE-AC31-BECDDDC99EE6}.Release|x64.Build.0 = Release|Any CPU
		{29670CBC-8BB1-4FAE-AC31-BECDDDC99EE6}.Release|x86.ActiveCfg = Release|Any CPU
		{29670CBC-8BB1-4FAE-AC31-BECDDDC99EE6}.Release|x86.Build.0 = Release|Any CPU
		{E4D6D4CC-4592-4120-A429-CF955F48E731}.Ad-Hoc|Any CPU.ActiveCfg = Release|Any CPU
		{E4D6D4CC-4592-4120-A429-CF955F48E731}.Ad-Hoc|Any CPU.Build.0 = Release|Any CPU
		{E4D6D4CC-4592-4120-A429-CF955F48E731}.Ad-Hoc|Any CPU.Deploy.0 = Release|Any CPU
		{E4D6D4CC-4592-4120-A429-CF955F48E731}.Ad-Hoc|ARM.ActiveCfg = Release|Any CPU
		{E4D6D4CC-4592-4120-A429-CF955F48E731}.Ad-Hoc|ARM.Build.0 = Release|Any CPU
		{E4D6D4CC-4592-4120-A429-CF955F48E731}.Ad-Hoc|ARM.Deploy.0 = Release|Any CPU
		{E4D6D4CC-4592-4120-A429-CF955F48E731}.Ad-Hoc|iPhone.ActiveCfg = Release|Any CPU
		{E4D6D4CC-4592-4120-A429-CF955F48E731}.Ad-Hoc|iPhone.Build.0 = Release|Any CPU
		{E4D6D4CC-4592-4120-A429-CF955F48E731}.Ad-Hoc|iPhone.Deploy.0 = Release|Any CPU
		{E4D6D4CC-4592-4120-A429-CF955F48E731}.Ad-Hoc|iPhoneSimulator.ActiveCfg = Release|Any CPU
		{E4D6D4CC-4592-4120-A429-CF955F48E731}.Ad-Hoc|iPhoneSimulator.Build.0 = Release|Any CPU
		{E4D6D4CC-4592-4120-A429-CF955F48E731}.Ad-Hoc|iPhoneSimulator.Deploy.0 = Release|Any CPU
		{E4D6D4CC-4592-4120-A429-CF955F48E731}.Ad-Hoc|x64.ActiveCfg = Release|Any CPU
		{E4D6D4CC-4592-4120-A429-CF955F48E731}.Ad-Hoc|x64.Build.0 = Release|Any CPU
		{E4D6D4CC-4592-4120-A429-CF955F48E731}.Ad-Hoc|x64.Deploy.0 = Release|Any CPU
		{E4D6D4CC-4592-4120-A429-CF955F48E731}.Ad-Hoc|x86.ActiveCfg = Release|Any CPU
		{E4D6D4CC-4592-4120-A429-CF955F48E731}.Ad-Hoc|x86.Build.0 = Release|Any CPU
		{E4D6D4CC-4592-4120-A429-CF955F48E731}.Ad-Hoc|x86.Deploy.0 = Release|Any CPU
		{E4D6D4CC-4592-4120-A429-CF955F48E731}.AppStore|Any CPU.ActiveCfg = Release|Any CPU
		{E4D6D4CC-4592-4120-A429-CF955F48E731}.AppStore|Any CPU.Build.0 = Release|Any CPU
		{E4D6D4CC-4592-4120-A429-CF955F48E731}.AppStore|Any CPU.Deploy.0 = Release|Any CPU
		{E4D6D4CC-4592-4120-A429-CF955F48E731}.AppStore|ARM.ActiveCfg = Release|Any CPU
		{E4D6D4CC-4592-4120-A429-CF955F48E731}.AppStore|ARM.Build.0 = Release|Any CPU
		{E4D6D4CC-4592-4120-A429-CF955F48E731}.AppStore|ARM.Deploy.0 = Release|Any CPU
		{E4D6D4CC-4592-4120-A429-CF955F48E731}.AppStore|iPhone.ActiveCfg = Release|Any CPU
		{E4D6D4CC-4592-4120-A429-CF955F48E731}.AppStore|iPhone.Build.0 = Release|Any CPU
		{E4D6D4CC-4592-4120-A429-CF955F48E731}.AppStore|iPhone.Deploy.0 = Release|Any CPU
		{E4D6D4CC-4592-4120-A429-CF955F48E731}.AppStore|iPhoneSimulator.ActiveCfg = Release|Any CPU
		{E4D6D4CC-4592-4120-A429-CF955F48E731}.AppStore|iPhoneSimulator.Build.0 = Release|Any CPU
		{E4D6D4CC-4592-4120-A429-CF955F48E731}.AppStore|iPhoneSimulator.Deploy.0 = Release|Any CPU
		{E4D6D4CC-4592-4120-A429-CF955F48E731}.AppStore|x64.ActiveCfg = Release|Any CPU
		{E4D6D4CC-4592-4120-A429-CF955F48E731}.AppStore|x64.Build.0 = Release|Any CPU
		{E4D6D4CC-4592-4120-A429-CF955F48E731}.AppStore|x64.Deploy.0 = Release|Any CPU
		{E4D6D4CC-4592-4120-A429-CF955F48E731}.AppStore|x86.ActiveCfg = Release|Any CPU
		{E4D6D4CC-4592-4120-A429-CF955F48E731}.AppStore|x86.Build.0 = Release|Any CPU
		{E4D6D4CC-4592-4120-A429-CF955F48E731}.AppStore|x86.Deploy.0 = Release|Any CPU
		{E4D6D4CC-4592-4120-A429-CF955F48E731}.Debug|Any CPU.ActiveCfg = Debug|Any CPU
		{E4D6D4CC-4592-4120-A429-CF955F48E731}.Debug|Any CPU.Build.0 = Debug|Any CPU
		{E4D6D4CC-4592-4120-A429-CF955F48E731}.Debug|Any CPU.Deploy.0 = Debug|Any CPU
		{E4D6D4CC-4592-4120-A429-CF955F48E731}.Debug|ARM.ActiveCfg = Debug|Any CPU
		{E4D6D4CC-4592-4120-A429-CF955F48E731}.Debug|ARM.Build.0 = Debug|Any CPU
		{E4D6D4CC-4592-4120-A429-CF955F48E731}.Debug|ARM.Deploy.0 = Debug|Any CPU
		{E4D6D4CC-4592-4120-A429-CF955F48E731}.Debug|iPhone.ActiveCfg = Debug|Any CPU
		{E4D6D4CC-4592-4120-A429-CF955F48E731}.Debug|iPhone.Build.0 = Debug|Any CPU
		{E4D6D4CC-4592-4120-A429-CF955F48E731}.Debug|iPhone.Deploy.0 = Debug|Any CPU
		{E4D6D4CC-4592-4120-A429-CF955F48E731}.Debug|iPhoneSimulator.ActiveCfg = Debug|Any CPU
		{E4D6D4CC-4592-4120-A429-CF955F48E731}.Debug|iPhoneSimulator.Build.0 = Debug|Any CPU
		{E4D6D4CC-4592-4120-A429-CF955F48E731}.Debug|iPhoneSimulator.Deploy.0 = Debug|Any CPU
		{E4D6D4CC-4592-4120-A429-CF955F48E731}.Debug|x64.ActiveCfg = Debug|Any CPU
		{E4D6D4CC-4592-4120-A429-CF955F48E731}.Debug|x64.Build.0 = Debug|Any CPU
		{E4D6D4CC-4592-4120-A429-CF955F48E731}.Debug|x64.Deploy.0 = Debug|Any CPU
		{E4D6D4CC-4592-4120-A429-CF955F48E731}.Debug|x86.ActiveCfg = Debug|Any CPU
		{E4D6D4CC-4592-4120-A429-CF955F48E731}.Debug|x86.Build.0 = Debug|Any CPU
		{E4D6D4CC-4592-4120-A429-CF955F48E731}.Debug|x86.Deploy.0 = Debug|Any CPU
		{E4D6D4CC-4592-4120-A429-CF955F48E731}.Release|Any CPU.ActiveCfg = Release|Any CPU
		{E4D6D4CC-4592-4120-A429-CF955F48E731}.Release|Any CPU.Build.0 = Release|Any CPU
		{E4D6D4CC-4592-4120-A429-CF955F48E731}.Release|Any CPU.Deploy.0 = Release|Any CPU
		{E4D6D4CC-4592-4120-A429-CF955F48E731}.Release|ARM.ActiveCfg = Release|Any CPU
		{E4D6D4CC-4592-4120-A429-CF955F48E731}.Release|ARM.Build.0 = Release|Any CPU
		{E4D6D4CC-4592-4120-A429-CF955F48E731}.Release|ARM.Deploy.0 = Release|Any CPU
		{E4D6D4CC-4592-4120-A429-CF955F48E731}.Release|iPhone.ActiveCfg = Release|Any CPU
		{E4D6D4CC-4592-4120-A429-CF955F48E731}.Release|iPhone.Build.0 = Release|Any CPU
		{E4D6D4CC-4592-4120-A429-CF955F48E731}.Release|iPhone.Deploy.0 = Release|Any CPU
		{E4D6D4CC-4592-4120-A429-CF955F48E731}.Release|iPhoneSimulator.ActiveCfg = Release|Any CPU
		{E4D6D4CC-4592-4120-A429-CF955F48E731}.Release|iPhoneSimulator.Build.0 = Release|Any CPU
		{E4D6D4CC-4592-4120-A429-CF955F48E731}.Release|iPhoneSimulator.Deploy.0 = Release|Any CPU
		{E4D6D4CC-4592-4120-A429-CF955F48E731}.Release|x64.ActiveCfg = Release|Any CPU
		{E4D6D4CC-4592-4120-A429-CF955F48E731}.Release|x64.Build.0 = Release|Any CPU
		{E4D6D4CC-4592-4120-A429-CF955F48E731}.Release|x64.Deploy.0 = Release|Any CPU
		{E4D6D4CC-4592-4120-A429-CF955F48E731}.Release|x86.ActiveCfg = Release|Any CPU
		{E4D6D4CC-4592-4120-A429-CF955F48E731}.Release|x86.Build.0 = Release|Any CPU
		{E4D6D4CC-4592-4120-A429-CF955F48E731}.Release|x86.Deploy.0 = Release|Any CPU
		{866E2422-0262-40B0-941A-D46CC3F2388F}.Ad-Hoc|Any CPU.ActiveCfg = Ad-Hoc|iPhone
		{866E2422-0262-40B0-941A-D46CC3F2388F}.Ad-Hoc|ARM.ActiveCfg = Ad-Hoc|iPhone
		{866E2422-0262-40B0-941A-D46CC3F2388F}.Ad-Hoc|iPhone.ActiveCfg = Ad-Hoc|iPhone
		{866E2422-0262-40B0-941A-D46CC3F2388F}.Ad-Hoc|iPhone.Build.0 = Ad-Hoc|iPhone
		{866E2422-0262-40B0-941A-D46CC3F2388F}.Ad-Hoc|iPhoneSimulator.ActiveCfg = Ad-Hoc|iPhoneSimulator
		{866E2422-0262-40B0-941A-D46CC3F2388F}.Ad-Hoc|iPhoneSimulator.Build.0 = Ad-Hoc|iPhoneSimulator
		{866E2422-0262-40B0-941A-D46CC3F2388F}.Ad-Hoc|x64.ActiveCfg = Ad-Hoc|iPhone
		{866E2422-0262-40B0-941A-D46CC3F2388F}.Ad-Hoc|x86.ActiveCfg = Ad-Hoc|iPhone
		{866E2422-0262-40B0-941A-D46CC3F2388F}.AppStore|Any CPU.ActiveCfg = AppStore|iPhone
		{866E2422-0262-40B0-941A-D46CC3F2388F}.AppStore|ARM.ActiveCfg = AppStore|iPhone
		{866E2422-0262-40B0-941A-D46CC3F2388F}.AppStore|iPhone.ActiveCfg = AppStore|iPhone
		{866E2422-0262-40B0-941A-D46CC3F2388F}.AppStore|iPhone.Build.0 = AppStore|iPhone
		{866E2422-0262-40B0-941A-D46CC3F2388F}.AppStore|iPhoneSimulator.ActiveCfg = AppStore|iPhoneSimulator
		{866E2422-0262-40B0-941A-D46CC3F2388F}.AppStore|iPhoneSimulator.Build.0 = AppStore|iPhoneSimulator
		{866E2422-0262-40B0-941A-D46CC3F2388F}.AppStore|x64.ActiveCfg = AppStore|iPhone
		{866E2422-0262-40B0-941A-D46CC3F2388F}.AppStore|x86.ActiveCfg = AppStore|iPhone
		{866E2422-0262-40B0-941A-D46CC3F2388F}.Debug|Any CPU.ActiveCfg = Debug|iPhone
		{866E2422-0262-40B0-941A-D46CC3F2388F}.Debug|ARM.ActiveCfg = Debug|iPhone
		{866E2422-0262-40B0-941A-D46CC3F2388F}.Debug|iPhone.ActiveCfg = Debug|iPhone
		{866E2422-0262-40B0-941A-D46CC3F2388F}.Debug|iPhone.Build.0 = Debug|iPhone
		{866E2422-0262-40B0-941A-D46CC3F2388F}.Debug|iPhoneSimulator.ActiveCfg = Debug|iPhoneSimulator
		{866E2422-0262-40B0-941A-D46CC3F2388F}.Debug|iPhoneSimulator.Build.0 = Debug|iPhoneSimulator
		{866E2422-0262-40B0-941A-D46CC3F2388F}.Debug|x64.ActiveCfg = Debug|iPhone
		{866E2422-0262-40B0-941A-D46CC3F2388F}.Debug|x86.ActiveCfg = Debug|iPhone
		{866E2422-0262-40B0-941A-D46CC3F2388F}.Release|Any CPU.ActiveCfg = Release|iPhone
		{866E2422-0262-40B0-941A-D46CC3F2388F}.Release|ARM.ActiveCfg = Release|iPhone
		{866E2422-0262-40B0-941A-D46CC3F2388F}.Release|iPhone.ActiveCfg = Release|iPhone
		{866E2422-0262-40B0-941A-D46CC3F2388F}.Release|iPhone.Build.0 = Release|iPhone
		{866E2422-0262-40B0-941A-D46CC3F2388F}.Release|iPhoneSimulator.ActiveCfg = Release|iPhoneSimulator
		{866E2422-0262-40B0-941A-D46CC3F2388F}.Release|iPhoneSimulator.Build.0 = Release|iPhoneSimulator
		{866E2422-0262-40B0-941A-D46CC3F2388F}.Release|x64.ActiveCfg = Release|iPhone
		{866E2422-0262-40B0-941A-D46CC3F2388F}.Release|x86.ActiveCfg = Release|iPhone
		{613A07BB-462E-4B25-8C7D-ED2525869D48}.Ad-Hoc|Any CPU.ActiveCfg = Release|x86
		{613A07BB-462E-4B25-8C7D-ED2525869D48}.Ad-Hoc|Any CPU.Build.0 = Release|x86
		{613A07BB-462E-4B25-8C7D-ED2525869D48}.Ad-Hoc|Any CPU.Deploy.0 = Release|x86
		{613A07BB-462E-4B25-8C7D-ED2525869D48}.Ad-Hoc|ARM.ActiveCfg = Release|ARM
		{613A07BB-462E-4B25-8C7D-ED2525869D48}.Ad-Hoc|ARM.Build.0 = Release|ARM
		{613A07BB-462E-4B25-8C7D-ED2525869D48}.Ad-Hoc|ARM.Deploy.0 = Release|ARM
		{613A07BB-462E-4B25-8C7D-ED2525869D48}.Ad-Hoc|iPhone.ActiveCfg = Release|x86
		{613A07BB-462E-4B25-8C7D-ED2525869D48}.Ad-Hoc|iPhone.Build.0 = Release|x86
		{613A07BB-462E-4B25-8C7D-ED2525869D48}.Ad-Hoc|iPhone.Deploy.0 = Release|x86
		{613A07BB-462E-4B25-8C7D-ED2525869D48}.Ad-Hoc|iPhoneSimulator.ActiveCfg = Release|x86
		{613A07BB-462E-4B25-8C7D-ED2525869D48}.Ad-Hoc|iPhoneSimulator.Build.0 = Release|x86
		{613A07BB-462E-4B25-8C7D-ED2525869D48}.Ad-Hoc|iPhoneSimulator.Deploy.0 = Release|x86
		{613A07BB-462E-4B25-8C7D-ED2525869D48}.Ad-Hoc|x64.ActiveCfg = Release|x64
		{613A07BB-462E-4B25-8C7D-ED2525869D48}.Ad-Hoc|x64.Build.0 = Release|x64
		{613A07BB-462E-4B25-8C7D-ED2525869D48}.Ad-Hoc|x64.Deploy.0 = Release|x64
		{613A07BB-462E-4B25-8C7D-ED2525869D48}.Ad-Hoc|x86.ActiveCfg = Release|x86
		{613A07BB-462E-4B25-8C7D-ED2525869D48}.Ad-Hoc|x86.Build.0 = Release|x86
		{613A07BB-462E-4B25-8C7D-ED2525869D48}.Ad-Hoc|x86.Deploy.0 = Release|x86
		{613A07BB-462E-4B25-8C7D-ED2525869D48}.AppStore|Any CPU.ActiveCfg = Release|x86
		{613A07BB-462E-4B25-8C7D-ED2525869D48}.AppStore|Any CPU.Build.0 = Release|x86
		{613A07BB-462E-4B25-8C7D-ED2525869D48}.AppStore|Any CPU.Deploy.0 = Release|x86
		{613A07BB-462E-4B25-8C7D-ED2525869D48}.AppStore|ARM.ActiveCfg = Release|ARM
		{613A07BB-462E-4B25-8C7D-ED2525869D48}.AppStore|ARM.Build.0 = Release|ARM
		{613A07BB-462E-4B25-8C7D-ED2525869D48}.AppStore|ARM.Deploy.0 = Release|ARM
		{613A07BB-462E-4B25-8C7D-ED2525869D48}.AppStore|iPhone.ActiveCfg = Release|x86
		{613A07BB-462E-4B25-8C7D-ED2525869D48}.AppStore|iPhone.Build.0 = Release|x86
		{613A07BB-462E-4B25-8C7D-ED2525869D48}.AppStore|iPhone.Deploy.0 = Release|x86
		{613A07BB-462E-4B25-8C7D-ED2525869D48}.AppStore|iPhoneSimulator.ActiveCfg = Release|x86
		{613A07BB-462E-4B25-8C7D-ED2525869D48}.AppStore|iPhoneSimulator.Build.0 = Release|x86
		{613A07BB-462E-4B25-8C7D-ED2525869D48}.AppStore|iPhoneSimulator.Deploy.0 = Release|x86
		{613A07BB-462E-4B25-8C7D-ED2525869D48}.AppStore|x64.ActiveCfg = Release|x64
		{613A07BB-462E-4B25-8C7D-ED2525869D48}.AppStore|x64.Build.0 = Release|x64
		{613A07BB-462E-4B25-8C7D-ED2525869D48}.AppStore|x64.Deploy.0 = Release|x64
		{613A07BB-462E-4B25-8C7D-ED2525869D48}.AppStore|x86.ActiveCfg = Release|x86
		{613A07BB-462E-4B25-8C7D-ED2525869D48}.AppStore|x86.Build.0 = Release|x86
		{613A07BB-462E-4B25-8C7D-ED2525869D48}.AppStore|x86.Deploy.0 = Release|x86
		{613A07BB-462E-4B25-8C7D-ED2525869D48}.Debug|Any CPU.ActiveCfg = Debug|x86
		{613A07BB-462E-4B25-8C7D-ED2525869D48}.Debug|ARM.ActiveCfg = Debug|ARM
		{613A07BB-462E-4B25-8C7D-ED2525869D48}.Debug|ARM.Build.0 = Debug|ARM
		{613A07BB-462E-4B25-8C7D-ED2525869D48}.Debug|ARM.Deploy.0 = Debug|ARM
		{613A07BB-462E-4B25-8C7D-ED2525869D48}.Debug|iPhone.ActiveCfg = Debug|x86
		{613A07BB-462E-4B25-8C7D-ED2525869D48}.Debug|iPhoneSimulator.ActiveCfg = Debug|x86
		{613A07BB-462E-4B25-8C7D-ED2525869D48}.Debug|x64.ActiveCfg = Debug|x64
		{613A07BB-462E-4B25-8C7D-ED2525869D48}.Debug|x64.Build.0 = Debug|x64
		{613A07BB-462E-4B25-8C7D-ED2525869D48}.Debug|x64.Deploy.0 = Debug|x64
		{613A07BB-462E-4B25-8C7D-ED2525869D48}.Debug|x86.ActiveCfg = Debug|x86
		{613A07BB-462E-4B25-8C7D-ED2525869D48}.Debug|x86.Build.0 = Debug|x86
		{613A07BB-462E-4B25-8C7D-ED2525869D48}.Debug|x86.Deploy.0 = Debug|x86
		{613A07BB-462E-4B25-8C7D-ED2525869D48}.Release|Any CPU.ActiveCfg = Release|x86
		{613A07BB-462E-4B25-8C7D-ED2525869D48}.Release|ARM.ActiveCfg = Release|ARM
		{613A07BB-462E-4B25-8C7D-ED2525869D48}.Release|ARM.Build.0 = Release|ARM
		{613A07BB-462E-4B25-8C7D-ED2525869D48}.Release|ARM.Deploy.0 = Release|ARM
		{613A07BB-462E-4B25-8C7D-ED2525869D48}.Release|iPhone.ActiveCfg = Release|x86
		{613A07BB-462E-4B25-8C7D-ED2525869D48}.Release|iPhoneSimulator.ActiveCfg = Release|x86
		{613A07BB-462E-4B25-8C7D-ED2525869D48}.Release|x64.ActiveCfg = Release|x64
		{613A07BB-462E-4B25-8C7D-ED2525869D48}.Release|x64.Build.0 = Release|x64
		{613A07BB-462E-4B25-8C7D-ED2525869D48}.Release|x64.Deploy.0 = Release|x64
		{613A07BB-462E-4B25-8C7D-ED2525869D48}.Release|x86.ActiveCfg = Release|x86
		{613A07BB-462E-4B25-8C7D-ED2525869D48}.Release|x86.Build.0 = Release|x86
		{613A07BB-462E-4B25-8C7D-ED2525869D48}.Release|x86.Deploy.0 = Release|x86
	EndGlobalSection
	GlobalSection(SolutionProperties) = preSolution
		HideSolutionNode = FALSE
	EndGlobalSection
EndGlobal
