
Microsoft Visual Studio Solution File, Format Version 12.00
# Visual Studio 15
VisualStudioVersion = 15.0.26430.16
MinimumVisualStudioVersion = 10.0.40219.1
Project("{FAE04EC0-301F-11D3-BF4B-00C04F79EFBC}") = "XFCustPicker", "XFCustPicker\XFCustPicker\XFCustPicker.csproj", "{10320BA8-3650-41B5-85F2-E9E272C1A079}"
EndProject
Project("{FAE04EC0-301F-11D3-BF4B-00C04F79EFBC}") = "XFCustPicker.Droid", "XFCustPicker\XFCustPicker.Droid\XFCustPicker.Droid.csproj", "{276F5677-4E23-4807-A3A8-7F39C32BFB1D}"
EndProject
Project("{FAE04EC0-301F-11D3-BF4B-00C04F79EFBC}") = "XFCustPicker.iOS", "XFCustPicker\XFCustPicker.iOS\XFCustPicker.iOS.csproj", "{6A127ACE-C1C4-4222-8619-08DD8B2C61A0}"
EndProject
Project("{FAE04EC0-301F-11D3-BF4B-00C04F79EFBC}") = "XFCustPicker.UWP", "XFCustPicker\XFCustPicker.UWP\XFCustPicker.UWP.csproj", "{02A8B098-AF50-4CFD-B363-19F04FC66EAC}"
EndProject
Global
	GlobalSection(SolutionConfigurationPlatforms) = preSolution
		Ad-Hoc|Any CPU = Ad-Hoc|Any CPU
		Ad-Hoc|ARM = Ad-Hoc|ARM
		Ad-Hoc|iPhone = Ad-Hoc|iPhone
		Ad-Hoc|iPhoneSimulator = Ad-Hoc|iPhoneSimulator
		Ad-Hoc|x64 = Ad-Hoc|x64
		Ad-Hoc|x86 = Ad-Hoc|x86
		AppStore|Any CPU = AppStore|Any CPU
		AppStore|ARM = AppStore|ARM
		AppStore|iPhone = AppStore|iPhone
		AppStore|iPhoneSimulator = AppStore|iPhoneSimulator
		AppStore|x64 = AppStore|x64
		AppStore|x86 = AppStore|x86
		Debug|Any CPU = Debug|Any CPU
		Debug|ARM = Debug|ARM
		Debug|iPhone = Debug|iPhone
		Debug|iPhoneSimulator = Debug|iPhoneSimulator
		Debug|x64 = Debug|x64
		Debug|x86 = Debug|x86
		Release|Any CPU = Release|Any CPU
		Release|ARM = Release|ARM
		Release|iPhone = Release|iPhone
		Release|iPhoneSimulator = Release|iPhoneSimulator
		Release|x64 = Release|x64
		Release|x86 = Release|x86
	EndGlobalSection
	GlobalSection(ProjectConfigurationPlatforms) = postSolution
		{10320BA8-3650-41B5-85F2-E9E272C1A079}.Ad-Hoc|Any CPU.ActiveCfg = Release|Any CPU
		{10320BA8-3650-41B5-85F2-E9E272C1A079}.Ad-Hoc|Any CPU.Build.0 = Release|Any CPU
		{10320BA8-3650-41B5-85F2-E9E272C1A079}.Ad-Hoc|ARM.ActiveCfg = Release|Any CPU
		{10320BA8-3650-41B5-85F2-E9E272C1A079}.Ad-Hoc|ARM.Build.0 = Release|Any CPU
		{10320BA8-3650-41B5-85F2-E9E272C1A079}.Ad-Hoc|iPhone.ActiveCfg = Release|Any CPU
		{10320BA8-3650-41B5-85F2-E9E272C1A079}.Ad-Hoc|iPhone.Build.0 = Release|Any CPU
		{10320BA8-3650-41B5-85F2-E9E272C1A079}.Ad-Hoc|iPhoneSimulator.ActiveCfg = Release|Any CPU
		{10320BA8-3650-41B5-85F2-E9E272C1A079}.Ad-Hoc|iPhoneSimulator.Build.0 = Release|Any CPU
		{10320BA8-3650-41B5-85F2-E9E272C1A079}.Ad-Hoc|x64.ActiveCfg = Release|Any CPU
		{10320BA8-3650-41B5-85F2-E9E272C1A079}.Ad-Hoc|x64.Build.0 = Release|Any CPU
		{10320BA8-3650-41B5-85F2-E9E272C1A079}.Ad-Hoc|x86.ActiveCfg = Release|Any CPU
		{10320BA8-3650-41B5-85F2-E9E272C1A079}.Ad-Hoc|x86.Build.0 = Release|Any CPU
		{10320BA8-3650-41B5-85F2-E9E272C1A079}.AppStore|Any CPU.ActiveCfg = Release|Any CPU
		{10320BA8-3650-41B5-85F2-E9E272C1A079}.AppStore|Any CPU.Build.0 = Release|Any CPU
		{10320BA8-3650-41B5-85F2-E9E272C1A079}.AppStore|ARM.ActiveCfg = Release|Any CPU
		{10320BA8-3650-41B5-85F2-E9E272C1A079}.AppStore|ARM.Build.0 = Release|Any CPU
		{10320BA8-3650-41B5-85F2-E9E272C1A079}.AppStore|iPhone.ActiveCfg = Release|Any CPU
		{10320BA8-3650-41B5-85F2-E9E272C1A079}.AppStore|iPhone.Build.0 = Release|Any CPU
		{10320BA8-3650-41B5-85F2-E9E272C1A079}.AppStore|iPhoneSimulator.ActiveCfg = Release|Any CPU
		{10320BA8-3650-41B5-85F2-E9E272C1A079}.AppStore|iPhoneSimulator.Build.0 = Release|Any CPU
		{10320BA8-3650-41B5-85F2-E9E272C1A079}.AppStore|x64.ActiveCfg = Release|Any CPU
		{10320BA8-3650-41B5-85F2-E9E272C1A079}.AppStore|x64.Build.0 = Release|Any CPU
		{10320BA8-3650-41B5-85F2-E9E272C1A079}.AppStore|x86.ActiveCfg = Release|Any CPU
		{10320BA8-3650-41B5-85F2-E9E272C1A079}.AppStore|x86.Build.0 = Release|Any CPU
		{10320BA8-3650-41B5-85F2-E9E272C1A079}.Debug|Any CPU.ActiveCfg = Debug|Any CPU
		{10320BA8-3650-41B5-85F2-E9E272C1A079}.Debug|Any CPU.Build.0 = Debug|Any CPU
		{10320BA8-3650-41B5-85F2-E9E272C1A079}.Debug|ARM.ActiveCfg = Debug|Any CPU
		{10320BA8-3650-41B5-85F2-E9E272C1A079}.Debug|ARM.Build.0 = Debug|Any CPU
		{10320BA8-3650-41B5-85F2-E9E272C1A079}.Debug|iPhone.ActiveCfg = Debug|Any CPU
		{10320BA8-3650-41B5-85F2-E9E272C1A079}.Debug|iPhone.Build.0 = Debug|Any CPU
		{10320BA8-3650-41B5-85F2-E9E272C1A079}.Debug|iPhoneSimulator.ActiveCfg = Debug|Any CPU
		{10320BA8-3650-41B5-85F2-E9E272C1A079}.Debug|iPhoneSimulator.Build.0 = Debug|Any CPU
		{10320BA8-3650-41B5-85F2-E9E272C1A079}.Debug|x64.ActiveCfg = Debug|Any CPU
		{10320BA8-3650-41B5-85F2-E9E272C1A079}.Debug|x64.Build.0 = Debug|Any CPU
		{10320BA8-3650-41B5-85F2-E9E272C1A079}.Debug|x86.ActiveCfg = Debug|Any CPU
		{10320BA8-3650-41B5-85F2-E9E272C1A079}.Debug|x86.Build.0 = Debug|Any CPU
		{10320BA8-3650-41B5-85F2-E9E272C1A079}.Release|Any CPU.ActiveCfg = Release|Any CPU
		{10320BA8-3650-41B5-85F2-E9E272C1A079}.Release|Any CPU.Build.0 = Release|Any CPU
		{10320BA8-3650-41B5-85F2-E9E272C1A079}.Release|ARM.ActiveCfg = Release|Any CPU
		{10320BA8-3650-41B5-85F2-E9E272C1A079}.Release|ARM.Build.0 = Release|Any CPU
		{10320BA8-3650-41B5-85F2-E9E272C1A079}.Release|iPhone.ActiveCfg = Release|Any CPU
		{10320BA8-3650-41B5-85F2-E9E272C1A079}.Release|iPhone.Build.0 = Release|Any CPU
		{10320BA8-3650-41B5-85F2-E9E272C1A079}.Release|iPhoneSimulator.ActiveCfg = Release|Any CPU
		{10320BA8-3650-41B5-85F2-E9E272C1A079}.Release|iPhoneSimulator.Build.0 = Release|Any CPU
		{10320BA8-3650-41B5-85F2-E9E272C1A079}.Release|x64.ActiveCfg = Release|Any CPU
		{10320BA8-3650-41B5-85F2-E9E272C1A079}.Release|x64.Build.0 = Release|Any CPU
		{10320BA8-3650-41B5-85F2-E9E272C1A079}.Release|x86.ActiveCfg = Release|Any CPU
		{10320BA8-3650-41B5-85F2-E9E272C1A079}.Release|x86.Build.0 = Release|Any CPU
		{276F5677-4E23-4807-A3A8-7F39C32BFB1D}.Ad-Hoc|Any CPU.ActiveCfg = Release|Any CPU
		{276F5677-4E23-4807-A3A8-7F39C32BFB1D}.Ad-Hoc|Any CPU.Build.0 = Release|Any CPU
		{276F5677-4E23-4807-A3A8-7F39C32BFB1D}.Ad-Hoc|Any CPU.Deploy.0 = Release|Any CPU
		{276F5677-4E23-4807-A3A8-7F39C32BFB1D}.Ad-Hoc|ARM.ActiveCfg = Release|Any CPU
		{276F5677-4E23-4807-A3A8-7F39C32BFB1D}.Ad-Hoc|ARM.Build.0 = Release|Any CPU
		{276F5677-4E23-4807-A3A8-7F39C32BFB1D}.Ad-Hoc|ARM.Deploy.0 = Release|Any CPU
		{276F5677-4E23-4807-A3A8-7F39C32BFB1D}.Ad-Hoc|iPhone.ActiveCfg = Release|Any CPU
		{276F5677-4E23-4807-A3A8-7F39C32BFB1D}.Ad-Hoc|iPhone.Build.0 = Release|Any CPU
		{276F5677-4E23-4807-A3A8-7F39C32BFB1D}.Ad-Hoc|iPhone.Deploy.0 = Release|Any CPU
		{276F5677-4E23-4807-A3A8-7F39C32BFB1D}.Ad-Hoc|iPhoneSimulator.ActiveCfg = Release|Any CPU
		{276F5677-4E23-4807-A3A8-7F39C32BFB1D}.Ad-Hoc|iPhoneSimulator.Build.0 = Release|Any CPU
		{276F5677-4E23-4807-A3A8-7F39C32BFB1D}.Ad-Hoc|iPhoneSimulator.Deploy.0 = Release|Any CPU
		{276F5677-4E23-4807-A3A8-7F39C32BFB1D}.Ad-Hoc|x64.ActiveCfg = Release|Any CPU
		{276F5677-4E23-4807-A3A8-7F39C32BFB1D}.Ad-Hoc|x64.Build.0 = Release|Any CPU
		{276F5677-4E23-4807-A3A8-7F39C32BFB1D}.Ad-Hoc|x64.Deploy.0 = Release|Any CPU
		{276F5677-4E23-4807-A3A8-7F39C32BFB1D}.Ad-Hoc|x86.ActiveCfg = Release|Any CPU
		{276F5677-4E23-4807-A3A8-7F39C32BFB1D}.Ad-Hoc|x86.Build.0 = Release|Any CPU
		{276F5677-4E23-4807-A3A8-7F39C32BFB1D}.Ad-Hoc|x86.Deploy.0 = Release|Any CPU
		{276F5677-4E23-4807-A3A8-7F39C32BFB1D}.AppStore|Any CPU.ActiveCfg = Release|Any CPU
		{276F5677-4E23-4807-A3A8-7F39C32BFB1D}.AppStore|Any CPU.Build.0 = Release|Any CPU
		{276F5677-4E23-4807-A3A8-7F39C32BFB1D}.AppStore|Any CPU.Deploy.0 = Release|Any CPU
		{276F5677-4E23-4807-A3A8-7F39C32BFB1D}.AppStore|ARM.ActiveCfg = Release|Any CPU
		{276F5677-4E23-4807-A3A8-7F39C32BFB1D}.AppStore|ARM.Build.0 = Release|Any CPU
		{276F5677-4E23-4807-A3A8-7F39C32BFB1D}.AppStore|ARM.Deploy.0 = Release|Any CPU
		{276F5677-4E23-4807-A3A8-7F39C32BFB1D}.AppStore|iPhone.ActiveCfg = Release|Any CPU
		{276F5677-4E23-4807-A3A8-7F39C32BFB1D}.AppStore|iPhone.Build.0 = Release|Any CPU
		{276F5677-4E23-4807-A3A8-7F39C32BFB1D}.AppStore|iPhone.Deploy.0 = Release|Any CPU
		{276F5677-4E23-4807-A3A8-7F39C32BFB1D}.AppStore|iPhoneSimulator.ActiveCfg = Release|Any CPU
		{276F5677-4E23-4807-A3A8-7F39C32BFB1D}.AppStore|iPhoneSimulator.Build.0 = Release|Any CPU
		{276F5677-4E23-4807-A3A8-7F39C32BFB1D}.AppStore|iPhoneSimulator.Deploy.0 = Release|Any CPU
		{276F5677-4E23-4807-A3A8-7F39C32BFB1D}.AppStore|x64.ActiveCfg = Release|Any CPU
		{276F5677-4E23-4807-A3A8-7F39C32BFB1D}.AppStore|x64.Build.0 = Release|Any CPU
		{276F5677-4E23-4807-A3A8-7F39C32BFB1D}.AppStore|x64.Deploy.0 = Release|Any CPU
		{276F5677-4E23-4807-A3A8-7F39C32BFB1D}.AppStore|x86.ActiveCfg = Release|Any CPU
		{276F5677-4E23-4807-A3A8-7F39C32BFB1D}.AppStore|x86.Build.0 = Release|Any CPU
		{276F5677-4E23-4807-A3A8-7F39C32BFB1D}.AppStore|x86.Deploy.0 = Release|Any CPU
		{276F5677-4E23-4807-A3A8-7F39C32BFB1D}.Debug|Any CPU.ActiveCfg = Debug|Any CPU
		{276F5677-4E23-4807-A3A8-7F39C32BFB1D}.Debug|Any CPU.Build.0 = Debug|Any CPU
		{276F5677-4E23-4807-A3A8-7F39C32BFB1D}.Debug|Any CPU.Deploy.0 = Debug|Any CPU
		{276F5677-4E23-4807-A3A8-7F39C32BFB1D}.Debug|ARM.ActiveCfg = Debug|Any CPU
		{276F5677-4E23-4807-A3A8-7F39C32BFB1D}.Debug|ARM.Build.0 = Debug|Any CPU
		{276F5677-4E23-4807-A3A8-7F39C32BFB1D}.Debug|ARM.Deploy.0 = Debug|Any CPU
		{276F5677-4E23-4807-A3A8-7F39C32BFB1D}.Debug|iPhone.ActiveCfg = Debug|Any CPU
		{276F5677-4E23-4807-A3A8-7F39C32BFB1D}.Debug|iPhone.Build.0 = Debug|Any CPU
		{276F5677-4E23-4807-A3A8-7F39C32BFB1D}.Debug|iPhone.Deploy.0 = Debug|Any CPU
		{276F5677-4E23-4807-A3A8-7F39C32BFB1D}.Debug|iPhoneSimulator.ActiveCfg = Debug|Any CPU
		{276F5677-4E23-4807-A3A8-7F39C32BFB1D}.Debug|iPhoneSimulator.Build.0 = Debug|Any CPU
		{276F5677-4E23-4807-A3A8-7F39C32BFB1D}.Debug|iPhoneSimulator.Deploy.0 = Debug|Any CPU
		{276F5677-4E23-4807-A3A8-7F39C32BFB1D}.Debug|x64.ActiveCfg = Debug|Any CPU
		{276F5677-4E23-4807-A3A8-7F39C32BFB1D}.Debug|x64.Build.0 = Debug|Any CPU
		{276F5677-4E23-4807-A3A8-7F39C32BFB1D}.Debug|x64.Deploy.0 = Debug|Any CPU
		{276F5677-4E23-4807-A3A8-7F39C32BFB1D}.Debug|x86.ActiveCfg = Debug|Any CPU
		{276F5677-4E23-4807-A3A8-7F39C32BFB1D}.Debug|x86.Build.0 = Debug|Any CPU
		{276F5677-4E23-4807-A3A8-7F39C32BFB1D}.Debug|x86.Deploy.0 = Debug|Any CPU
		{276F5677-4E23-4807-A3A8-7F39C32BFB1D}.Release|Any CPU.ActiveCfg = Release|Any CPU
		{276F5677-4E23-4807-A3A8-7F39C32BFB1D}.Release|Any CPU.Build.0 = Release|Any CPU
		{276F5677-4E23-4807-A3A8-7F39C32BFB1D}.Release|Any CPU.Deploy.0 = Release|Any CPU
		{276F5677-4E23-4807-A3A8-7F39C32BFB1D}.Release|ARM.ActiveCfg = Release|Any CPU
		{276F5677-4E23-4807-A3A8-7F39C32BFB1D}.Release|ARM.Build.0 = Release|Any CPU
		{276F5677-4E23-4807-A3A8-7F39C32BFB1D}.Release|ARM.Deploy.0 = Release|Any CPU
		{276F5677-4E23-4807-A3A8-7F39C32BFB1D}.Release|iPhone.ActiveCfg = Release|Any CPU
		{276F5677-4E23-4807-A3A8-7F39C32BFB1D}.Release|iPhone.Build.0 = Release|Any CPU
		{276F5677-4E23-4807-A3A8-7F39C32BFB1D}.Release|iPhone.Deploy.0 = Release|Any CPU
		{276F5677-4E23-4807-A3A8-7F39C32BFB1D}.Release|iPhoneSimulator.ActiveCfg = Release|Any CPU
		{276F5677-4E23-4807-A3A8-7F39C32BFB1D}.Release|iPhoneSimulator.Build.0 = Release|Any CPU
		{276F5677-4E23-4807-A3A8-7F39C32BFB1D}.Release|iPhoneSimulator.Deploy.0 = Release|Any CPU
		{276F5677-4E23-4807-A3A8-7F39C32BFB1D}.Release|x64.ActiveCfg = Release|Any CPU
		{276F5677-4E23-4807-A3A8-7F39C32BFB1D}.Release|x64.Build.0 = Release|Any CPU
		{276F5677-4E23-4807-A3A8-7F39C32BFB1D}.Release|x64.Deploy.0 = Release|Any CPU
		{276F5677-4E23-4807-A3A8-7F39C32BFB1D}.Release|x86.ActiveCfg = Release|Any CPU
		{276F5677-4E23-4807-A3A8-7F39C32BFB1D}.Release|x86.Build.0 = Release|Any CPU
		{276F5677-4E23-4807-A3A8-7F39C32BFB1D}.Release|x86.Deploy.0 = Release|Any CPU
		{6A127ACE-C1C4-4222-8619-08DD8B2C61A0}.Ad-Hoc|Any CPU.ActiveCfg = Ad-Hoc|iPhone
		{6A127ACE-C1C4-4222-8619-08DD8B2C61A0}.Ad-Hoc|ARM.ActiveCfg = Ad-Hoc|iPhone
		{6A127ACE-C1C4-4222-8619-08DD8B2C61A0}.Ad-Hoc|iPhone.ActiveCfg = Ad-Hoc|iPhone
		{6A127ACE-C1C4-4222-8619-08DD8B2C61A0}.Ad-Hoc|iPhone.Build.0 = Ad-Hoc|iPhone
		{6A127ACE-C1C4-4222-8619-08DD8B2C61A0}.Ad-Hoc|iPhoneSimulator.ActiveCfg = Ad-Hoc|iPhoneSimulator
		{6A127ACE-C1C4-4222-8619-08DD8B2C61A0}.Ad-Hoc|iPhoneSimulator.Build.0 = Ad-Hoc|iPhoneSimulator
		{6A127ACE-C1C4-4222-8619-08DD8B2C61A0}.Ad-Hoc|x64.ActiveCfg = Ad-Hoc|iPhone
		{6A127ACE-C1C4-4222-8619-08DD8B2C61A0}.Ad-Hoc|x86.ActiveCfg = Ad-Hoc|iPhone
		{6A127ACE-C1C4-4222-8619-08DD8B2C61A0}.AppStore|Any CPU.ActiveCfg = AppStore|iPhone
		{6A127ACE-C1C4-4222-8619-08DD8B2C61A0}.AppStore|ARM.ActiveCfg = AppStore|iPhone
		{6A127ACE-C1C4-4222-8619-08DD8B2C61A0}.AppStore|iPhone.ActiveCfg = AppStore|iPhone
		{6A127ACE-C1C4-4222-8619-08DD8B2C61A0}.AppStore|iPhone.Build.0 = AppStore|iPhone
		{6A127ACE-C1C4-4222-8619-08DD8B2C61A0}.AppStore|iPhoneSimulator.ActiveCfg = AppStore|iPhoneSimulator
		{6A127ACE-C1C4-4222-8619-08DD8B2C61A0}.AppStore|iPhoneSimulator.Build.0 = AppStore|iPhoneSimulator
		{6A127ACE-C1C4-4222-8619-08DD8B2C61A0}.AppStore|x64.ActiveCfg = AppStore|iPhone
		{6A127ACE-C1C4-4222-8619-08DD8B2C61A0}.AppStore|x86.ActiveCfg = AppStore|iPhone
		{6A127ACE-C1C4-4222-8619-08DD8B2C61A0}.Debug|Any CPU.ActiveCfg = Debug|iPhone
		{6A127ACE-C1C4-4222-8619-08DD8B2C61A0}.Debug|ARM.ActiveCfg = Debug|iPhone
		{6A127ACE-C1C4-4222-8619-08DD8B2C61A0}.Debug|iPhone.ActiveCfg = Debug|iPhone
		{6A127ACE-C1C4-4222-8619-08DD8B2C61A0}.Debug|iPhone.Build.0 = Debug|iPhone
		{6A127ACE-C1C4-4222-8619-08DD8B2C61A0}.Debug|iPhoneSimulator.ActiveCfg = Debug|iPhoneSimulator
		{6A127ACE-C1C4-4222-8619-08DD8B2C61A0}.Debug|iPhoneSimulator.Build.0 = Debug|iPhoneSimulator
		{6A127ACE-C1C4-4222-8619-08DD8B2C61A0}.Debug|x64.ActiveCfg = Debug|iPhone
		{6A127ACE-C1C4-4222-8619-08DD8B2C61A0}.Debug|x86.ActiveCfg = Debug|iPhone
		{6A127ACE-C1C4-4222-8619-08DD8B2C61A0}.Release|Any CPU.ActiveCfg = Release|iPhone
		{6A127ACE-C1C4-4222-8619-08DD8B2C61A0}.Release|ARM.ActiveCfg = Release|iPhone
		{6A127ACE-C1C4-4222-8619-08DD8B2C61A0}.Release|iPhone.ActiveCfg = Release|iPhone
		{6A127ACE-C1C4-4222-8619-08DD8B2C61A0}.Release|iPhone.Build.0 = Release|iPhone
		{6A127ACE-C1C4-4222-8619-08DD8B2C61A0}.Release|iPhoneSimulator.ActiveCfg = Release|iPhoneSimulator
		{6A127ACE-C1C4-4222-8619-08DD8B2C61A0}.Release|iPhoneSimulator.Build.0 = Release|iPhoneSimulator
		{6A127ACE-C1C4-4222-8619-08DD8B2C61A0}.Release|x64.ActiveCfg = Release|iPhone
		{6A127ACE-C1C4-4222-8619-08DD8B2C61A0}.Release|x86.ActiveCfg = Release|iPhone
		{02A8B098-AF50-4CFD-B363-19F04FC66EAC}.Ad-Hoc|Any CPU.ActiveCfg = Release|x86
		{02A8B098-AF50-4CFD-B363-19F04FC66EAC}.Ad-Hoc|Any CPU.Build.0 = Release|x86
		{02A8B098-AF50-4CFD-B363-19F04FC66EAC}.Ad-Hoc|Any CPU.Deploy.0 = Release|x86
		{02A8B098-AF50-4CFD-B363-19F04FC66EAC}.Ad-Hoc|ARM.ActiveCfg = Release|ARM
		{02A8B098-AF50-4CFD-B363-19F04FC66EAC}.Ad-Hoc|ARM.Build.0 = Release|ARM
		{02A8B098-AF50-4CFD-B363-19F04FC66EAC}.Ad-Hoc|ARM.Deploy.0 = Release|ARM
		{02A8B098-AF50-4CFD-B363-19F04FC66EAC}.Ad-Hoc|iPhone.ActiveCfg = Release|x86
		{02A8B098-AF50-4CFD-B363-19F04FC66EAC}.Ad-Hoc|iPhone.Build.0 = Release|x86
		{02A8B098-AF50-4CFD-B363-19F04FC66EAC}.Ad-Hoc|iPhone.Deploy.0 = Release|x86
		{02A8B098-AF50-4CFD-B363-19F04FC66EAC}.Ad-Hoc|iPhoneSimulator.ActiveCfg = Release|x86
		{02A8B098-AF50-4CFD-B363-19F04FC66EAC}.Ad-Hoc|iPhoneSimulator.Build.0 = Release|x86
		{02A8B098-AF50-4CFD-B363-19F04FC66EAC}.Ad-Hoc|iPhoneSimulator.Deploy.0 = Release|x86
		{02A8B098-AF50-4CFD-B363-19F04FC66EAC}.Ad-Hoc|x64.ActiveCfg = Release|x64
		{02A8B098-AF50-4CFD-B363-19F04FC66EAC}.Ad-Hoc|x64.Build.0 = Release|x64
		{02A8B098-AF50-4CFD-B363-19F04FC66EAC}.Ad-Hoc|x64.Deploy.0 = Release|x64
		{02A8B098-AF50-4CFD-B363-19F04FC66EAC}.Ad-Hoc|x86.ActiveCfg = Release|x86
		{02A8B098-AF50-4CFD-B363-19F04FC66EAC}.Ad-Hoc|x86.Build.0 = Release|x86
		{02A8B098-AF50-4CFD-B363-19F04FC66EAC}.Ad-Hoc|x86.Deploy.0 = Release|x86
		{02A8B098-AF50-4CFD-B363-19F04FC66EAC}.AppStore|Any CPU.ActiveCfg = Release|x86
		{02A8B098-AF50-4CFD-B363-19F04FC66EAC}.AppStore|Any CPU.Build.0 = Release|x86
		{02A8B098-AF50-4CFD-B363-19F04FC66EAC}.AppStore|Any CPU.Deploy.0 = Release|x86
		{02A8B098-AF50-4CFD-B363-19F04FC66EAC}.AppStore|ARM.ActiveCfg = Release|ARM
		{02A8B098-AF50-4CFD-B363-19F04FC66EAC}.AppStore|ARM.Build.0 = Release|ARM
		{02A8B098-AF50-4CFD-B363-19F04FC66EAC}.AppStore|ARM.Deploy.0 = Release|ARM
		{02A8B098-AF50-4CFD-B363-19F04FC66EAC}.AppStore|iPhone.ActiveCfg = Release|x86
		{02A8B098-AF50-4CFD-B363-19F04FC66EAC}.AppStore|iPhone.Build.0 = Release|x86
		{02A8B098-AF50-4CFD-B363-19F04FC66EAC}.AppStore|iPhone.Deploy.0 = Release|x86
		{02A8B098-AF50-4CFD-B363-19F04FC66EAC}.AppStore|iPhoneSimulator.ActiveCfg = Release|x86
		{02A8B098-AF50-4CFD-B363-19F04FC66EAC}.AppStore|iPhoneSimulator.Build.0 = Release|x86
		{02A8B098-AF50-4CFD-B363-19F04FC66EAC}.AppStore|iPhoneSimulator.Deploy.0 = Release|x86
		{02A8B098-AF50-4CFD-B363-19F04FC66EAC}.AppStore|x64.ActiveCfg = Release|x64
		{02A8B098-AF50-4CFD-B363-19F04FC66EAC}.AppStore|x64.Build.0 = Release|x64
		{02A8B098-AF50-4CFD-B363-19F04FC66EAC}.AppStore|x64.Deploy.0 = Release|x64
		{02A8B098-AF50-4CFD-B363-19F04FC66EAC}.AppStore|x86.ActiveCfg = Release|x86
		{02A8B098-AF50-4CFD-B363-19F04FC66EAC}.AppStore|x86.Build.0 = Release|x86
		{02A8B098-AF50-4CFD-B363-19F04FC66EAC}.AppStore|x86.Deploy.0 = Release|x86
		{02A8B098-AF50-4CFD-B363-19F04FC66EAC}.Debug|Any CPU.ActiveCfg = Debug|x86
		{02A8B098-AF50-4CFD-B363-19F04FC66EAC}.Debug|ARM.ActiveCfg = Debug|ARM
		{02A8B098-AF50-4CFD-B363-19F04FC66EAC}.Debug|ARM.Build.0 = Debug|ARM
		{02A8B098-AF50-4CFD-B363-19F04FC66EAC}.Debug|ARM.Deploy.0 = Debug|ARM
		{02A8B098-AF50-4CFD-B363-19F04FC66EAC}.Debug|iPhone.ActiveCfg = Debug|x86
		{02A8B098-AF50-4CFD-B363-19F04FC66EAC}.Debug|iPhoneSimulator.ActiveCfg = Debug|x86
		{02A8B098-AF50-4CFD-B363-19F04FC66EAC}.Debug|x64.ActiveCfg = Debug|x64
		{02A8B098-AF50-4CFD-B363-19F04FC66EAC}.Debug|x64.Build.0 = Debug|x64
		{02A8B098-AF50-4CFD-B363-19F04FC66EAC}.Debug|x64.Deploy.0 = Debug|x64
		{02A8B098-AF50-4CFD-B363-19F04FC66EAC}.Debug|x86.ActiveCfg = Debug|x86
		{02A8B098-AF50-4CFD-B363-19F04FC66EAC}.Debug|x86.Build.0 = Debug|x86
		{02A8B098-AF50-4CFD-B363-19F04FC66EAC}.Debug|x86.Deploy.0 = Debug|x86
		{02A8B098-AF50-4CFD-B363-19F04FC66EAC}.Release|Any CPU.ActiveCfg = Release|x86
		{02A8B098-AF50-4CFD-B363-19F04FC66EAC}.Release|ARM.ActiveCfg = Release|ARM
		{02A8B098-AF50-4CFD-B363-19F04FC66EAC}.Release|ARM.Build.0 = Release|ARM
		{02A8B098-AF50-4CFD-B363-19F04FC66EAC}.Release|ARM.Deploy.0 = Release|ARM
		{02A8B098-AF50-4CFD-B363-19F04FC66EAC}.Release|iPhone.ActiveCfg = Release|x86
		{02A8B098-AF50-4CFD-B363-19F04FC66EAC}.Release|iPhoneSimulator.ActiveCfg = Release|x86
		{02A8B098-AF50-4CFD-B363-19F04FC66EAC}.Release|x64.ActiveCfg = Release|x64
		{02A8B098-AF50-4CFD-B363-19F04FC66EAC}.Release|x64.Build.0 = Release|x64
		{02A8B098-AF50-4CFD-B363-19F04FC66EAC}.Release|x64.Deploy.0 = Release|x64
		{02A8B098-AF50-4CFD-B363-19F04FC66EAC}.Release|x86.ActiveCfg = Release|x86
		{02A8B098-AF50-4CFD-B363-19F04FC66EAC}.Release|x86.Build.0 = Release|x86
		{02A8B098-AF50-4CFD-B363-19F04FC66EAC}.Release|x86.Deploy.0 = Release|x86
	EndGlobalSection
	GlobalSection(SolutionProperties) = preSolution
		HideSolutionNode = FALSE
	EndGlobalSection
EndGlobal
