
Microsoft Visual Studio Solution File, Format Version 12.00
# Visual Studio 15
VisualStudioVersion = 15.0.26430.16
MinimumVisualStudioVersion = 10.0.40219.1
Project("{FAE04EC0-301F-11D3-BF4B-00C04F79EFBC}") = "XFBindingContext", "XFBindingContext\XFBindingContext\XFBindingContext.csproj", "{E46CE81C-C862-4B3D-80DC-8BEC95B9C58F}"
EndProject
Project("{FAE04EC0-301F-11D3-BF4B-00C04F79EFBC}") = "XFBindingContext.Droid", "XFBindingContext\XFBindingContext.Droid\XFBindingContext.Droid.csproj", "{7CFEE2A7-FF9E-4A7A-B417-D24341ED5254}"
EndProject
Project("{FAE04EC0-301F-11D3-BF4B-00C04F79EFBC}") = "XFBindingContext.iOS", "XFBindingContext\XFBindingContext.iOS\XFBindingContext.iOS.csproj", "{0F5E54C5-7B45-462E-AC37-A2D2BA08F907}"
EndProject
Project("{FAE04EC0-301F-11D3-BF4B-00C04F79EFBC}") = "XFBindingContext.UWP", "XFBindingContext\XFBindingContext.UWP\XFBindingContext.UWP.csproj", "{C3A34C42-3667-4EC4-9F88-FFB72AD3E02B}"
EndProject
Global
	GlobalSection(SolutionConfigurationPlatforms) = preSolution
		Ad-Hoc|Any CPU = Ad-Hoc|Any CPU
		Ad-Hoc|ARM = Ad-Hoc|ARM
		Ad-Hoc|iPhone = Ad-Hoc|iPhone
		Ad-Hoc|iPhoneSimulator = Ad-Hoc|iPhoneSimulator
		Ad-Hoc|x64 = Ad-Hoc|x64
		Ad-Hoc|x86 = Ad-Hoc|x86
		AppStore|Any CPU = AppStore|Any CPU
		AppStore|ARM = AppStore|ARM
		AppStore|iPhone = AppStore|iPhone
		AppStore|iPhoneSimulator = AppStore|iPhoneSimulator
		AppStore|x64 = AppStore|x64
		AppStore|x86 = AppStore|x86
		Debug|Any CPU = Debug|Any CPU
		Debug|ARM = Debug|ARM
		Debug|iPhone = Debug|iPhone
		Debug|iPhoneSimulator = Debug|iPhoneSimulator
		Debug|x64 = Debug|x64
		Debug|x86 = Debug|x86
		Release|Any CPU = Release|Any CPU
		Release|ARM = Release|ARM
		Release|iPhone = Release|iPhone
		Release|iPhoneSimulator = Release|iPhoneSimulator
		Release|x64 = Release|x64
		Release|x86 = Release|x86
	EndGlobalSection
	GlobalSection(ProjectConfigurationPlatforms) = postSolution
		{E46CE81C-C862-4B3D-80DC-8BEC95B9C58F}.Ad-Hoc|Any CPU.ActiveCfg = Release|Any CPU
		{E46CE81C-C862-4B3D-80DC-8BEC95B9C58F}.Ad-Hoc|Any CPU.Build.0 = Release|Any CPU
		{E46CE81C-C862-4B3D-80DC-8BEC95B9C58F}.Ad-Hoc|ARM.ActiveCfg = Release|Any CPU
		{E46CE81C-C862-4B3D-80DC-8BEC95B9C58F}.Ad-Hoc|ARM.Build.0 = Release|Any CPU
		{E46CE81C-C862-4B3D-80DC-8BEC95B9C58F}.Ad-Hoc|iPhone.ActiveCfg = Release|Any CPU
		{E46CE81C-C862-4B3D-80DC-8BEC95B9C58F}.Ad-Hoc|iPhone.Build.0 = Release|Any CPU
		{E46CE81C-C862-4B3D-80DC-8BEC95B9C58F}.Ad-Hoc|iPhoneSimulator.ActiveCfg = Release|Any CPU
		{E46CE81C-C862-4B3D-80DC-8BEC95B9C58F}.Ad-Hoc|iPhoneSimulator.Build.0 = Release|Any CPU
		{E46CE81C-C862-4B3D-80DC-8BEC95B9C58F}.Ad-Hoc|x64.ActiveCfg = Release|Any CPU
		{E46CE81C-C862-4B3D-80DC-8BEC95B9C58F}.Ad-Hoc|x64.Build.0 = Release|Any CPU
		{E46CE81C-C862-4B3D-80DC-8BEC95B9C58F}.Ad-Hoc|x86.ActiveCfg = Release|Any CPU
		{E46CE81C-C862-4B3D-80DC-8BEC95B9C58F}.Ad-Hoc|x86.Build.0 = Release|Any CPU
		{E46CE81C-C862-4B3D-80DC-8BEC95B9C58F}.AppStore|Any CPU.ActiveCfg = Release|Any CPU
		{E46CE81C-C862-4B3D-80DC-8BEC95B9C58F}.AppStore|Any CPU.Build.0 = Release|Any CPU
		{E46CE81C-C862-4B3D-80DC-8BEC95B9C58F}.AppStore|ARM.ActiveCfg = Release|Any CPU
		{E46CE81C-C862-4B3D-80DC-8BEC95B9C58F}.AppStore|ARM.Build.0 = Release|Any CPU
		{E46CE81C-C862-4B3D-80DC-8BEC95B9C58F}.AppStore|iPhone.ActiveCfg = Release|Any CPU
		{E46CE81C-C862-4B3D-80DC-8BEC95B9C58F}.AppStore|iPhone.Build.0 = Release|Any CPU
		{E46CE81C-C862-4B3D-80DC-8BEC95B9C58F}.AppStore|iPhoneSimulator.ActiveCfg = Release|Any CPU
		{E46CE81C-C862-4B3D-80DC-8BEC95B9C58F}.AppStore|iPhoneSimulator.Build.0 = Release|Any CPU
		{E46CE81C-C862-4B3D-80DC-8BEC95B9C58F}.AppStore|x64.ActiveCfg = Release|Any CPU
		{E46CE81C-C862-4B3D-80DC-8BEC95B9C58F}.AppStore|x64.Build.0 = Release|Any CPU
		{E46CE81C-C862-4B3D-80DC-8BEC95B9C58F}.AppStore|x86.ActiveCfg = Release|Any CPU
		{E46CE81C-C862-4B3D-80DC-8BEC95B9C58F}.AppStore|x86.Build.0 = Release|Any CPU
		{E46CE81C-C862-4B3D-80DC-8BEC95B9C58F}.Debug|Any CPU.ActiveCfg = Debug|Any CPU
		{E46CE81C-C862-4B3D-80DC-8BEC95B9C58F}.Debug|Any CPU.Build.0 = Debug|Any CPU
		{E46CE81C-C862-4B3D-80DC-8BEC95B9C58F}.Debug|ARM.ActiveCfg = Debug|Any CPU
		{E46CE81C-C862-4B3D-80DC-8BEC95B9C58F}.Debug|ARM.Build.0 = Debug|Any CPU
		{E46CE81C-C862-4B3D-80DC-8BEC95B9C58F}.Debug|iPhone.ActiveCfg = Debug|Any CPU
		{E46CE81C-C862-4B3D-80DC-8BEC95B9C58F}.Debug|iPhone.Build.0 = Debug|Any CPU
		{E46CE81C-C862-4B3D-80DC-8BEC95B9C58F}.Debug|iPhoneSimulator.ActiveCfg = Debug|Any CPU
		{E46CE81C-C862-4B3D-80DC-8BEC95B9C58F}.Debug|iPhoneSimulator.Build.0 = Debug|Any CPU
		{E46CE81C-C862-4B3D-80DC-8BEC95B9C58F}.Debug|x64.ActiveCfg = Debug|Any CPU
		{E46CE81C-C862-4B3D-80DC-8BEC95B9C58F}.Debug|x64.Build.0 = Debug|Any CPU
		{E46CE81C-C862-4B3D-80DC-8BEC95B9C58F}.Debug|x86.ActiveCfg = Debug|Any CPU
		{E46CE81C-C862-4B3D-80DC-8BEC95B9C58F}.Debug|x86.Build.0 = Debug|Any CPU
		{E46CE81C-C862-4B3D-80DC-8BEC95B9C58F}.Release|Any CPU.ActiveCfg = Release|Any CPU
		{E46CE81C-C862-4B3D-80DC-8BEC95B9C58F}.Release|Any CPU.Build.0 = Release|Any CPU
		{E46CE81C-C862-4B3D-80DC-8BEC95B9C58F}.Release|ARM.ActiveCfg = Release|Any CPU
		{E46CE81C-C862-4B3D-80DC-8BEC95B9C58F}.Release|ARM.Build.0 = Release|Any CPU
		{E46CE81C-C862-4B3D-80DC-8BEC95B9C58F}.Release|iPhone.ActiveCfg = Release|Any CPU
		{E46CE81C-C862-4B3D-80DC-8BEC95B9C58F}.Release|iPhone.Build.0 = Release|Any CPU
		{E46CE81C-C862-4B3D-80DC-8BEC95B9C58F}.Release|iPhoneSimulator.ActiveCfg = Release|Any CPU
		{E46CE81C-C862-4B3D-80DC-8BEC95B9C58F}.Release|iPhoneSimulator.Build.0 = Release|Any CPU
		{E46CE81C-C862-4B3D-80DC-8BEC95B9C58F}.Release|x64.ActiveCfg = Release|Any CPU
		{E46CE81C-C862-4B3D-80DC-8BEC95B9C58F}.Release|x64.Build.0 = Release|Any CPU
		{E46CE81C-C862-4B3D-80DC-8BEC95B9C58F}.Release|x86.ActiveCfg = Release|Any CPU
		{E46CE81C-C862-4B3D-80DC-8BEC95B9C58F}.Release|x86.Build.0 = Release|Any CPU
		{7CFEE2A7-FF9E-4A7A-B417-D24341ED5254}.Ad-Hoc|Any CPU.ActiveCfg = Release|Any CPU
		{7CFEE2A7-FF9E-4A7A-B417-D24341ED5254}.Ad-Hoc|Any CPU.Build.0 = Release|Any CPU
		{7CFEE2A7-FF9E-4A7A-B417-D24341ED5254}.Ad-Hoc|Any CPU.Deploy.0 = Release|Any CPU
		{7CFEE2A7-FF9E-4A7A-B417-D24341ED5254}.Ad-Hoc|ARM.ActiveCfg = Release|Any CPU
		{7CFEE2A7-FF9E-4A7A-B417-D24341ED5254}.Ad-Hoc|ARM.Build.0 = Release|Any CPU
		{7CFEE2A7-FF9E-4A7A-B417-D24341ED5254}.Ad-Hoc|ARM.Deploy.0 = Release|Any CPU
		{7CFEE2A7-FF9E-4A7A-B417-D24341ED5254}.Ad-Hoc|iPhone.ActiveCfg = Release|Any CPU
		{7CFEE2A7-FF9E-4A7A-B417-D24341ED5254}.Ad-Hoc|iPhone.Build.0 = Release|Any CPU
		{7CFEE2A7-FF9E-4A7A-B417-D24341ED5254}.Ad-Hoc|iPhone.Deploy.0 = Release|Any CPU
		{7CFEE2A7-FF9E-4A7A-B417-D24341ED5254}.Ad-Hoc|iPhoneSimulator.ActiveCfg = Release|Any CPU
		{7CFEE2A7-FF9E-4A7A-B417-D24341ED5254}.Ad-Hoc|iPhoneSimulator.Build.0 = Release|Any CPU
		{7CFEE2A7-FF9E-4A7A-B417-D24341ED5254}.Ad-Hoc|iPhoneSimulator.Deploy.0 = Release|Any CPU
		{7CFEE2A7-FF9E-4A7A-B417-D24341ED5254}.Ad-Hoc|x64.ActiveCfg = Release|Any CPU
		{7CFEE2A7-FF9E-4A7A-B417-D24341ED5254}.Ad-Hoc|x64.Build.0 = Release|Any CPU
		{7CFEE2A7-FF9E-4A7A-B417-D24341ED5254}.Ad-Hoc|x64.Deploy.0 = Release|Any CPU
		{7CFEE2A7-FF9E-4A7A-B417-D24341ED5254}.Ad-Hoc|x86.ActiveCfg = Release|Any CPU
		{7CFEE2A7-FF9E-4A7A-B417-D24341ED5254}.Ad-Hoc|x86.Build.0 = Release|Any CPU
		{7CFEE2A7-FF9E-4A7A-B417-D24341ED5254}.Ad-Hoc|x86.Deploy.0 = Release|Any CPU
		{7CFEE2A7-FF9E-4A7A-B417-D24341ED5254}.AppStore|Any CPU.ActiveCfg = Release|Any CPU
		{7CFEE2A7-FF9E-4A7A-B417-D24341ED5254}.AppStore|Any CPU.Build.0 = Release|Any CPU
		{7CFEE2A7-FF9E-4A7A-B417-D24341ED5254}.AppStore|Any CPU.Deploy.0 = Release|Any CPU
		{7CFEE2A7-FF9E-4A7A-B417-D24341ED5254}.AppStore|ARM.ActiveCfg = Release|Any CPU
		{7CFEE2A7-FF9E-4A7A-B417-D24341ED5254}.AppStore|ARM.Build.0 = Release|Any CPU
		{7CFEE2A7-FF9E-4A7A-B417-D24341ED5254}.AppStore|ARM.Deploy.0 = Release|Any CPU
		{7CFEE2A7-FF9E-4A7A-B417-D24341ED5254}.AppStore|iPhone.ActiveCfg = Release|Any CPU
		{7CFEE2A7-FF9E-4A7A-B417-D24341ED5254}.AppStore|iPhone.Build.0 = Release|Any CPU
		{7CFEE2A7-FF9E-4A7A-B417-D24341ED5254}.AppStore|iPhone.Deploy.0 = Release|Any CPU
		{7CFEE2A7-FF9E-4A7A-B417-D24341ED5254}.AppStore|iPhoneSimulator.ActiveCfg = Release|Any CPU
		{7CFEE2A7-FF9E-4A7A-B417-D24341ED5254}.AppStore|iPhoneSimulator.Build.0 = Release|Any CPU
		{7CFEE2A7-FF9E-4A7A-B417-D24341ED5254}.AppStore|iPhoneSimulator.Deploy.0 = Release|Any CPU
		{7CFEE2A7-FF9E-4A7A-B417-D24341ED5254}.AppStore|x64.ActiveCfg = Release|Any CPU
		{7CFEE2A7-FF9E-4A7A-B417-D24341ED5254}.AppStore|x64.Build.0 = Release|Any CPU
		{7CFEE2A7-FF9E-4A7A-B417-D24341ED5254}.AppStore|x64.Deploy.0 = Release|Any CPU
		{7CFEE2A7-FF9E-4A7A-B417-D24341ED5254}.AppStore|x86.ActiveCfg = Release|Any CPU
		{7CFEE2A7-FF9E-4A7A-B417-D24341ED5254}.AppStore|x86.Build.0 = Release|Any CPU
		{7CFEE2A7-FF9E-4A7A-B417-D24341ED5254}.AppStore|x86.Deploy.0 = Release|Any CPU
		{7CFEE2A7-FF9E-4A7A-B417-D24341ED5254}.Debug|Any CPU.ActiveCfg = Debug|Any CPU
		{7CFEE2A7-FF9E-4A7A-B417-D24341ED5254}.Debug|Any CPU.Build.0 = Debug|Any CPU
		{7CFEE2A7-FF9E-4A7A-B417-D24341ED5254}.Debug|Any CPU.Deploy.0 = Debug|Any CPU
		{7CFEE2A7-FF9E-4A7A-B417-D24341ED5254}.Debug|ARM.ActiveCfg = Debug|Any CPU
		{7CFEE2A7-FF9E-4A7A-B417-D24341ED5254}.Debug|ARM.Build.0 = Debug|Any CPU
		{7CFEE2A7-FF9E-4A7A-B417-D24341ED5254}.Debug|ARM.Deploy.0 = Debug|Any CPU
		{7CFEE2A7-FF9E-4A7A-B417-D24341ED5254}.Debug|iPhone.ActiveCfg = Debug|Any CPU
		{7CFEE2A7-FF9E-4A7A-B417-D24341ED5254}.Debug|iPhone.Build.0 = Debug|Any CPU
		{7CFEE2A7-FF9E-4A7A-B417-D24341ED5254}.Debug|iPhone.Deploy.0 = Debug|Any CPU
		{7CFEE2A7-FF9E-4A7A-B417-D24341ED5254}.Debug|iPhoneSimulator.ActiveCfg = Debug|Any CPU
		{7CFEE2A7-FF9E-4A7A-B417-D24341ED5254}.Debug|iPhoneSimulator.Build.0 = Debug|Any CPU
		{7CFEE2A7-FF9E-4A7A-B417-D24341ED5254}.Debug|iPhoneSimulator.Deploy.0 = Debug|Any CPU
		{7CFEE2A7-FF9E-4A7A-B417-D24341ED5254}.Debug|x64.ActiveCfg = Debug|Any CPU
		{7CFEE2A7-FF9E-4A7A-B417-D24341ED5254}.Debug|x64.Build.0 = Debug|Any CPU
		{7CFEE2A7-FF9E-4A7A-B417-D24341ED5254}.Debug|x64.Deploy.0 = Debug|Any CPU
		{7CFEE2A7-FF9E-4A7A-B417-D24341ED5254}.Debug|x86.ActiveCfg = Debug|Any CPU
		{7CFEE2A7-FF9E-4A7A-B417-D24341ED5254}.Debug|x86.Build.0 = Debug|Any CPU
		{7CFEE2A7-FF9E-4A7A-B417-D24341ED5254}.Debug|x86.Deploy.0 = Debug|Any CPU
		{7CFEE2A7-FF9E-4A7A-B417-D24341ED5254}.Release|Any CPU.ActiveCfg = Release|Any CPU
		{7CFEE2A7-FF9E-4A7A-B417-D24341ED5254}.Release|Any CPU.Build.0 = Release|Any CPU
		{7CFEE2A7-FF9E-4A7A-B417-D24341ED5254}.Release|Any CPU.Deploy.0 = Release|Any CPU
		{7CFEE2A7-FF9E-4A7A-B417-D24341ED5254}.Release|ARM.ActiveCfg = Release|Any CPU
		{7CFEE2A7-FF9E-4A7A-B417-D24341ED5254}.Release|ARM.Build.0 = Release|Any CPU
		{7CFEE2A7-FF9E-4A7A-B417-D24341ED5254}.Release|ARM.Deploy.0 = Release|Any CPU
		{7CFEE2A7-FF9E-4A7A-B417-D24341ED5254}.Release|iPhone.ActiveCfg = Release|Any CPU
		{7CFEE2A7-FF9E-4A7A-B417-D24341ED5254}.Release|iPhone.Build.0 = Release|Any CPU
		{7CFEE2A7-FF9E-4A7A-B417-D24341ED5254}.Release|iPhone.Deploy.0 = Release|Any CPU
		{7CFEE2A7-FF9E-4A7A-B417-D24341ED5254}.Release|iPhoneSimulator.ActiveCfg = Release|Any CPU
		{7CFEE2A7-FF9E-4A7A-B417-D24341ED5254}.Release|iPhoneSimulator.Build.0 = Release|Any CPU
		{7CFEE2A7-FF9E-4A7A-B417-D24341ED5254}.Release|iPhoneSimulator.Deploy.0 = Release|Any CPU
		{7CFEE2A7-FF9E-4A7A-B417-D24341ED5254}.Release|x64.ActiveCfg = Release|Any CPU
		{7CFEE2A7-FF9E-4A7A-B417-D24341ED5254}.Release|x64.Build.0 = Release|Any CPU
		{7CFEE2A7-FF9E-4A7A-B417-D24341ED5254}.Release|x64.Deploy.0 = Release|Any CPU
		{7CFEE2A7-FF9E-4A7A-B417-D24341ED5254}.Release|x86.ActiveCfg = Release|Any CPU
		{7CFEE2A7-FF9E-4A7A-B417-D24341ED5254}.Release|x86.Build.0 = Release|Any CPU
		{7CFEE2A7-FF9E-4A7A-B417-D24341ED5254}.Release|x86.Deploy.0 = Release|Any CPU
		{0F5E54C5-7B45-462E-AC37-A2D2BA08F907}.Ad-Hoc|Any CPU.ActiveCfg = Ad-Hoc|iPhone
		{0F5E54C5-7B45-462E-AC37-A2D2BA08F907}.Ad-Hoc|ARM.ActiveCfg = Ad-Hoc|iPhone
		{0F5E54C5-7B45-462E-AC37-A2D2BA08F907}.Ad-Hoc|iPhone.ActiveCfg = Ad-Hoc|iPhone
		{0F5E54C5-7B45-462E-AC37-A2D2BA08F907}.Ad-Hoc|iPhone.Build.0 = Ad-Hoc|iPhone
		{0F5E54C5-7B45-462E-AC37-A2D2BA08F907}.Ad-Hoc|iPhoneSimulator.ActiveCfg = Ad-Hoc|iPhoneSimulator
		{0F5E54C5-7B45-462E-AC37-A2D2BA08F907}.Ad-Hoc|iPhoneSimulator.Build.0 = Ad-Hoc|iPhoneSimulator
		{0F5E54C5-7B45-462E-AC37-A2D2BA08F907}.Ad-Hoc|x64.ActiveCfg = Ad-Hoc|iPhone
		{0F5E54C5-7B45-462E-AC37-A2D2BA08F907}.Ad-Hoc|x86.ActiveCfg = Ad-Hoc|iPhone
		{0F5E54C5-7B45-462E-AC37-A2D2BA08F907}.AppStore|Any CPU.ActiveCfg = AppStore|iPhone
		{0F5E54C5-7B45-462E-AC37-A2D2BA08F907}.AppStore|ARM.ActiveCfg = AppStore|iPhone
		{0F5E54C5-7B45-462E-AC37-A2D2BA08F907}.AppStore|iPhone.ActiveCfg = AppStore|iPhone
		{0F5E54C5-7B45-462E-AC37-A2D2BA08F907}.AppStore|iPhone.Build.0 = AppStore|iPhone
		{0F5E54C5-7B45-462E-AC37-A2D2BA08F907}.AppStore|iPhoneSimulator.ActiveCfg = AppStore|iPhoneSimulator
		{0F5E54C5-7B45-462E-AC37-A2D2BA08F907}.AppStore|iPhoneSimulator.Build.0 = AppStore|iPhoneSimulator
		{0F5E54C5-7B45-462E-AC37-A2D2BA08F907}.AppStore|x64.ActiveCfg = AppStore|iPhone
		{0F5E54C5-7B45-462E-AC37-A2D2BA08F907}.AppStore|x86.ActiveCfg = AppStore|iPhone
		{0F5E54C5-7B45-462E-AC37-A2D2BA08F907}.Debug|Any CPU.ActiveCfg = Debug|iPhone
		{0F5E54C5-7B45-462E-AC37-A2D2BA08F907}.Debug|ARM.ActiveCfg = Debug|iPhone
		{0F5E54C5-7B45-462E-AC37-A2D2BA08F907}.Debug|iPhone.ActiveCfg = Debug|iPhone
		{0F5E54C5-7B45-462E-AC37-A2D2BA08F907}.Debug|iPhone.Build.0 = Debug|iPhone
		{0F5E54C5-7B45-462E-AC37-A2D2BA08F907}.Debug|iPhoneSimulator.ActiveCfg = Debug|iPhoneSimulator
		{0F5E54C5-7B45-462E-AC37-A2D2BA08F907}.Debug|iPhoneSimulator.Build.0 = Debug|iPhoneSimulator
		{0F5E54C5-7B45-462E-AC37-A2D2BA08F907}.Debug|x64.ActiveCfg = Debug|iPhone
		{0F5E54C5-7B45-462E-AC37-A2D2BA08F907}.Debug|x86.ActiveCfg = Debug|iPhone
		{0F5E54C5-7B45-462E-AC37-A2D2BA08F907}.Release|Any CPU.ActiveCfg = Release|iPhone
		{0F5E54C5-7B45-462E-AC37-A2D2BA08F907}.Release|ARM.ActiveCfg = Release|iPhone
		{0F5E54C5-7B45-462E-AC37-A2D2BA08F907}.Release|iPhone.ActiveCfg = Release|iPhone
		{0F5E54C5-7B45-462E-AC37-A2D2BA08F907}.Release|iPhone.Build.0 = Release|iPhone
		{0F5E54C5-7B45-462E-AC37-A2D2BA08F907}.Release|iPhoneSimulator.ActiveCfg = Release|iPhoneSimulator
		{0F5E54C5-7B45-462E-AC37-A2D2BA08F907}.Release|iPhoneSimulator.Build.0 = Release|iPhoneSimulator
		{0F5E54C5-7B45-462E-AC37-A2D2BA08F907}.Release|x64.ActiveCfg = Release|iPhone
		{0F5E54C5-7B45-462E-AC37-A2D2BA08F907}.Release|x86.ActiveCfg = Release|iPhone
		{C3A34C42-3667-4EC4-9F88-FFB72AD3E02B}.Ad-Hoc|Any CPU.ActiveCfg = Release|x86
		{C3A34C42-3667-4EC4-9F88-FFB72AD3E02B}.Ad-Hoc|Any CPU.Build.0 = Release|x86
		{C3A34C42-3667-4EC4-9F88-FFB72AD3E02B}.Ad-Hoc|Any CPU.Deploy.0 = Release|x86
		{C3A34C42-3667-4EC4-9F88-FFB72AD3E02B}.Ad-Hoc|ARM.ActiveCfg = Release|ARM
		{C3A34C42-3667-4EC4-9F88-FFB72AD3E02B}.Ad-Hoc|ARM.Build.0 = Release|ARM
		{C3A34C42-3667-4EC4-9F88-FFB72AD3E02B}.Ad-Hoc|ARM.Deploy.0 = Release|ARM
		{C3A34C42-3667-4EC4-9F88-FFB72AD3E02B}.Ad-Hoc|iPhone.ActiveCfg = Release|x86
		{C3A34C42-3667-4EC4-9F88-FFB72AD3E02B}.Ad-Hoc|iPhone.Build.0 = Release|x86
		{C3A34C42-3667-4EC4-9F88-FFB72AD3E02B}.Ad-Hoc|iPhone.Deploy.0 = Release|x86
		{C3A34C42-3667-4EC4-9F88-FFB72AD3E02B}.Ad-Hoc|iPhoneSimulator.ActiveCfg = Release|x86
		{C3A34C42-3667-4EC4-9F88-FFB72AD3E02B}.Ad-Hoc|iPhoneSimulator.Build.0 = Release|x86
		{C3A34C42-3667-4EC4-9F88-FFB72AD3E02B}.Ad-Hoc|iPhoneSimulator.Deploy.0 = Release|x86
		{C3A34C42-3667-4EC4-9F88-FFB72AD3E02B}.Ad-Hoc|x64.ActiveCfg = Release|x64
		{C3A34C42-3667-4EC4-9F88-FFB72AD3E02B}.Ad-Hoc|x64.Build.0 = Release|x64
		{C3A34C42-3667-4EC4-9F88-FFB72AD3E02B}.Ad-Hoc|x64.Deploy.0 = Release|x64
		{C3A34C42-3667-4EC4-9F88-FFB72AD3E02B}.Ad-Hoc|x86.ActiveCfg = Release|x86
		{C3A34C42-3667-4EC4-9F88-FFB72AD3E02B}.Ad-Hoc|x86.Build.0 = Release|x86
		{C3A34C42-3667-4EC4-9F88-FFB72AD3E02B}.Ad-Hoc|x86.Deploy.0 = Release|x86
		{C3A34C42-3667-4EC4-9F88-FFB72AD3E02B}.AppStore|Any CPU.ActiveCfg = Release|x86
		{C3A34C42-3667-4EC4-9F88-FFB72AD3E02B}.AppStore|Any CPU.Build.0 = Release|x86
		{C3A34C42-3667-4EC4-9F88-FFB72AD3E02B}.AppStore|Any CPU.Deploy.0 = Release|x86
		{C3A34C42-3667-4EC4-9F88-FFB72AD3E02B}.AppStore|ARM.ActiveCfg = Release|ARM
		{C3A34C42-3667-4EC4-9F88-FFB72AD3E02B}.AppStore|ARM.Build.0 = Release|ARM
		{C3A34C42-3667-4EC4-9F88-FFB72AD3E02B}.AppStore|ARM.Deploy.0 = Release|ARM
		{C3A34C42-3667-4EC4-9F88-FFB72AD3E02B}.AppStore|iPhone.ActiveCfg = Release|x86
		{C3A34C42-3667-4EC4-9F88-FFB72AD3E02B}.AppStore|iPhone.Build.0 = Release|x86
		{C3A34C42-3667-4EC4-9F88-FFB72AD3E02B}.AppStore|iPhone.Deploy.0 = Release|x86
		{C3A34C42-3667-4EC4-9F88-FFB72AD3E02B}.AppStore|iPhoneSimulator.ActiveCfg = Release|x86
		{C3A34C42-3667-4EC4-9F88-FFB72AD3E02B}.AppStore|iPhoneSimulator.Build.0 = Release|x86
		{C3A34C42-3667-4EC4-9F88-FFB72AD3E02B}.AppStore|iPhoneSimulator.Deploy.0 = Release|x86
		{C3A34C42-3667-4EC4-9F88-FFB72AD3E02B}.AppStore|x64.ActiveCfg = Release|x64
		{C3A34C42-3667-4EC4-9F88-FFB72AD3E02B}.AppStore|x64.Build.0 = Release|x64
		{C3A34C42-3667-4EC4-9F88-FFB72AD3E02B}.AppStore|x64.Deploy.0 = Release|x64
		{C3A34C42-3667-4EC4-9F88-FFB72AD3E02B}.AppStore|x86.ActiveCfg = Release|x86
		{C3A34C42-3667-4EC4-9F88-FFB72AD3E02B}.AppStore|x86.Build.0 = Release|x86
		{C3A34C42-3667-4EC4-9F88-FFB72AD3E02B}.AppStore|x86.Deploy.0 = Release|x86
		{C3A34C42-3667-4EC4-9F88-FFB72AD3E02B}.Debug|Any CPU.ActiveCfg = Debug|x86
		{C3A34C42-3667-4EC4-9F88-FFB72AD3E02B}.Debug|ARM.ActiveCfg = Debug|ARM
		{C3A34C42-3667-4EC4-9F88-FFB72AD3E02B}.Debug|ARM.Build.0 = Debug|ARM
		{C3A34C42-3667-4EC4-9F88-FFB72AD3E02B}.Debug|ARM.Deploy.0 = Debug|ARM
		{C3A34C42-3667-4EC4-9F88-FFB72AD3E02B}.Debug|iPhone.ActiveCfg = Debug|x86
		{C3A34C42-3667-4EC4-9F88-FFB72AD3E02B}.Debug|iPhoneSimulator.ActiveCfg = Debug|x86
		{C3A34C42-3667-4EC4-9F88-FFB72AD3E02B}.Debug|x64.ActiveCfg = Debug|x64
		{C3A34C42-3667-4EC4-9F88-FFB72AD3E02B}.Debug|x64.Build.0 = Debug|x64
		{C3A34C42-3667-4EC4-9F88-FFB72AD3E02B}.Debug|x64.Deploy.0 = Debug|x64
		{C3A34C42-3667-4EC4-9F88-FFB72AD3E02B}.Debug|x86.ActiveCfg = Debug|x86
		{C3A34C42-3667-4EC4-9F88-FFB72AD3E02B}.Debug|x86.Build.0 = Debug|x86
		{C3A34C42-3667-4EC4-9F88-FFB72AD3E02B}.Debug|x86.Deploy.0 = Debug|x86
		{C3A34C42-3667-4EC4-9F88-FFB72AD3E02B}.Release|Any CPU.ActiveCfg = Release|x86
		{C3A34C42-3667-4EC4-9F88-FFB72AD3E02B}.Release|ARM.ActiveCfg = Release|ARM
		{C3A34C42-3667-4EC4-9F88-FFB72AD3E02B}.Release|ARM.Build.0 = Release|ARM
		{C3A34C42-3667-4EC4-9F88-FFB72AD3E02B}.Release|ARM.Deploy.0 = Release|ARM
		{C3A34C42-3667-4EC4-9F88-FFB72AD3E02B}.Release|iPhone.ActiveCfg = Release|x86
		{C3A34C42-3667-4EC4-9F88-FFB72AD3E02B}.Release|iPhoneSimulator.ActiveCfg = Release|x86
		{C3A34C42-3667-4EC4-9F88-FFB72AD3E02B}.Release|x64.ActiveCfg = Release|x64
		{C3A34C42-3667-4EC4-9F88-FFB72AD3E02B}.Release|x64.Build.0 = Release|x64
		{C3A34C42-3667-4EC4-9F88-FFB72AD3E02B}.Release|x64.Deploy.0 = Release|x64
		{C3A34C42-3667-4EC4-9F88-FFB72AD3E02B}.Release|x86.ActiveCfg = Release|x86
		{C3A34C42-3667-4EC4-9F88-FFB72AD3E02B}.Release|x86.Build.0 = Release|x86
		{C3A34C42-3667-4EC4-9F88-FFB72AD3E02B}.Release|x86.Deploy.0 = Release|x86
	EndGlobalSection
	GlobalSection(SolutionProperties) = preSolution
		HideSolutionNode = FALSE
	EndGlobalSection
EndGlobal
