
Microsoft Visual Studio Solution File, Format Version 12.00
# Visual Studio 15
VisualStudioVersion = 15.0.26430.16
MinimumVisualStudioVersion = 10.0.40219.1
Project("{FAE04EC0-301F-11D3-BF4B-00C04F79EFBC}") = "XFPCLFile", "XFPCLFile\XFPCLFile\XFPCLFile.csproj", "{375258B2-14A9-48AC-8015-9D622E8EF6F0}"
EndProject
Project("{FAE04EC0-301F-11D3-BF4B-00C04F79EFBC}") = "XFPCLFile.Droid", "XFPCLFile\XFPCLFile.Droid\XFPCLFile.Droid.csproj", "{4941A71F-9ADB-4630-9D2A-8C187D432ACE}"
EndProject
Project("{FAE04EC0-301F-11D3-BF4B-00C04F79EFBC}") = "XFPCLFile.iOS", "XFPCLFile\XFPCLFile.iOS\XFPCLFile.iOS.csproj", "{741ABC68-1D99-40E8-8A7F-1077F5E1B87F}"
EndProject
Project("{FAE04EC0-301F-11D3-BF4B-00C04F79EFBC}") = "XFPCLFile.UWP", "XFPCLFile\XFPCLFile.UWP\XFPCLFile.UWP.csproj", "{19625272-C25C-4DDB-97F4-26B8C3B42367}"
EndProject
Global
	GlobalSection(SolutionConfigurationPlatforms) = preSolution
		Ad-Hoc|Any CPU = Ad-Hoc|Any CPU
		Ad-Hoc|ARM = Ad-Hoc|ARM
		Ad-Hoc|iPhone = Ad-Hoc|iPhone
		Ad-Hoc|iPhoneSimulator = Ad-Hoc|iPhoneSimulator
		Ad-Hoc|x64 = Ad-Hoc|x64
		Ad-Hoc|x86 = Ad-Hoc|x86
		AppStore|Any CPU = AppStore|Any CPU
		AppStore|ARM = AppStore|ARM
		AppStore|iPhone = AppStore|iPhone
		AppStore|iPhoneSimulator = AppStore|iPhoneSimulator
		AppStore|x64 = AppStore|x64
		AppStore|x86 = AppStore|x86
		Debug|Any CPU = Debug|Any CPU
		Debug|ARM = Debug|ARM
		Debug|iPhone = Debug|iPhone
		Debug|iPhoneSimulator = Debug|iPhoneSimulator
		Debug|x64 = Debug|x64
		Debug|x86 = Debug|x86
		Release|Any CPU = Release|Any CPU
		Release|ARM = Release|ARM
		Release|iPhone = Release|iPhone
		Release|iPhoneSimulator = Release|iPhoneSimulator
		Release|x64 = Release|x64
		Release|x86 = Release|x86
	EndGlobalSection
	GlobalSection(ProjectConfigurationPlatforms) = postSolution
		{375258B2-14A9-48AC-8015-9D622E8EF6F0}.Ad-Hoc|Any CPU.ActiveCfg = Release|Any CPU
		{375258B2-14A9-48AC-8015-9D622E8EF6F0}.Ad-Hoc|Any CPU.Build.0 = Release|Any CPU
		{375258B2-14A9-48AC-8015-9D622E8EF6F0}.Ad-Hoc|ARM.ActiveCfg = Release|Any CPU
		{375258B2-14A9-48AC-8015-9D622E8EF6F0}.Ad-Hoc|ARM.Build.0 = Release|Any CPU
		{375258B2-14A9-48AC-8015-9D622E8EF6F0}.Ad-Hoc|iPhone.ActiveCfg = Release|Any CPU
		{375258B2-14A9-48AC-8015-9D622E8EF6F0}.Ad-Hoc|iPhone.Build.0 = Release|Any CPU
		{375258B2-14A9-48AC-8015-9D622E8EF6F0}.Ad-Hoc|iPhoneSimulator.ActiveCfg = Release|Any CPU
		{375258B2-14A9-48AC-8015-9D622E8EF6F0}.Ad-Hoc|iPhoneSimulator.Build.0 = Release|Any CPU
		{375258B2-14A9-48AC-8015-9D622E8EF6F0}.Ad-Hoc|x64.ActiveCfg = Release|Any CPU
		{375258B2-14A9-48AC-8015-9D622E8EF6F0}.Ad-Hoc|x64.Build.0 = Release|Any CPU
		{375258B2-14A9-48AC-8015-9D622E8EF6F0}.Ad-Hoc|x86.ActiveCfg = Release|Any CPU
		{375258B2-14A9-48AC-8015-9D622E8EF6F0}.Ad-Hoc|x86.Build.0 = Release|Any CPU
		{375258B2-14A9-48AC-8015-9D622E8EF6F0}.AppStore|Any CPU.ActiveCfg = Release|Any CPU
		{375258B2-14A9-48AC-8015-9D622E8EF6F0}.AppStore|Any CPU.Build.0 = Release|Any CPU
		{375258B2-14A9-48AC-8015-9D622E8EF6F0}.AppStore|ARM.ActiveCfg = Release|Any CPU
		{375258B2-14A9-48AC-8015-9D622E8EF6F0}.AppStore|ARM.Build.0 = Release|Any CPU
		{375258B2-14A9-48AC-8015-9D622E8EF6F0}.AppStore|iPhone.ActiveCfg = Release|Any CPU
		{375258B2-14A9-48AC-8015-9D622E8EF6F0}.AppStore|iPhone.Build.0 = Release|Any CPU
		{375258B2-14A9-48AC-8015-9D622E8EF6F0}.AppStore|iPhoneSimulator.ActiveCfg = Release|Any CPU
		{375258B2-14A9-48AC-8015-9D622E8EF6F0}.AppStore|iPhoneSimulator.Build.0 = Release|Any CPU
		{375258B2-14A9-48AC-8015-9D622E8EF6F0}.AppStore|x64.ActiveCfg = Release|Any CPU
		{375258B2-14A9-48AC-8015-9D622E8EF6F0}.AppStore|x64.Build.0 = Release|Any CPU
		{375258B2-14A9-48AC-8015-9D622E8EF6F0}.AppStore|x86.ActiveCfg = Release|Any CPU
		{375258B2-14A9-48AC-8015-9D622E8EF6F0}.AppStore|x86.Build.0 = Release|Any CPU
		{375258B2-14A9-48AC-8015-9D622E8EF6F0}.Debug|Any CPU.ActiveCfg = Debug|Any CPU
		{375258B2-14A9-48AC-8015-9D622E8EF6F0}.Debug|Any CPU.Build.0 = Debug|Any CPU
		{375258B2-14A9-48AC-8015-9D622E8EF6F0}.Debug|ARM.ActiveCfg = Debug|Any CPU
		{375258B2-14A9-48AC-8015-9D622E8EF6F0}.Debug|ARM.Build.0 = Debug|Any CPU
		{375258B2-14A9-48AC-8015-9D622E8EF6F0}.Debug|iPhone.ActiveCfg = Debug|Any CPU
		{375258B2-14A9-48AC-8015-9D622E8EF6F0}.Debug|iPhone.Build.0 = Debug|Any CPU
		{375258B2-14A9-48AC-8015-9D622E8EF6F0}.Debug|iPhoneSimulator.ActiveCfg = Debug|Any CPU
		{375258B2-14A9-48AC-8015-9D622E8EF6F0}.Debug|iPhoneSimulator.Build.0 = Debug|Any CPU
		{375258B2-14A9-48AC-8015-9D622E8EF6F0}.Debug|x64.ActiveCfg = Debug|Any CPU
		{375258B2-14A9-48AC-8015-9D622E8EF6F0}.Debug|x64.Build.0 = Debug|Any CPU
		{375258B2-14A9-48AC-8015-9D622E8EF6F0}.Debug|x86.ActiveCfg = Debug|Any CPU
		{375258B2-14A9-48AC-8015-9D622E8EF6F0}.Debug|x86.Build.0 = Debug|Any CPU
		{375258B2-14A9-48AC-8015-9D622E8EF6F0}.Release|Any CPU.ActiveCfg = Release|Any CPU
		{375258B2-14A9-48AC-8015-9D622E8EF6F0}.Release|Any CPU.Build.0 = Release|Any CPU
		{375258B2-14A9-48AC-8015-9D622E8EF6F0}.Release|ARM.ActiveCfg = Release|Any CPU
		{375258B2-14A9-48AC-8015-9D622E8EF6F0}.Release|ARM.Build.0 = Release|Any CPU
		{375258B2-14A9-48AC-8015-9D622E8EF6F0}.Release|iPhone.ActiveCfg = Release|Any CPU
		{375258B2-14A9-48AC-8015-9D622E8EF6F0}.Release|iPhone.Build.0 = Release|Any CPU
		{375258B2-14A9-48AC-8015-9D622E8EF6F0}.Release|iPhoneSimulator.ActiveCfg = Release|Any CPU
		{375258B2-14A9-48AC-8015-9D622E8EF6F0}.Release|iPhoneSimulator.Build.0 = Release|Any CPU
		{375258B2-14A9-48AC-8015-9D622E8EF6F0}.Release|x64.ActiveCfg = Release|Any CPU
		{375258B2-14A9-48AC-8015-9D622E8EF6F0}.Release|x64.Build.0 = Release|Any CPU
		{375258B2-14A9-48AC-8015-9D622E8EF6F0}.Release|x86.ActiveCfg = Release|Any CPU
		{375258B2-14A9-48AC-8015-9D622E8EF6F0}.Release|x86.Build.0 = Release|Any CPU
		{4941A71F-9ADB-4630-9D2A-8C187D432ACE}.Ad-Hoc|Any CPU.ActiveCfg = Release|Any CPU
		{4941A71F-9ADB-4630-9D2A-8C187D432ACE}.Ad-Hoc|Any CPU.Build.0 = Release|Any CPU
		{4941A71F-9ADB-4630-9D2A-8C187D432ACE}.Ad-Hoc|Any CPU.Deploy.0 = Release|Any CPU
		{4941A71F-9ADB-4630-9D2A-8C187D432ACE}.Ad-Hoc|ARM.ActiveCfg = Release|Any CPU
		{4941A71F-9ADB-4630-9D2A-8C187D432ACE}.Ad-Hoc|ARM.Build.0 = Release|Any CPU
		{4941A71F-9ADB-4630-9D2A-8C187D432ACE}.Ad-Hoc|ARM.Deploy.0 = Release|Any CPU
		{4941A71F-9ADB-4630-9D2A-8C187D432ACE}.Ad-Hoc|iPhone.ActiveCfg = Release|Any CPU
		{4941A71F-9ADB-4630-9D2A-8C187D432ACE}.Ad-Hoc|iPhone.Build.0 = Release|Any CPU
		{4941A71F-9ADB-4630-9D2A-8C187D432ACE}.Ad-Hoc|iPhone.Deploy.0 = Release|Any CPU
		{4941A71F-9ADB-4630-9D2A-8C187D432ACE}.Ad-Hoc|iPhoneSimulator.ActiveCfg = Release|Any CPU
		{4941A71F-9ADB-4630-9D2A-8C187D432ACE}.Ad-Hoc|iPhoneSimulator.Build.0 = Release|Any CPU
		{4941A71F-9ADB-4630-9D2A-8C187D432ACE}.Ad-Hoc|iPhoneSimulator.Deploy.0 = Release|Any CPU
		{4941A71F-9ADB-4630-9D2A-8C187D432ACE}.Ad-Hoc|x64.ActiveCfg = Release|Any CPU
		{4941A71F-9ADB-4630-9D2A-8C187D432ACE}.Ad-Hoc|x64.Build.0 = Release|Any CPU
		{4941A71F-9ADB-4630-9D2A-8C187D432ACE}.Ad-Hoc|x64.Deploy.0 = Release|Any CPU
		{4941A71F-9ADB-4630-9D2A-8C187D432ACE}.Ad-Hoc|x86.ActiveCfg = Release|Any CPU
		{4941A71F-9ADB-4630-9D2A-8C187D432ACE}.Ad-Hoc|x86.Build.0 = Release|Any CPU
		{4941A71F-9ADB-4630-9D2A-8C187D432ACE}.Ad-Hoc|x86.Deploy.0 = Release|Any CPU
		{4941A71F-9ADB-4630-9D2A-8C187D432ACE}.AppStore|Any CPU.ActiveCfg = Release|Any CPU
		{4941A71F-9ADB-4630-9D2A-8C187D432ACE}.AppStore|Any CPU.Build.0 = Release|Any CPU
		{4941A71F-9ADB-4630-9D2A-8C187D432ACE}.AppStore|Any CPU.Deploy.0 = Release|Any CPU
		{4941A71F-9ADB-4630-9D2A-8C187D432ACE}.AppStore|ARM.ActiveCfg = Release|Any CPU
		{4941A71F-9ADB-4630-9D2A-8C187D432ACE}.AppStore|ARM.Build.0 = Release|Any CPU
		{4941A71F-9ADB-4630-9D2A-8C187D432ACE}.AppStore|ARM.Deploy.0 = Release|Any CPU
		{4941A71F-9ADB-4630-9D2A-8C187D432ACE}.AppStore|iPhone.ActiveCfg = Release|Any CPU
		{4941A71F-9ADB-4630-9D2A-8C187D432ACE}.AppStore|iPhone.Build.0 = Release|Any CPU
		{4941A71F-9ADB-4630-9D2A-8C187D432ACE}.AppStore|iPhone.Deploy.0 = Release|Any CPU
		{4941A71F-9ADB-4630-9D2A-8C187D432ACE}.AppStore|iPhoneSimulator.ActiveCfg = Release|Any CPU
		{4941A71F-9ADB-4630-9D2A-8C187D432ACE}.AppStore|iPhoneSimulator.Build.0 = Release|Any CPU
		{4941A71F-9ADB-4630-9D2A-8C187D432ACE}.AppStore|iPhoneSimulator.Deploy.0 = Release|Any CPU
		{4941A71F-9ADB-4630-9D2A-8C187D432ACE}.AppStore|x64.ActiveCfg = Release|Any CPU
		{4941A71F-9ADB-4630-9D2A-8C187D432ACE}.AppStore|x64.Build.0 = Release|Any CPU
		{4941A71F-9ADB-4630-9D2A-8C187D432ACE}.AppStore|x64.Deploy.0 = Release|Any CPU
		{4941A71F-9ADB-4630-9D2A-8C187D432ACE}.AppStore|x86.ActiveCfg = Release|Any CPU
		{4941A71F-9ADB-4630-9D2A-8C187D432ACE}.AppStore|x86.Build.0 = Release|Any CPU
		{4941A71F-9ADB-4630-9D2A-8C187D432ACE}.AppStore|x86.Deploy.0 = Release|Any CPU
		{4941A71F-9ADB-4630-9D2A-8C187D432ACE}.Debug|Any CPU.ActiveCfg = Debug|Any CPU
		{4941A71F-9ADB-4630-9D2A-8C187D432ACE}.Debug|Any CPU.Build.0 = Debug|Any CPU
		{4941A71F-9ADB-4630-9D2A-8C187D432ACE}.Debug|Any CPU.Deploy.0 = Debug|Any CPU
		{4941A71F-9ADB-4630-9D2A-8C187D432ACE}.Debug|ARM.ActiveCfg = Debug|Any CPU
		{4941A71F-9ADB-4630-9D2A-8C187D432ACE}.Debug|ARM.Build.0 = Debug|Any CPU
		{4941A71F-9ADB-4630-9D2A-8C187D432ACE}.Debug|ARM.Deploy.0 = Debug|Any CPU
		{4941A71F-9ADB-4630-9D2A-8C187D432ACE}.Debug|iPhone.ActiveCfg = Debug|Any CPU
		{4941A71F-9ADB-4630-9D2A-8C187D432ACE}.Debug|iPhone.Build.0 = Debug|Any CPU
		{4941A71F-9ADB-4630-9D2A-8C187D432ACE}.Debug|iPhone.Deploy.0 = Debug|Any CPU
		{4941A71F-9ADB-4630-9D2A-8C187D432ACE}.Debug|iPhoneSimulator.ActiveCfg = Debug|Any CPU
		{4941A71F-9ADB-4630-9D2A-8C187D432ACE}.Debug|iPhoneSimulator.Build.0 = Debug|Any CPU
		{4941A71F-9ADB-4630-9D2A-8C187D432ACE}.Debug|iPhoneSimulator.Deploy.0 = Debug|Any CPU
		{4941A71F-9ADB-4630-9D2A-8C187D432ACE}.Debug|x64.ActiveCfg = Debug|Any CPU
		{4941A71F-9ADB-4630-9D2A-8C187D432ACE}.Debug|x64.Build.0 = Debug|Any CPU
		{4941A71F-9ADB-4630-9D2A-8C187D432ACE}.Debug|x64.Deploy.0 = Debug|Any CPU
		{4941A71F-9ADB-4630-9D2A-8C187D432ACE}.Debug|x86.ActiveCfg = Debug|Any CPU
		{4941A71F-9ADB-4630-9D2A-8C187D432ACE}.Debug|x86.Build.0 = Debug|Any CPU
		{4941A71F-9ADB-4630-9D2A-8C187D432ACE}.Debug|x86.Deploy.0 = Debug|Any CPU
		{4941A71F-9ADB-4630-9D2A-8C187D432ACE}.Release|Any CPU.ActiveCfg = Release|Any CPU
		{4941A71F-9ADB-4630-9D2A-8C187D432ACE}.Release|Any CPU.Build.0 = Release|Any CPU
		{4941A71F-9ADB-4630-9D2A-8C187D432ACE}.Release|Any CPU.Deploy.0 = Release|Any CPU
		{4941A71F-9ADB-4630-9D2A-8C187D432ACE}.Release|ARM.ActiveCfg = Release|Any CPU
		{4941A71F-9ADB-4630-9D2A-8C187D432ACE}.Release|ARM.Build.0 = Release|Any CPU
		{4941A71F-9ADB-4630-9D2A-8C187D432ACE}.Release|ARM.Deploy.0 = Release|Any CPU
		{4941A71F-9ADB-4630-9D2A-8C187D432ACE}.Release|iPhone.ActiveCfg = Release|Any CPU
		{4941A71F-9ADB-4630-9D2A-8C187D432ACE}.Release|iPhone.Build.0 = Release|Any CPU
		{4941A71F-9ADB-4630-9D2A-8C187D432ACE}.Release|iPhone.Deploy.0 = Release|Any CPU
		{4941A71F-9ADB-4630-9D2A-8C187D432ACE}.Release|iPhoneSimulator.ActiveCfg = Release|Any CPU
		{4941A71F-9ADB-4630-9D2A-8C187D432ACE}.Release|iPhoneSimulator.Build.0 = Release|Any CPU
		{4941A71F-9ADB-4630-9D2A-8C187D432ACE}.Release|iPhoneSimulator.Deploy.0 = Release|Any CPU
		{4941A71F-9ADB-4630-9D2A-8C187D432ACE}.Release|x64.ActiveCfg = Release|Any CPU
		{4941A71F-9ADB-4630-9D2A-8C187D432ACE}.Release|x64.Build.0 = Release|Any CPU
		{4941A71F-9ADB-4630-9D2A-8C187D432ACE}.Release|x64.Deploy.0 = Release|Any CPU
		{4941A71F-9ADB-4630-9D2A-8C187D432ACE}.Release|x86.ActiveCfg = Release|Any CPU
		{4941A71F-9ADB-4630-9D2A-8C187D432ACE}.Release|x86.Build.0 = Release|Any CPU
		{4941A71F-9ADB-4630-9D2A-8C187D432ACE}.Release|x86.Deploy.0 = Release|Any CPU
		{741ABC68-1D99-40E8-8A7F-1077F5E1B87F}.Ad-Hoc|Any CPU.ActiveCfg = Ad-Hoc|iPhone
		{741ABC68-1D99-40E8-8A7F-1077F5E1B87F}.Ad-Hoc|ARM.ActiveCfg = Ad-Hoc|iPhone
		{741ABC68-1D99-40E8-8A7F-1077F5E1B87F}.Ad-Hoc|iPhone.ActiveCfg = Ad-Hoc|iPhone
		{741ABC68-1D99-40E8-8A7F-1077F5E1B87F}.Ad-Hoc|iPhone.Build.0 = Ad-Hoc|iPhone
		{741ABC68-1D99-40E8-8A7F-1077F5E1B87F}.Ad-Hoc|iPhoneSimulator.ActiveCfg = Ad-Hoc|iPhoneSimulator
		{741ABC68-1D99-40E8-8A7F-1077F5E1B87F}.Ad-Hoc|iPhoneSimulator.Build.0 = Ad-Hoc|iPhoneSimulator
		{741ABC68-1D99-40E8-8A7F-1077F5E1B87F}.Ad-Hoc|x64.ActiveCfg = Ad-Hoc|iPhone
		{741ABC68-1D99-40E8-8A7F-1077F5E1B87F}.Ad-Hoc|x86.ActiveCfg = Ad-Hoc|iPhone
		{741ABC68-1D99-40E8-8A7F-1077F5E1B87F}.AppStore|Any CPU.ActiveCfg = AppStore|iPhone
		{741ABC68-1D99-40E8-8A7F-1077F5E1B87F}.AppStore|ARM.ActiveCfg = AppStore|iPhone
		{741ABC68-1D99-40E8-8A7F-1077F5E1B87F}.AppStore|iPhone.ActiveCfg = AppStore|iPhone
		{741ABC68-1D99-40E8-8A7F-1077F5E1B87F}.AppStore|iPhone.Build.0 = AppStore|iPhone
		{741ABC68-1D99-40E8-8A7F-1077F5E1B87F}.AppStore|iPhoneSimulator.ActiveCfg = AppStore|iPhoneSimulator
		{741ABC68-1D99-40E8-8A7F-1077F5E1B87F}.AppStore|iPhoneSimulator.Build.0 = AppStore|iPhoneSimulator
		{741ABC68-1D99-40E8-8A7F-1077F5E1B87F}.AppStore|x64.ActiveCfg = AppStore|iPhone
		{741ABC68-1D99-40E8-8A7F-1077F5E1B87F}.AppStore|x86.ActiveCfg = AppStore|iPhone
		{741ABC68-1D99-40E8-8A7F-1077F5E1B87F}.Debug|Any CPU.ActiveCfg = Debug|iPhone
		{741ABC68-1D99-40E8-8A7F-1077F5E1B87F}.Debug|ARM.ActiveCfg = Debug|iPhone
		{741ABC68-1D99-40E8-8A7F-1077F5E1B87F}.Debug|iPhone.ActiveCfg = Debug|iPhone
		{741ABC68-1D99-40E8-8A7F-1077F5E1B87F}.Debug|iPhone.Build.0 = Debug|iPhone
		{741ABC68-1D99-40E8-8A7F-1077F5E1B87F}.Debug|iPhoneSimulator.ActiveCfg = Debug|iPhoneSimulator
		{741ABC68-1D99-40E8-8A7F-1077F5E1B87F}.Debug|iPhoneSimulator.Build.0 = Debug|iPhoneSimulator
		{741ABC68-1D99-40E8-8A7F-1077F5E1B87F}.Debug|x64.ActiveCfg = Debug|iPhone
		{741ABC68-1D99-40E8-8A7F-1077F5E1B87F}.Debug|x86.ActiveCfg = Debug|iPhone
		{741ABC68-1D99-40E8-8A7F-1077F5E1B87F}.Release|Any CPU.ActiveCfg = Release|iPhone
		{741ABC68-1D99-40E8-8A7F-1077F5E1B87F}.Release|ARM.ActiveCfg = Release|iPhone
		{741ABC68-1D99-40E8-8A7F-1077F5E1B87F}.Release|iPhone.ActiveCfg = Release|iPhone
		{741ABC68-1D99-40E8-8A7F-1077F5E1B87F}.Release|iPhone.Build.0 = Release|iPhone
		{741ABC68-1D99-40E8-8A7F-1077F5E1B87F}.Release|iPhoneSimulator.ActiveCfg = Release|iPhoneSimulator
		{741ABC68-1D99-40E8-8A7F-1077F5E1B87F}.Release|iPhoneSimulator.Build.0 = Release|iPhoneSimulator
		{741ABC68-1D99-40E8-8A7F-1077F5E1B87F}.Release|x64.ActiveCfg = Release|iPhone
		{741ABC68-1D99-40E8-8A7F-1077F5E1B87F}.Release|x86.ActiveCfg = Release|iPhone
		{19625272-C25C-4DDB-97F4-26B8C3B42367}.Ad-Hoc|Any CPU.ActiveCfg = Release|x86
		{19625272-C25C-4DDB-97F4-26B8C3B42367}.Ad-Hoc|Any CPU.Build.0 = Release|x86
		{19625272-C25C-4DDB-97F4-26B8C3B42367}.Ad-Hoc|Any CPU.Deploy.0 = Release|x86
		{19625272-C25C-4DDB-97F4-26B8C3B42367}.Ad-Hoc|ARM.ActiveCfg = Release|ARM
		{19625272-C25C-4DDB-97F4-26B8C3B42367}.Ad-Hoc|ARM.Build.0 = Release|ARM
		{19625272-C25C-4DDB-97F4-26B8C3B42367}.Ad-Hoc|ARM.Deploy.0 = Release|ARM
		{19625272-C25C-4DDB-97F4-26B8C3B42367}.Ad-Hoc|iPhone.ActiveCfg = Release|x86
		{19625272-C25C-4DDB-97F4-26B8C3B42367}.Ad-Hoc|iPhone.Build.0 = Release|x86
		{19625272-C25C-4DDB-97F4-26B8C3B42367}.Ad-Hoc|iPhone.Deploy.0 = Release|x86
		{19625272-C25C-4DDB-97F4-26B8C3B42367}.Ad-Hoc|iPhoneSimulator.ActiveCfg = Release|x86
		{19625272-C25C-4DDB-97F4-26B8C3B42367}.Ad-Hoc|iPhoneSimulator.Build.0 = Release|x86
		{19625272-C25C-4DDB-97F4-26B8C3B42367}.Ad-Hoc|iPhoneSimulator.Deploy.0 = Release|x86
		{19625272-C25C-4DDB-97F4-26B8C3B42367}.Ad-Hoc|x64.ActiveCfg = Release|x64
		{19625272-C25C-4DDB-97F4-26B8C3B42367}.Ad-Hoc|x64.Build.0 = Release|x64
		{19625272-C25C-4DDB-97F4-26B8C3B42367}.Ad-Hoc|x64.Deploy.0 = Release|x64
		{19625272-C25C-4DDB-97F4-26B8C3B42367}.Ad-Hoc|x86.ActiveCfg = Release|x86
		{19625272-C25C-4DDB-97F4-26B8C3B42367}.Ad-Hoc|x86.Build.0 = Release|x86
		{19625272-C25C-4DDB-97F4-26B8C3B42367}.Ad-Hoc|x86.Deploy.0 = Release|x86
		{19625272-C25C-4DDB-97F4-26B8C3B42367}.AppStore|Any CPU.ActiveCfg = Release|x86
		{19625272-C25C-4DDB-97F4-26B8C3B42367}.AppStore|Any CPU.Build.0 = Release|x86
		{19625272-C25C-4DDB-97F4-26B8C3B42367}.AppStore|Any CPU.Deploy.0 = Release|x86
		{19625272-C25C-4DDB-97F4-26B8C3B42367}.AppStore|ARM.ActiveCfg = Release|ARM
		{19625272-C25C-4DDB-97F4-26B8C3B42367}.AppStore|ARM.Build.0 = Release|ARM
		{19625272-C25C-4DDB-97F4-26B8C3B42367}.AppStore|ARM.Deploy.0 = Release|ARM
		{19625272-C25C-4DDB-97F4-26B8C3B42367}.AppStore|iPhone.ActiveCfg = Release|x86
		{19625272-C25C-4DDB-97F4-26B8C3B42367}.AppStore|iPhone.Build.0 = Release|x86
		{19625272-C25C-4DDB-97F4-26B8C3B42367}.AppStore|iPhone.Deploy.0 = Release|x86
		{19625272-C25C-4DDB-97F4-26B8C3B42367}.AppStore|iPhoneSimulator.ActiveCfg = Release|x86
		{19625272-C25C-4DDB-97F4-26B8C3B42367}.AppStore|iPhoneSimulator.Build.0 = Release|x86
		{19625272-C25C-4DDB-97F4-26B8C3B42367}.AppStore|iPhoneSimulator.Deploy.0 = Release|x86
		{19625272-C25C-4DDB-97F4-26B8C3B42367}.AppStore|x64.ActiveCfg = Release|x64
		{19625272-C25C-4DDB-97F4-26B8C3B42367}.AppStore|x64.Build.0 = Release|x64
		{19625272-C25C-4DDB-97F4-26B8C3B42367}.AppStore|x64.Deploy.0 = Release|x64
		{19625272-C25C-4DDB-97F4-26B8C3B42367}.AppStore|x86.ActiveCfg = Release|x86
		{19625272-C25C-4DDB-97F4-26B8C3B42367}.AppStore|x86.Build.0 = Release|x86
		{19625272-C25C-4DDB-97F4-26B8C3B42367}.AppStore|x86.Deploy.0 = Release|x86
		{19625272-C25C-4DDB-97F4-26B8C3B42367}.Debug|Any CPU.ActiveCfg = Debug|x86
		{19625272-C25C-4DDB-97F4-26B8C3B42367}.Debug|ARM.ActiveCfg = Debug|ARM
		{19625272-C25C-4DDB-97F4-26B8C3B42367}.Debug|ARM.Build.0 = Debug|ARM
		{19625272-C25C-4DDB-97F4-26B8C3B42367}.Debug|ARM.Deploy.0 = Debug|ARM
		{19625272-C25C-4DDB-97F4-26B8C3B42367}.Debug|iPhone.ActiveCfg = Debug|x86
		{19625272-C25C-4DDB-97F4-26B8C3B42367}.Debug|iPhoneSimulator.ActiveCfg = Debug|x86
		{19625272-C25C-4DDB-97F4-26B8C3B42367}.Debug|x64.ActiveCfg = Debug|x64
		{19625272-C25C-4DDB-97F4-26B8C3B42367}.Debug|x64.Build.0 = Debug|x64
		{19625272-C25C-4DDB-97F4-26B8C3B42367}.Debug|x64.Deploy.0 = Debug|x64
		{19625272-C25C-4DDB-97F4-26B8C3B42367}.Debug|x86.ActiveCfg = Debug|x86
		{19625272-C25C-4DDB-97F4-26B8C3B42367}.Debug|x86.Build.0 = Debug|x86
		{19625272-C25C-4DDB-97F4-26B8C3B42367}.Debug|x86.Deploy.0 = Debug|x86
		{19625272-C25C-4DDB-97F4-26B8C3B42367}.Release|Any CPU.ActiveCfg = Release|x86
		{19625272-C25C-4DDB-97F4-26B8C3B42367}.Release|ARM.ActiveCfg = Release|ARM
		{19625272-C25C-4DDB-97F4-26B8C3B42367}.Release|ARM.Build.0 = Release|ARM
		{19625272-C25C-4DDB-97F4-26B8C3B42367}.Release|ARM.Deploy.0 = Release|ARM
		{19625272-C25C-4DDB-97F4-26B8C3B42367}.Release|iPhone.ActiveCfg = Release|x86
		{19625272-C25C-4DDB-97F4-26B8C3B42367}.Release|iPhoneSimulator.ActiveCfg = Release|x86
		{19625272-C25C-4DDB-97F4-26B8C3B42367}.Release|x64.ActiveCfg = Release|x64
		{19625272-C25C-4DDB-97F4-26B8C3B42367}.Release|x64.Build.0 = Release|x64
		{19625272-C25C-4DDB-97F4-26B8C3B42367}.Release|x64.Deploy.0 = Release|x64
		{19625272-C25C-4DDB-97F4-26B8C3B42367}.Release|x86.ActiveCfg = Release|x86
		{19625272-C25C-4DDB-97F4-26B8C3B42367}.Release|x86.Build.0 = Release|x86
		{19625272-C25C-4DDB-97F4-26B8C3B42367}.Release|x86.Deploy.0 = Release|x86
	EndGlobalSection
	GlobalSection(SolutionProperties) = preSolution
		HideSolutionNode = FALSE
	EndGlobalSection
EndGlobal
