
Microsoft Visual Studio Solution File, Format Version 12.00
# Visual Studio 15
VisualStudioVersion = 15.0.26430.16
MinimumVisualStudioVersion = 10.0.40219.1
Project("{FAE04EC0-301F-11D3-BF4B-00C04F79EFBC}") = "XFDynamicMenu", "XFDynamicMenu\XFDynamicMenu\XFDynamicMenu.csproj", "{FC24D50E-C7DF-4B2C-B4E3-FB7F7CD7AE2B}"
EndProject
Project("{FAE04EC0-301F-11D3-BF4B-00C04F79EFBC}") = "XFDynamicMenu.Droid", "XFDynamicMenu\XFDynamicMenu.Droid\XFDynamicMenu.Droid.csproj", "{21D327CA-1C4E-4FF0-B032-454E33D9C591}"
EndProject
Project("{FAE04EC0-301F-11D3-BF4B-00C04F79EFBC}") = "XFDynamicMenu.iOS", "XFDynamicMenu\XFDynamicMenu.iOS\XFDynamicMenu.iOS.csproj", "{D2654CE2-7878-46DC-9342-0937D748B2F4}"
EndProject
Project("{FAE04EC0-301F-11D3-BF4B-00C04F79EFBC}") = "XFDynamicMenu.UWP", "XFDynamicMenu\XFDynamicMenu.UWP\XFDynamicMenu.UWP.csproj", "{716A4B5E-00EA-48C2-BDDD-7CF37AC1EE16}"
EndProject
Global
	GlobalSection(SolutionConfigurationPlatforms) = preSolution
		Ad-Hoc|Any CPU = Ad-Hoc|Any CPU
		Ad-Hoc|ARM = Ad-Hoc|ARM
		Ad-Hoc|iPhone = Ad-Hoc|iPhone
		Ad-Hoc|iPhoneSimulator = Ad-Hoc|iPhoneSimulator
		Ad-Hoc|x64 = Ad-Hoc|x64
		Ad-Hoc|x86 = Ad-Hoc|x86
		AppStore|Any CPU = AppStore|Any CPU
		AppStore|ARM = AppStore|ARM
		AppStore|iPhone = AppStore|iPhone
		AppStore|iPhoneSimulator = AppStore|iPhoneSimulator
		AppStore|x64 = AppStore|x64
		AppStore|x86 = AppStore|x86
		Debug|Any CPU = Debug|Any CPU
		Debug|ARM = Debug|ARM
		Debug|iPhone = Debug|iPhone
		Debug|iPhoneSimulator = Debug|iPhoneSimulator
		Debug|x64 = Debug|x64
		Debug|x86 = Debug|x86
		Release|Any CPU = Release|Any CPU
		Release|ARM = Release|ARM
		Release|iPhone = Release|iPhone
		Release|iPhoneSimulator = Release|iPhoneSimulator
		Release|x64 = Release|x64
		Release|x86 = Release|x86
	EndGlobalSection
	GlobalSection(ProjectConfigurationPlatforms) = postSolution
		{FC24D50E-C7DF-4B2C-B4E3-FB7F7CD7AE2B}.Ad-Hoc|Any CPU.ActiveCfg = Release|Any CPU
		{FC24D50E-C7DF-4B2C-B4E3-FB7F7CD7AE2B}.Ad-Hoc|Any CPU.Build.0 = Release|Any CPU
		{FC24D50E-C7DF-4B2C-B4E3-FB7F7CD7AE2B}.Ad-Hoc|ARM.ActiveCfg = Release|Any CPU
		{FC24D50E-C7DF-4B2C-B4E3-FB7F7CD7AE2B}.Ad-Hoc|ARM.Build.0 = Release|Any CPU
		{FC24D50E-C7DF-4B2C-B4E3-FB7F7CD7AE2B}.Ad-Hoc|iPhone.ActiveCfg = Release|Any CPU
		{FC24D50E-C7DF-4B2C-B4E3-FB7F7CD7AE2B}.Ad-Hoc|iPhone.Build.0 = Release|Any CPU
		{FC24D50E-C7DF-4B2C-B4E3-FB7F7CD7AE2B}.Ad-Hoc|iPhoneSimulator.ActiveCfg = Release|Any CPU
		{FC24D50E-C7DF-4B2C-B4E3-FB7F7CD7AE2B}.Ad-Hoc|iPhoneSimulator.Build.0 = Release|Any CPU
		{FC24D50E-C7DF-4B2C-B4E3-FB7F7CD7AE2B}.Ad-Hoc|x64.ActiveCfg = Release|Any CPU
		{FC24D50E-C7DF-4B2C-B4E3-FB7F7CD7AE2B}.Ad-Hoc|x64.Build.0 = Release|Any CPU
		{FC24D50E-C7DF-4B2C-B4E3-FB7F7CD7AE2B}.Ad-Hoc|x86.ActiveCfg = Release|Any CPU
		{FC24D50E-C7DF-4B2C-B4E3-FB7F7CD7AE2B}.Ad-Hoc|x86.Build.0 = Release|Any CPU
		{FC24D50E-C7DF-4B2C-B4E3-FB7F7CD7AE2B}.AppStore|Any CPU.ActiveCfg = Release|Any CPU
		{FC24D50E-C7DF-4B2C-B4E3-FB7F7CD7AE2B}.AppStore|Any CPU.Build.0 = Release|Any CPU
		{FC24D50E-C7DF-4B2C-B4E3-FB7F7CD7AE2B}.AppStore|ARM.ActiveCfg = Release|Any CPU
		{FC24D50E-C7DF-4B2C-B4E3-FB7F7CD7AE2B}.AppStore|ARM.Build.0 = Release|Any CPU
		{FC24D50E-C7DF-4B2C-B4E3-FB7F7CD7AE2B}.AppStore|iPhone.ActiveCfg = Release|Any CPU
		{FC24D50E-C7DF-4B2C-B4E3-FB7F7CD7AE2B}.AppStore|iPhone.Build.0 = Release|Any CPU
		{FC24D50E-C7DF-4B2C-B4E3-FB7F7CD7AE2B}.AppStore|iPhoneSimulator.ActiveCfg = Release|Any CPU
		{FC24D50E-C7DF-4B2C-B4E3-FB7F7CD7AE2B}.AppStore|iPhoneSimulator.Build.0 = Release|Any CPU
		{FC24D50E-C7DF-4B2C-B4E3-FB7F7CD7AE2B}.AppStore|x64.ActiveCfg = Release|Any CPU
		{FC24D50E-C7DF-4B2C-B4E3-FB7F7CD7AE2B}.AppStore|x64.Build.0 = Release|Any CPU
		{FC24D50E-C7DF-4B2C-B4E3-FB7F7CD7AE2B}.AppStore|x86.ActiveCfg = Release|Any CPU
		{FC24D50E-C7DF-4B2C-B4E3-FB7F7CD7AE2B}.AppStore|x86.Build.0 = Release|Any CPU
		{FC24D50E-C7DF-4B2C-B4E3-FB7F7CD7AE2B}.Debug|Any CPU.ActiveCfg = Debug|Any CPU
		{FC24D50E-C7DF-4B2C-B4E3-FB7F7CD7AE2B}.Debug|Any CPU.Build.0 = Debug|Any CPU
		{FC24D50E-C7DF-4B2C-B4E3-FB7F7CD7AE2B}.Debug|ARM.ActiveCfg = Debug|Any CPU
		{FC24D50E-C7DF-4B2C-B4E3-FB7F7CD7AE2B}.Debug|ARM.Build.0 = Debug|Any CPU
		{FC24D50E-C7DF-4B2C-B4E3-FB7F7CD7AE2B}.Debug|iPhone.ActiveCfg = Debug|Any CPU
		{FC24D50E-C7DF-4B2C-B4E3-FB7F7CD7AE2B}.Debug|iPhone.Build.0 = Debug|Any CPU
		{FC24D50E-C7DF-4B2C-B4E3-FB7F7CD7AE2B}.Debug|iPhoneSimulator.ActiveCfg = Debug|Any CPU
		{FC24D50E-C7DF-4B2C-B4E3-FB7F7CD7AE2B}.Debug|iPhoneSimulator.Build.0 = Debug|Any CPU
		{FC24D50E-C7DF-4B2C-B4E3-FB7F7CD7AE2B}.Debug|x64.ActiveCfg = Debug|Any CPU
		{FC24D50E-C7DF-4B2C-B4E3-FB7F7CD7AE2B}.Debug|x64.Build.0 = Debug|Any CPU
		{FC24D50E-C7DF-4B2C-B4E3-FB7F7CD7AE2B}.Debug|x86.ActiveCfg = Debug|Any CPU
		{FC24D50E-C7DF-4B2C-B4E3-FB7F7CD7AE2B}.Debug|x86.Build.0 = Debug|Any CPU
		{FC24D50E-C7DF-4B2C-B4E3-FB7F7CD7AE2B}.Release|Any CPU.ActiveCfg = Release|Any CPU
		{FC24D50E-C7DF-4B2C-B4E3-FB7F7CD7AE2B}.Release|Any CPU.Build.0 = Release|Any CPU
		{FC24D50E-C7DF-4B2C-B4E3-FB7F7CD7AE2B}.Release|ARM.ActiveCfg = Release|Any CPU
		{FC24D50E-C7DF-4B2C-B4E3-FB7F7CD7AE2B}.Release|ARM.Build.0 = Release|Any CPU
		{FC24D50E-C7DF-4B2C-B4E3-FB7F7CD7AE2B}.Release|iPhone.ActiveCfg = Release|Any CPU
		{FC24D50E-C7DF-4B2C-B4E3-FB7F7CD7AE2B}.Release|iPhone.Build.0 = Release|Any CPU
		{FC24D50E-C7DF-4B2C-B4E3-FB7F7CD7AE2B}.Release|iPhoneSimulator.ActiveCfg = Release|Any CPU
		{FC24D50E-C7DF-4B2C-B4E3-FB7F7CD7AE2B}.Release|iPhoneSimulator.Build.0 = Release|Any CPU
		{FC24D50E-C7DF-4B2C-B4E3-FB7F7CD7AE2B}.Release|x64.ActiveCfg = Release|Any CPU
		{FC24D50E-C7DF-4B2C-B4E3-FB7F7CD7AE2B}.Release|x64.Build.0 = Release|Any CPU
		{FC24D50E-C7DF-4B2C-B4E3-FB7F7CD7AE2B}.Release|x86.ActiveCfg = Release|Any CPU
		{FC24D50E-C7DF-4B2C-B4E3-FB7F7CD7AE2B}.Release|x86.Build.0 = Release|Any CPU
		{21D327CA-1C4E-4FF0-B032-454E33D9C591}.Ad-Hoc|Any CPU.ActiveCfg = Release|Any CPU
		{21D327CA-1C4E-4FF0-B032-454E33D9C591}.Ad-Hoc|Any CPU.Build.0 = Release|Any CPU
		{21D327CA-1C4E-4FF0-B032-454E33D9C591}.Ad-Hoc|Any CPU.Deploy.0 = Release|Any CPU
		{21D327CA-1C4E-4FF0-B032-454E33D9C591}.Ad-Hoc|ARM.ActiveCfg = Release|Any CPU
		{21D327CA-1C4E-4FF0-B032-454E33D9C591}.Ad-Hoc|ARM.Build.0 = Release|Any CPU
		{21D327CA-1C4E-4FF0-B032-454E33D9C591}.Ad-Hoc|ARM.Deploy.0 = Release|Any CPU
		{21D327CA-1C4E-4FF0-B032-454E33D9C591}.Ad-Hoc|iPhone.ActiveCfg = Release|Any CPU
		{21D327CA-1C4E-4FF0-B032-454E33D9C591}.Ad-Hoc|iPhone.Build.0 = Release|Any CPU
		{21D327CA-1C4E-4FF0-B032-454E33D9C591}.Ad-Hoc|iPhone.Deploy.0 = Release|Any CPU
		{21D327CA-1C4E-4FF0-B032-454E33D9C591}.Ad-Hoc|iPhoneSimulator.ActiveCfg = Release|Any CPU
		{21D327CA-1C4E-4FF0-B032-454E33D9C591}.Ad-Hoc|iPhoneSimulator.Build.0 = Release|Any CPU
		{21D327CA-1C4E-4FF0-B032-454E33D9C591}.Ad-Hoc|iPhoneSimulator.Deploy.0 = Release|Any CPU
		{21D327CA-1C4E-4FF0-B032-454E33D9C591}.Ad-Hoc|x64.ActiveCfg = Release|Any CPU
		{21D327CA-1C4E-4FF0-B032-454E33D9C591}.Ad-Hoc|x64.Build.0 = Release|Any CPU
		{21D327CA-1C4E-4FF0-B032-454E33D9C591}.Ad-Hoc|x64.Deploy.0 = Release|Any CPU
		{21D327CA-1C4E-4FF0-B032-454E33D9C591}.Ad-Hoc|x86.ActiveCfg = Release|Any CPU
		{21D327CA-1C4E-4FF0-B032-454E33D9C591}.Ad-Hoc|x86.Build.0 = Release|Any CPU
		{21D327CA-1C4E-4FF0-B032-454E33D9C591}.Ad-Hoc|x86.Deploy.0 = Release|Any CPU
		{21D327CA-1C4E-4FF0-B032-454E33D9C591}.AppStore|Any CPU.ActiveCfg = Release|Any CPU
		{21D327CA-1C4E-4FF0-B032-454E33D9C591}.AppStore|Any CPU.Build.0 = Release|Any CPU
		{21D327CA-1C4E-4FF0-B032-454E33D9C591}.AppStore|Any CPU.Deploy.0 = Release|Any CPU
		{21D327CA-1C4E-4FF0-B032-454E33D9C591}.AppStore|ARM.ActiveCfg = Release|Any CPU
		{21D327CA-1C4E-4FF0-B032-454E33D9C591}.AppStore|ARM.Build.0 = Release|Any CPU
		{21D327CA-1C4E-4FF0-B032-454E33D9C591}.AppStore|ARM.Deploy.0 = Release|Any CPU
		{21D327CA-1C4E-4FF0-B032-454E33D9C591}.AppStore|iPhone.ActiveCfg = Release|Any CPU
		{21D327CA-1C4E-4FF0-B032-454E33D9C591}.AppStore|iPhone.Build.0 = Release|Any CPU
		{21D327CA-1C4E-4FF0-B032-454E33D9C591}.AppStore|iPhone.Deploy.0 = Release|Any CPU
		{21D327CA-1C4E-4FF0-B032-454E33D9C591}.AppStore|iPhoneSimulator.ActiveCfg = Release|Any CPU
		{21D327CA-1C4E-4FF0-B032-454E33D9C591}.AppStore|iPhoneSimulator.Build.0 = Release|Any CPU
		{21D327CA-1C4E-4FF0-B032-454E33D9C591}.AppStore|iPhoneSimulator.Deploy.0 = Release|Any CPU
		{21D327CA-1C4E-4FF0-B032-454E33D9C591}.AppStore|x64.ActiveCfg = Release|Any CPU
		{21D327CA-1C4E-4FF0-B032-454E33D9C591}.AppStore|x64.Build.0 = Release|Any CPU
		{21D327CA-1C4E-4FF0-B032-454E33D9C591}.AppStore|x64.Deploy.0 = Release|Any CPU
		{21D327CA-1C4E-4FF0-B032-454E33D9C591}.AppStore|x86.ActiveCfg = Release|Any CPU
		{21D327CA-1C4E-4FF0-B032-454E33D9C591}.AppStore|x86.Build.0 = Release|Any CPU
		{21D327CA-1C4E-4FF0-B032-454E33D9C591}.AppStore|x86.Deploy.0 = Release|Any CPU
		{21D327CA-1C4E-4FF0-B032-454E33D9C591}.Debug|Any CPU.ActiveCfg = Debug|Any CPU
		{21D327CA-1C4E-4FF0-B032-454E33D9C591}.Debug|Any CPU.Build.0 = Debug|Any CPU
		{21D327CA-1C4E-4FF0-B032-454E33D9C591}.Debug|Any CPU.Deploy.0 = Debug|Any CPU
		{21D327CA-1C4E-4FF0-B032-454E33D9C591}.Debug|ARM.ActiveCfg = Debug|Any CPU
		{21D327CA-1C4E-4FF0-B032-454E33D9C591}.Debug|ARM.Build.0 = Debug|Any CPU
		{21D327CA-1C4E-4FF0-B032-454E33D9C591}.Debug|ARM.Deploy.0 = Debug|Any CPU
		{21D327CA-1C4E-4FF0-B032-454E33D9C591}.Debug|iPhone.ActiveCfg = Debug|Any CPU
		{21D327CA-1C4E-4FF0-B032-454E33D9C591}.Debug|iPhone.Build.0 = Debug|Any CPU
		{21D327CA-1C4E-4FF0-B032-454E33D9C591}.Debug|iPhone.Deploy.0 = Debug|Any CPU
		{21D327CA-1C4E-4FF0-B032-454E33D9C591}.Debug|iPhoneSimulator.ActiveCfg = Debug|Any CPU
		{21D327CA-1C4E-4FF0-B032-454E33D9C591}.Debug|iPhoneSimulator.Build.0 = Debug|Any CPU
		{21D327CA-1C4E-4FF0-B032-454E33D9C591}.Debug|iPhoneSimulator.Deploy.0 = Debug|Any CPU
		{21D327CA-1C4E-4FF0-B032-454E33D9C591}.Debug|x64.ActiveCfg = Debug|Any CPU
		{21D327CA-1C4E-4FF0-B032-454E33D9C591}.Debug|x64.Build.0 = Debug|Any CPU
		{21D327CA-1C4E-4FF0-B032-454E33D9C591}.Debug|x64.Deploy.0 = Debug|Any CPU
		{21D327CA-1C4E-4FF0-B032-454E33D9C591}.Debug|x86.ActiveCfg = Debug|Any CPU
		{21D327CA-1C4E-4FF0-B032-454E33D9C591}.Debug|x86.Build.0 = Debug|Any CPU
		{21D327CA-1C4E-4FF0-B032-454E33D9C591}.Debug|x86.Deploy.0 = Debug|Any CPU
		{21D327CA-1C4E-4FF0-B032-454E33D9C591}.Release|Any CPU.ActiveCfg = Release|Any CPU
		{21D327CA-1C4E-4FF0-B032-454E33D9C591}.Release|Any CPU.Build.0 = Release|Any CPU
		{21D327CA-1C4E-4FF0-B032-454E33D9C591}.Release|Any CPU.Deploy.0 = Release|Any CPU
		{21D327CA-1C4E-4FF0-B032-454E33D9C591}.Release|ARM.ActiveCfg = Release|Any CPU
		{21D327CA-1C4E-4FF0-B032-454E33D9C591}.Release|ARM.Build.0 = Release|Any CPU
		{21D327CA-1C4E-4FF0-B032-454E33D9C591}.Release|ARM.Deploy.0 = Release|Any CPU
		{21D327CA-1C4E-4FF0-B032-454E33D9C591}.Release|iPhone.ActiveCfg = Release|Any CPU
		{21D327CA-1C4E-4FF0-B032-454E33D9C591}.Release|iPhone.Build.0 = Release|Any CPU
		{21D327CA-1C4E-4FF0-B032-454E33D9C591}.Release|iPhone.Deploy.0 = Release|Any CPU
		{21D327CA-1C4E-4FF0-B032-454E33D9C591}.Release|iPhoneSimulator.ActiveCfg = Release|Any CPU
		{21D327CA-1C4E-4FF0-B032-454E33D9C591}.Release|iPhoneSimulator.Build.0 = Release|Any CPU
		{21D327CA-1C4E-4FF0-B032-454E33D9C591}.Release|iPhoneSimulator.Deploy.0 = Release|Any CPU
		{21D327CA-1C4E-4FF0-B032-454E33D9C591}.Release|x64.ActiveCfg = Release|Any CPU
		{21D327CA-1C4E-4FF0-B032-454E33D9C591}.Release|x64.Build.0 = Release|Any CPU
		{21D327CA-1C4E-4FF0-B032-454E33D9C591}.Release|x64.Deploy.0 = Release|Any CPU
		{21D327CA-1C4E-4FF0-B032-454E33D9C591}.Release|x86.ActiveCfg = Release|Any CPU
		{21D327CA-1C4E-4FF0-B032-454E33D9C591}.Release|x86.Build.0 = Release|Any CPU
		{21D327CA-1C4E-4FF0-B032-454E33D9C591}.Release|x86.Deploy.0 = Release|Any CPU
		{D2654CE2-7878-46DC-9342-0937D748B2F4}.Ad-Hoc|Any CPU.ActiveCfg = Ad-Hoc|iPhone
		{D2654CE2-7878-46DC-9342-0937D748B2F4}.Ad-Hoc|ARM.ActiveCfg = Ad-Hoc|iPhone
		{D2654CE2-7878-46DC-9342-0937D748B2F4}.Ad-Hoc|iPhone.ActiveCfg = Ad-Hoc|iPhone
		{D2654CE2-7878-46DC-9342-0937D748B2F4}.Ad-Hoc|iPhone.Build.0 = Ad-Hoc|iPhone
		{D2654CE2-7878-46DC-9342-0937D748B2F4}.Ad-Hoc|iPhoneSimulator.ActiveCfg = Ad-Hoc|iPhoneSimulator
		{D2654CE2-7878-46DC-9342-0937D748B2F4}.Ad-Hoc|iPhoneSimulator.Build.0 = Ad-Hoc|iPhoneSimulator
		{D2654CE2-7878-46DC-9342-0937D748B2F4}.Ad-Hoc|x64.ActiveCfg = Ad-Hoc|iPhone
		{D2654CE2-7878-46DC-9342-0937D748B2F4}.Ad-Hoc|x86.ActiveCfg = Ad-Hoc|iPhone
		{D2654CE2-7878-46DC-9342-0937D748B2F4}.AppStore|Any CPU.ActiveCfg = AppStore|iPhone
		{D2654CE2-7878-46DC-9342-0937D748B2F4}.AppStore|ARM.ActiveCfg = AppStore|iPhone
		{D2654CE2-7878-46DC-9342-0937D748B2F4}.AppStore|iPhone.ActiveCfg = AppStore|iPhone
		{D2654CE2-7878-46DC-9342-0937D748B2F4}.AppStore|iPhone.Build.0 = AppStore|iPhone
		{D2654CE2-7878-46DC-9342-0937D748B2F4}.AppStore|iPhoneSimulator.ActiveCfg = AppStore|iPhoneSimulator
		{D2654CE2-7878-46DC-9342-0937D748B2F4}.AppStore|iPhoneSimulator.Build.0 = AppStore|iPhoneSimulator
		{D2654CE2-7878-46DC-9342-0937D748B2F4}.AppStore|x64.ActiveCfg = AppStore|iPhone
		{D2654CE2-7878-46DC-9342-0937D748B2F4}.AppStore|x86.ActiveCfg = AppStore|iPhone
		{D2654CE2-7878-46DC-9342-0937D748B2F4}.Debug|Any CPU.ActiveCfg = Debug|iPhone
		{D2654CE2-7878-46DC-9342-0937D748B2F4}.Debug|ARM.ActiveCfg = Debug|iPhone
		{D2654CE2-7878-46DC-9342-0937D748B2F4}.Debug|iPhone.ActiveCfg = Debug|iPhone
		{D2654CE2-7878-46DC-9342-0937D748B2F4}.Debug|iPhone.Build.0 = Debug|iPhone
		{D2654CE2-7878-46DC-9342-0937D748B2F4}.Debug|iPhoneSimulator.ActiveCfg = Debug|iPhoneSimulator
		{D2654CE2-7878-46DC-9342-0937D748B2F4}.Debug|iPhoneSimulator.Build.0 = Debug|iPhoneSimulator
		{D2654CE2-7878-46DC-9342-0937D748B2F4}.Debug|x64.ActiveCfg = Debug|iPhone
		{D2654CE2-7878-46DC-9342-0937D748B2F4}.Debug|x86.ActiveCfg = Debug|iPhone
		{D2654CE2-7878-46DC-9342-0937D748B2F4}.Release|Any CPU.ActiveCfg = Release|iPhone
		{D2654CE2-7878-46DC-9342-0937D748B2F4}.Release|ARM.ActiveCfg = Release|iPhone
		{D2654CE2-7878-46DC-9342-0937D748B2F4}.Release|iPhone.ActiveCfg = Release|iPhone
		{D2654CE2-7878-46DC-9342-0937D748B2F4}.Release|iPhone.Build.0 = Release|iPhone
		{D2654CE2-7878-46DC-9342-0937D748B2F4}.Release|iPhoneSimulator.ActiveCfg = Release|iPhoneSimulator
		{D2654CE2-7878-46DC-9342-0937D748B2F4}.Release|iPhoneSimulator.Build.0 = Release|iPhoneSimulator
		{D2654CE2-7878-46DC-9342-0937D748B2F4}.Release|x64.ActiveCfg = Release|iPhone
		{D2654CE2-7878-46DC-9342-0937D748B2F4}.Release|x86.ActiveCfg = Release|iPhone
		{716A4B5E-00EA-48C2-BDDD-7CF37AC1EE16}.Ad-Hoc|Any CPU.ActiveCfg = Release|x86
		{716A4B5E-00EA-48C2-BDDD-7CF37AC1EE16}.Ad-Hoc|Any CPU.Build.0 = Release|x86
		{716A4B5E-00EA-48C2-BDDD-7CF37AC1EE16}.Ad-Hoc|Any CPU.Deploy.0 = Release|x86
		{716A4B5E-00EA-48C2-BDDD-7CF37AC1EE16}.Ad-Hoc|ARM.ActiveCfg = Release|ARM
		{716A4B5E-00EA-48C2-BDDD-7CF37AC1EE16}.Ad-Hoc|ARM.Build.0 = Release|ARM
		{716A4B5E-00EA-48C2-BDDD-7CF37AC1EE16}.Ad-Hoc|ARM.Deploy.0 = Release|ARM
		{716A4B5E-00EA-48C2-BDDD-7CF37AC1EE16}.Ad-Hoc|iPhone.ActiveCfg = Release|x86
		{716A4B5E-00EA-48C2-BDDD-7CF37AC1EE16}.Ad-Hoc|iPhone.Build.0 = Release|x86
		{716A4B5E-00EA-48C2-BDDD-7CF37AC1EE16}.Ad-Hoc|iPhone.Deploy.0 = Release|x86
		{716A4B5E-00EA-48C2-BDDD-7CF37AC1EE16}.Ad-Hoc|iPhoneSimulator.ActiveCfg = Release|x86
		{716A4B5E-00EA-48C2-BDDD-7CF37AC1EE16}.Ad-Hoc|iPhoneSimulator.Build.0 = Release|x86
		{716A4B5E-00EA-48C2-BDDD-7CF37AC1EE16}.Ad-Hoc|iPhoneSimulator.Deploy.0 = Release|x86
		{716A4B5E-00EA-48C2-BDDD-7CF37AC1EE16}.Ad-Hoc|x64.ActiveCfg = Release|x64
		{716A4B5E-00EA-48C2-BDDD-7CF37AC1EE16}.Ad-Hoc|x64.Build.0 = Release|x64
		{716A4B5E-00EA-48C2-BDDD-7CF37AC1EE16}.Ad-Hoc|x64.Deploy.0 = Release|x64
		{716A4B5E-00EA-48C2-BDDD-7CF37AC1EE16}.Ad-Hoc|x86.ActiveCfg = Release|x86
		{716A4B5E-00EA-48C2-BDDD-7CF37AC1EE16}.Ad-Hoc|x86.Build.0 = Release|x86
		{716A4B5E-00EA-48C2-BDDD-7CF37AC1EE16}.Ad-Hoc|x86.Deploy.0 = Release|x86
		{716A4B5E-00EA-48C2-BDDD-7CF37AC1EE16}.AppStore|Any CPU.ActiveCfg = Release|x86
		{716A4B5E-00EA-48C2-BDDD-7CF37AC1EE16}.AppStore|Any CPU.Build.0 = Release|x86
		{716A4B5E-00EA-48C2-BDDD-7CF37AC1EE16}.AppStore|Any CPU.Deploy.0 = Release|x86
		{716A4B5E-00EA-48C2-BDDD-7CF37AC1EE16}.AppStore|ARM.ActiveCfg = Release|ARM
		{716A4B5E-00EA-48C2-BDDD-7CF37AC1EE16}.AppStore|ARM.Build.0 = Release|ARM
		{716A4B5E-00EA-48C2-BDDD-7CF37AC1EE16}.AppStore|ARM.Deploy.0 = Release|ARM
		{716A4B5E-00EA-48C2-BDDD-7CF37AC1EE16}.AppStore|iPhone.ActiveCfg = Release|x86
		{716A4B5E-00EA-48C2-BDDD-7CF37AC1EE16}.AppStore|iPhone.Build.0 = Release|x86
		{716A4B5E-00EA-48C2-BDDD-7CF37AC1EE16}.AppStore|iPhone.Deploy.0 = Release|x86
		{716A4B5E-00EA-48C2-BDDD-7CF37AC1EE16}.AppStore|iPhoneSimulator.ActiveCfg = Release|x86
		{716A4B5E-00EA-48C2-BDDD-7CF37AC1EE16}.AppStore|iPhoneSimulator.Build.0 = Release|x86
		{716A4B5E-00EA-48C2-BDDD-7CF37AC1EE16}.AppStore|iPhoneSimulator.Deploy.0 = Release|x86
		{716A4B5E-00EA-48C2-BDDD-7CF37AC1EE16}.AppStore|x64.ActiveCfg = Release|x64
		{716A4B5E-00EA-48C2-BDDD-7CF37AC1EE16}.AppStore|x64.Build.0 = Release|x64
		{716A4B5E-00EA-48C2-BDDD-7CF37AC1EE16}.AppStore|x64.Deploy.0 = Release|x64
		{716A4B5E-00EA-48C2-BDDD-7CF37AC1EE16}.AppStore|x86.ActiveCfg = Release|x86
		{716A4B5E-00EA-48C2-BDDD-7CF37AC1EE16}.AppStore|x86.Build.0 = Release|x86
		{716A4B5E-00EA-48C2-BDDD-7CF37AC1EE16}.AppStore|x86.Deploy.0 = Release|x86
		{716A4B5E-00EA-48C2-BDDD-7CF37AC1EE16}.Debug|Any CPU.ActiveCfg = Debug|x86
		{716A4B5E-00EA-48C2-BDDD-7CF37AC1EE16}.Debug|ARM.ActiveCfg = Debug|ARM
		{716A4B5E-00EA-48C2-BDDD-7CF37AC1EE16}.Debug|ARM.Build.0 = Debug|ARM
		{716A4B5E-00EA-48C2-BDDD-7CF37AC1EE16}.Debug|ARM.Deploy.0 = Debug|ARM
		{716A4B5E-00EA-48C2-BDDD-7CF37AC1EE16}.Debug|iPhone.ActiveCfg = Debug|x86
		{716A4B5E-00EA-48C2-BDDD-7CF37AC1EE16}.Debug|iPhoneSimulator.ActiveCfg = Debug|x86
		{716A4B5E-00EA-48C2-BDDD-7CF37AC1EE16}.Debug|x64.ActiveCfg = Debug|x64
		{716A4B5E-00EA-48C2-BDDD-7CF37AC1EE16}.Debug|x64.Build.0 = Debug|x64
		{716A4B5E-00EA-48C2-BDDD-7CF37AC1EE16}.Debug|x64.Deploy.0 = Debug|x64
		{716A4B5E-00EA-48C2-BDDD-7CF37AC1EE16}.Debug|x86.ActiveCfg = Debug|x86
		{716A4B5E-00EA-48C2-BDDD-7CF37AC1EE16}.Debug|x86.Build.0 = Debug|x86
		{716A4B5E-00EA-48C2-BDDD-7CF37AC1EE16}.Debug|x86.Deploy.0 = Debug|x86
		{716A4B5E-00EA-48C2-BDDD-7CF37AC1EE16}.Release|Any CPU.ActiveCfg = Release|x86
		{716A4B5E-00EA-48C2-BDDD-7CF37AC1EE16}.Release|ARM.ActiveCfg = Release|ARM
		{716A4B5E-00EA-48C2-BDDD-7CF37AC1EE16}.Release|ARM.Build.0 = Release|ARM
		{716A4B5E-00EA-48C2-BDDD-7CF37AC1EE16}.Release|ARM.Deploy.0 = Release|ARM
		{716A4B5E-00EA-48C2-BDDD-7CF37AC1EE16}.Release|iPhone.ActiveCfg = Release|x86
		{716A4B5E-00EA-48C2-BDDD-7CF37AC1EE16}.Release|iPhoneSimulator.ActiveCfg = Release|x86
		{716A4B5E-00EA-48C2-BDDD-7CF37AC1EE16}.Release|x64.ActiveCfg = Release|x64
		{716A4B5E-00EA-48C2-BDDD-7CF37AC1EE16}.Release|x64.Build.0 = Release|x64
		{716A4B5E-00EA-48C2-BDDD-7CF37AC1EE16}.Release|x64.Deploy.0 = Release|x64
		{716A4B5E-00EA-48C2-BDDD-7CF37AC1EE16}.Release|x86.ActiveCfg = Release|x86
		{716A4B5E-00EA-48C2-BDDD-7CF37AC1EE16}.Release|x86.Build.0 = Release|x86
		{716A4B5E-00EA-48C2-BDDD-7CF37AC1EE16}.Release|x86.Deploy.0 = Release|x86
	EndGlobalSection
	GlobalSection(SolutionProperties) = preSolution
		HideSolutionNode = FALSE
	EndGlobalSection
EndGlobal
