
Microsoft Visual Studio Solution File, Format Version 12.00
# Visual Studio 15
VisualStudioVersion = 15.0.26430.14
MinimumVisualStudioVersion = 10.0.40219.1
Project("{FAE04EC0-301F-11D3-BF4B-00C04F79EFBC}") = "XFPageEvent", "XFPageEvent\XFPageEvent\XFPageEvent.csproj", "{39B70E1E-6AA1-4F8E-8321-288300B3AC6F}"
EndProject
Project("{FAE04EC0-301F-11D3-BF4B-00C04F79EFBC}") = "XFPageEvent.Droid", "XFPageEvent\XFPageEvent.Droid\XFPageEvent.Droid.csproj", "{85AF57C5-6A89-47C7-B261-059A84851315}"
EndProject
Project("{FAE04EC0-301F-11D3-BF4B-00C04F79EFBC}") = "XFPageEvent.iOS", "XFPageEvent\XFPageEvent.iOS\XFPageEvent.iOS.csproj", "{C986D760-F38B-4234-B9F0-D3A0BDE9AAEA}"
EndProject
Project("{FAE04EC0-301F-11D3-BF4B-00C04F79EFBC}") = "XFPageEvent.UWP", "XFPageEvent\XFPageEvent.UWP\XFPageEvent.UWP.csproj", "{D6877A6E-803A-4427-9EFB-26F678FA8A96}"
EndProject
Global
	GlobalSection(SolutionConfigurationPlatforms) = preSolution
		Ad-Hoc|Any CPU = Ad-Hoc|Any CPU
		Ad-Hoc|ARM = Ad-Hoc|ARM
		Ad-Hoc|iPhone = Ad-Hoc|iPhone
		Ad-Hoc|iPhoneSimulator = Ad-Hoc|iPhoneSimulator
		Ad-Hoc|x64 = Ad-Hoc|x64
		Ad-Hoc|x86 = Ad-Hoc|x86
		AppStore|Any CPU = AppStore|Any CPU
		AppStore|ARM = AppStore|ARM
		AppStore|iPhone = AppStore|iPhone
		AppStore|iPhoneSimulator = AppStore|iPhoneSimulator
		AppStore|x64 = AppStore|x64
		AppStore|x86 = AppStore|x86
		Debug|Any CPU = Debug|Any CPU
		Debug|ARM = Debug|ARM
		Debug|iPhone = Debug|iPhone
		Debug|iPhoneSimulator = Debug|iPhoneSimulator
		Debug|x64 = Debug|x64
		Debug|x86 = Debug|x86
		Release|Any CPU = Release|Any CPU
		Release|ARM = Release|ARM
		Release|iPhone = Release|iPhone
		Release|iPhoneSimulator = Release|iPhoneSimulator
		Release|x64 = Release|x64
		Release|x86 = Release|x86
	EndGlobalSection
	GlobalSection(ProjectConfigurationPlatforms) = postSolution
		{39B70E1E-6AA1-4F8E-8321-288300B3AC6F}.Ad-Hoc|Any CPU.ActiveCfg = Release|Any CPU
		{39B70E1E-6AA1-4F8E-8321-288300B3AC6F}.Ad-Hoc|Any CPU.Build.0 = Release|Any CPU
		{39B70E1E-6AA1-4F8E-8321-288300B3AC6F}.Ad-Hoc|ARM.ActiveCfg = Release|Any CPU
		{39B70E1E-6AA1-4F8E-8321-288300B3AC6F}.Ad-Hoc|ARM.Build.0 = Release|Any CPU
		{39B70E1E-6AA1-4F8E-8321-288300B3AC6F}.Ad-Hoc|iPhone.ActiveCfg = Release|Any CPU
		{39B70E1E-6AA1-4F8E-8321-288300B3AC6F}.Ad-Hoc|iPhone.Build.0 = Release|Any CPU
		{39B70E1E-6AA1-4F8E-8321-288300B3AC6F}.Ad-Hoc|iPhoneSimulator.ActiveCfg = Release|Any CPU
		{39B70E1E-6AA1-4F8E-8321-288300B3AC6F}.Ad-Hoc|iPhoneSimulator.Build.0 = Release|Any CPU
		{39B70E1E-6AA1-4F8E-8321-288300B3AC6F}.Ad-Hoc|x64.ActiveCfg = Release|Any CPU
		{39B70E1E-6AA1-4F8E-8321-288300B3AC6F}.Ad-Hoc|x64.Build.0 = Release|Any CPU
		{39B70E1E-6AA1-4F8E-8321-288300B3AC6F}.Ad-Hoc|x86.ActiveCfg = Release|Any CPU
		{39B70E1E-6AA1-4F8E-8321-288300B3AC6F}.Ad-Hoc|x86.Build.0 = Release|Any CPU
		{39B70E1E-6AA1-4F8E-8321-288300B3AC6F}.AppStore|Any CPU.ActiveCfg = Release|Any CPU
		{39B70E1E-6AA1-4F8E-8321-288300B3AC6F}.AppStore|Any CPU.Build.0 = Release|Any CPU
		{39B70E1E-6AA1-4F8E-8321-288300B3AC6F}.AppStore|ARM.ActiveCfg = Release|Any CPU
		{39B70E1E-6AA1-4F8E-8321-288300B3AC6F}.AppStore|ARM.Build.0 = Release|Any CPU
		{39B70E1E-6AA1-4F8E-8321-288300B3AC6F}.AppStore|iPhone.ActiveCfg = Release|Any CPU
		{39B70E1E-6AA1-4F8E-8321-288300B3AC6F}.AppStore|iPhone.Build.0 = Release|Any CPU
		{39B70E1E-6AA1-4F8E-8321-288300B3AC6F}.AppStore|iPhoneSimulator.ActiveCfg = Release|Any CPU
		{39B70E1E-6AA1-4F8E-8321-288300B3AC6F}.AppStore|iPhoneSimulator.Build.0 = Release|Any CPU
		{39B70E1E-6AA1-4F8E-8321-288300B3AC6F}.AppStore|x64.ActiveCfg = Release|Any CPU
		{39B70E1E-6AA1-4F8E-8321-288300B3AC6F}.AppStore|x64.Build.0 = Release|Any CPU
		{39B70E1E-6AA1-4F8E-8321-288300B3AC6F}.AppStore|x86.ActiveCfg = Release|Any CPU
		{39B70E1E-6AA1-4F8E-8321-288300B3AC6F}.AppStore|x86.Build.0 = Release|Any CPU
		{39B70E1E-6AA1-4F8E-8321-288300B3AC6F}.Debug|Any CPU.ActiveCfg = Debug|Any CPU
		{39B70E1E-6AA1-4F8E-8321-288300B3AC6F}.Debug|Any CPU.Build.0 = Debug|Any CPU
		{39B70E1E-6AA1-4F8E-8321-288300B3AC6F}.Debug|ARM.ActiveCfg = Debug|Any CPU
		{39B70E1E-6AA1-4F8E-8321-288300B3AC6F}.Debug|ARM.Build.0 = Debug|Any CPU
		{39B70E1E-6AA1-4F8E-8321-288300B3AC6F}.Debug|iPhone.ActiveCfg = Debug|Any CPU
		{39B70E1E-6AA1-4F8E-8321-288300B3AC6F}.Debug|iPhone.Build.0 = Debug|Any CPU
		{39B70E1E-6AA1-4F8E-8321-288300B3AC6F}.Debug|iPhoneSimulator.ActiveCfg = Debug|Any CPU
		{39B70E1E-6AA1-4F8E-8321-288300B3AC6F}.Debug|iPhoneSimulator.Build.0 = Debug|Any CPU
		{39B70E1E-6AA1-4F8E-8321-288300B3AC6F}.Debug|x64.ActiveCfg = Debug|Any CPU
		{39B70E1E-6AA1-4F8E-8321-288300B3AC6F}.Debug|x64.Build.0 = Debug|Any CPU
		{39B70E1E-6AA1-4F8E-8321-288300B3AC6F}.Debug|x86.ActiveCfg = Debug|Any CPU
		{39B70E1E-6AA1-4F8E-8321-288300B3AC6F}.Debug|x86.Build.0 = Debug|Any CPU
		{39B70E1E-6AA1-4F8E-8321-288300B3AC6F}.Release|Any CPU.ActiveCfg = Release|Any CPU
		{39B70E1E-6AA1-4F8E-8321-288300B3AC6F}.Release|Any CPU.Build.0 = Release|Any CPU
		{39B70E1E-6AA1-4F8E-8321-288300B3AC6F}.Release|ARM.ActiveCfg = Release|Any CPU
		{39B70E1E-6AA1-4F8E-8321-288300B3AC6F}.Release|ARM.Build.0 = Release|Any CPU
		{39B70E1E-6AA1-4F8E-8321-288300B3AC6F}.Release|iPhone.ActiveCfg = Release|Any CPU
		{39B70E1E-6AA1-4F8E-8321-288300B3AC6F}.Release|iPhone.Build.0 = Release|Any CPU
		{39B70E1E-6AA1-4F8E-8321-288300B3AC6F}.Release|iPhoneSimulator.ActiveCfg = Release|Any CPU
		{39B70E1E-6AA1-4F8E-8321-288300B3AC6F}.Release|iPhoneSimulator.Build.0 = Release|Any CPU
		{39B70E1E-6AA1-4F8E-8321-288300B3AC6F}.Release|x64.ActiveCfg = Release|Any CPU
		{39B70E1E-6AA1-4F8E-8321-288300B3AC6F}.Release|x64.Build.0 = Release|Any CPU
		{39B70E1E-6AA1-4F8E-8321-288300B3AC6F}.Release|x86.ActiveCfg = Release|Any CPU
		{39B70E1E-6AA1-4F8E-8321-288300B3AC6F}.Release|x86.Build.0 = Release|Any CPU
		{85AF57C5-6A89-47C7-B261-059A84851315}.Ad-Hoc|Any CPU.ActiveCfg = Release|Any CPU
		{85AF57C5-6A89-47C7-B261-059A84851315}.Ad-Hoc|Any CPU.Build.0 = Release|Any CPU
		{85AF57C5-6A89-47C7-B261-059A84851315}.Ad-Hoc|Any CPU.Deploy.0 = Release|Any CPU
		{85AF57C5-6A89-47C7-B261-059A84851315}.Ad-Hoc|ARM.ActiveCfg = Release|Any CPU
		{85AF57C5-6A89-47C7-B261-059A84851315}.Ad-Hoc|ARM.Build.0 = Release|Any CPU
		{85AF57C5-6A89-47C7-B261-059A84851315}.Ad-Hoc|ARM.Deploy.0 = Release|Any CPU
		{85AF57C5-6A89-47C7-B261-059A84851315}.Ad-Hoc|iPhone.ActiveCfg = Release|Any CPU
		{85AF57C5-6A89-47C7-B261-059A84851315}.Ad-Hoc|iPhone.Build.0 = Release|Any CPU
		{85AF57C5-6A89-47C7-B261-059A84851315}.Ad-Hoc|iPhone.Deploy.0 = Release|Any CPU
		{85AF57C5-6A89-47C7-B261-059A84851315}.Ad-Hoc|iPhoneSimulator.ActiveCfg = Release|Any CPU
		{85AF57C5-6A89-47C7-B261-059A84851315}.Ad-Hoc|iPhoneSimulator.Build.0 = Release|Any CPU
		{85AF57C5-6A89-47C7-B261-059A84851315}.Ad-Hoc|iPhoneSimulator.Deploy.0 = Release|Any CPU
		{85AF57C5-6A89-47C7-B261-059A84851315}.Ad-Hoc|x64.ActiveCfg = Release|Any CPU
		{85AF57C5-6A89-47C7-B261-059A84851315}.Ad-Hoc|x64.Build.0 = Release|Any CPU
		{85AF57C5-6A89-47C7-B261-059A84851315}.Ad-Hoc|x64.Deploy.0 = Release|Any CPU
		{85AF57C5-6A89-47C7-B261-059A84851315}.Ad-Hoc|x86.ActiveCfg = Release|Any CPU
		{85AF57C5-6A89-47C7-B261-059A84851315}.Ad-Hoc|x86.Build.0 = Release|Any CPU
		{85AF57C5-6A89-47C7-B261-059A84851315}.Ad-Hoc|x86.Deploy.0 = Release|Any CPU
		{85AF57C5-6A89-47C7-B261-059A84851315}.AppStore|Any CPU.ActiveCfg = Release|Any CPU
		{85AF57C5-6A89-47C7-B261-059A84851315}.AppStore|Any CPU.Build.0 = Release|Any CPU
		{85AF57C5-6A89-47C7-B261-059A84851315}.AppStore|Any CPU.Deploy.0 = Release|Any CPU
		{85AF57C5-6A89-47C7-B261-059A84851315}.AppStore|ARM.ActiveCfg = Release|Any CPU
		{85AF57C5-6A89-47C7-B261-059A84851315}.AppStore|ARM.Build.0 = Release|Any CPU
		{85AF57C5-6A89-47C7-B261-059A84851315}.AppStore|ARM.Deploy.0 = Release|Any CPU
		{85AF57C5-6A89-47C7-B261-059A84851315}.AppStore|iPhone.ActiveCfg = Release|Any CPU
		{85AF57C5-6A89-47C7-B261-059A84851315}.AppStore|iPhone.Build.0 = Release|Any CPU
		{85AF57C5-6A89-47C7-B261-059A84851315}.AppStore|iPhone.Deploy.0 = Release|Any CPU
		{85AF57C5-6A89-47C7-B261-059A84851315}.AppStore|iPhoneSimulator.ActiveCfg = Release|Any CPU
		{85AF57C5-6A89-47C7-B261-059A84851315}.AppStore|iPhoneSimulator.Build.0 = Release|Any CPU
		{85AF57C5-6A89-47C7-B261-059A84851315}.AppStore|iPhoneSimulator.Deploy.0 = Release|Any CPU
		{85AF57C5-6A89-47C7-B261-059A84851315}.AppStore|x64.ActiveCfg = Release|Any CPU
		{85AF57C5-6A89-47C7-B261-059A84851315}.AppStore|x64.Build.0 = Release|Any CPU
		{85AF57C5-6A89-47C7-B261-059A84851315}.AppStore|x64.Deploy.0 = Release|Any CPU
		{85AF57C5-6A89-47C7-B261-059A84851315}.AppStore|x86.ActiveCfg = Release|Any CPU
		{85AF57C5-6A89-47C7-B261-059A84851315}.AppStore|x86.Build.0 = Release|Any CPU
		{85AF57C5-6A89-47C7-B261-059A84851315}.AppStore|x86.Deploy.0 = Release|Any CPU
		{85AF57C5-6A89-47C7-B261-059A84851315}.Debug|Any CPU.ActiveCfg = Debug|Any CPU
		{85AF57C5-6A89-47C7-B261-059A84851315}.Debug|Any CPU.Build.0 = Debug|Any CPU
		{85AF57C5-6A89-47C7-B261-059A84851315}.Debug|Any CPU.Deploy.0 = Debug|Any CPU
		{85AF57C5-6A89-47C7-B261-059A84851315}.Debug|ARM.ActiveCfg = Debug|Any CPU
		{85AF57C5-6A89-47C7-B261-059A84851315}.Debug|ARM.Build.0 = Debug|Any CPU
		{85AF57C5-6A89-47C7-B261-059A84851315}.Debug|ARM.Deploy.0 = Debug|Any CPU
		{85AF57C5-6A89-47C7-B261-059A84851315}.Debug|iPhone.ActiveCfg = Debug|Any CPU
		{85AF57C5-6A89-47C7-B261-059A84851315}.Debug|iPhone.Build.0 = Debug|Any CPU
		{85AF57C5-6A89-47C7-B261-059A84851315}.Debug|iPhone.Deploy.0 = Debug|Any CPU
		{85AF57C5-6A89-47C7-B261-059A84851315}.Debug|iPhoneSimulator.ActiveCfg = Debug|Any CPU
		{85AF57C5-6A89-47C7-B261-059A84851315}.Debug|iPhoneSimulator.Build.0 = Debug|Any CPU
		{85AF57C5-6A89-47C7-B261-059A84851315}.Debug|iPhoneSimulator.Deploy.0 = Debug|Any CPU
		{85AF57C5-6A89-47C7-B261-059A84851315}.Debug|x64.ActiveCfg = Debug|Any CPU
		{85AF57C5-6A89-47C7-B261-059A84851315}.Debug|x64.Build.0 = Debug|Any CPU
		{85AF57C5-6A89-47C7-B261-059A84851315}.Debug|x64.Deploy.0 = Debug|Any CPU
		{85AF57C5-6A89-47C7-B261-059A84851315}.Debug|x86.ActiveCfg = Debug|Any CPU
		{85AF57C5-6A89-47C7-B261-059A84851315}.Debug|x86.Build.0 = Debug|Any CPU
		{85AF57C5-6A89-47C7-B261-059A84851315}.Debug|x86.Deploy.0 = Debug|Any CPU
		{85AF57C5-6A89-47C7-B261-059A84851315}.Release|Any CPU.ActiveCfg = Release|Any CPU
		{85AF57C5-6A89-47C7-B261-059A84851315}.Release|Any CPU.Build.0 = Release|Any CPU
		{85AF57C5-6A89-47C7-B261-059A84851315}.Release|Any CPU.Deploy.0 = Release|Any CPU
		{85AF57C5-6A89-47C7-B261-059A84851315}.Release|ARM.ActiveCfg = Release|Any CPU
		{85AF57C5-6A89-47C7-B261-059A84851315}.Release|ARM.Build.0 = Release|Any CPU
		{85AF57C5-6A89-47C7-B261-059A84851315}.Release|ARM.Deploy.0 = Release|Any CPU
		{85AF57C5-6A89-47C7-B261-059A84851315}.Release|iPhone.ActiveCfg = Release|Any CPU
		{85AF57C5-6A89-47C7-B261-059A84851315}.Release|iPhone.Build.0 = Release|Any CPU
		{85AF57C5-6A89-47C7-B261-059A84851315}.Release|iPhone.Deploy.0 = Release|Any CPU
		{85AF57C5-6A89-47C7-B261-059A84851315}.Release|iPhoneSimulator.ActiveCfg = Release|Any CPU
		{85AF57C5-6A89-47C7-B261-059A84851315}.Release|iPhoneSimulator.Build.0 = Release|Any CPU
		{85AF57C5-6A89-47C7-B261-059A84851315}.Release|iPhoneSimulator.Deploy.0 = Release|Any CPU
		{85AF57C5-6A89-47C7-B261-059A84851315}.Release|x64.ActiveCfg = Release|Any CPU
		{85AF57C5-6A89-47C7-B261-059A84851315}.Release|x64.Build.0 = Release|Any CPU
		{85AF57C5-6A89-47C7-B261-059A84851315}.Release|x64.Deploy.0 = Release|Any CPU
		{85AF57C5-6A89-47C7-B261-059A84851315}.Release|x86.ActiveCfg = Release|Any CPU
		{85AF57C5-6A89-47C7-B261-059A84851315}.Release|x86.Build.0 = Release|Any CPU
		{85AF57C5-6A89-47C7-B261-059A84851315}.Release|x86.Deploy.0 = Release|Any CPU
		{C986D760-F38B-4234-B9F0-D3A0BDE9AAEA}.Ad-Hoc|Any CPU.ActiveCfg = Ad-Hoc|iPhone
		{C986D760-F38B-4234-B9F0-D3A0BDE9AAEA}.Ad-Hoc|ARM.ActiveCfg = Ad-Hoc|iPhone
		{C986D760-F38B-4234-B9F0-D3A0BDE9AAEA}.Ad-Hoc|iPhone.ActiveCfg = Ad-Hoc|iPhone
		{C986D760-F38B-4234-B9F0-D3A0BDE9AAEA}.Ad-Hoc|iPhone.Build.0 = Ad-Hoc|iPhone
		{C986D760-F38B-4234-B9F0-D3A0BDE9AAEA}.Ad-Hoc|iPhoneSimulator.ActiveCfg = Ad-Hoc|iPhoneSimulator
		{C986D760-F38B-4234-B9F0-D3A0BDE9AAEA}.Ad-Hoc|iPhoneSimulator.Build.0 = Ad-Hoc|iPhoneSimulator
		{C986D760-F38B-4234-B9F0-D3A0BDE9AAEA}.Ad-Hoc|x64.ActiveCfg = Ad-Hoc|iPhone
		{C986D760-F38B-4234-B9F0-D3A0BDE9AAEA}.Ad-Hoc|x86.ActiveCfg = Ad-Hoc|iPhone
		{C986D760-F38B-4234-B9F0-D3A0BDE9AAEA}.AppStore|Any CPU.ActiveCfg = AppStore|iPhone
		{C986D760-F38B-4234-B9F0-D3A0BDE9AAEA}.AppStore|ARM.ActiveCfg = AppStore|iPhone
		{C986D760-F38B-4234-B9F0-D3A0BDE9AAEA}.AppStore|iPhone.ActiveCfg = AppStore|iPhone
		{C986D760-F38B-4234-B9F0-D3A0BDE9AAEA}.AppStore|iPhone.Build.0 = AppStore|iPhone
		{C986D760-F38B-4234-B9F0-D3A0BDE9AAEA}.AppStore|iPhoneSimulator.ActiveCfg = AppStore|iPhoneSimulator
		{C986D760-F38B-4234-B9F0-D3A0BDE9AAEA}.AppStore|iPhoneSimulator.Build.0 = AppStore|iPhoneSimulator
		{C986D760-F38B-4234-B9F0-D3A0BDE9AAEA}.AppStore|x64.ActiveCfg = AppStore|iPhone
		{C986D760-F38B-4234-B9F0-D3A0BDE9AAEA}.AppStore|x86.ActiveCfg = AppStore|iPhone
		{C986D760-F38B-4234-B9F0-D3A0BDE9AAEA}.Debug|Any CPU.ActiveCfg = Debug|iPhone
		{C986D760-F38B-4234-B9F0-D3A0BDE9AAEA}.Debug|ARM.ActiveCfg = Debug|iPhone
		{C986D760-F38B-4234-B9F0-D3A0BDE9AAEA}.Debug|iPhone.ActiveCfg = Debug|iPhone
		{C986D760-F38B-4234-B9F0-D3A0BDE9AAEA}.Debug|iPhone.Build.0 = Debug|iPhone
		{C986D760-F38B-4234-B9F0-D3A0BDE9AAEA}.Debug|iPhoneSimulator.ActiveCfg = Debug|iPhoneSimulator
		{C986D760-F38B-4234-B9F0-D3A0BDE9AAEA}.Debug|iPhoneSimulator.Build.0 = Debug|iPhoneSimulator
		{C986D760-F38B-4234-B9F0-D3A0BDE9AAEA}.Debug|x64.ActiveCfg = Debug|iPhone
		{C986D760-F38B-4234-B9F0-D3A0BDE9AAEA}.Debug|x86.ActiveCfg = Debug|iPhone
		{C986D760-F38B-4234-B9F0-D3A0BDE9AAEA}.Release|Any CPU.ActiveCfg = Release|iPhone
		{C986D760-F38B-4234-B9F0-D3A0BDE9AAEA}.Release|ARM.ActiveCfg = Release|iPhone
		{C986D760-F38B-4234-B9F0-D3A0BDE9AAEA}.Release|iPhone.ActiveCfg = Release|iPhone
		{C986D760-F38B-4234-B9F0-D3A0BDE9AAEA}.Release|iPhone.Build.0 = Release|iPhone
		{C986D760-F38B-4234-B9F0-D3A0BDE9AAEA}.Release|iPhoneSimulator.ActiveCfg = Release|iPhoneSimulator
		{C986D760-F38B-4234-B9F0-D3A0BDE9AAEA}.Release|iPhoneSimulator.Build.0 = Release|iPhoneSimulator
		{C986D760-F38B-4234-B9F0-D3A0BDE9AAEA}.Release|x64.ActiveCfg = Release|iPhone
		{C986D760-F38B-4234-B9F0-D3A0BDE9AAEA}.Release|x86.ActiveCfg = Release|iPhone
		{D6877A6E-803A-4427-9EFB-26F678FA8A96}.Ad-Hoc|Any CPU.ActiveCfg = Release|x86
		{D6877A6E-803A-4427-9EFB-26F678FA8A96}.Ad-Hoc|Any CPU.Build.0 = Release|x86
		{D6877A6E-803A-4427-9EFB-26F678FA8A96}.Ad-Hoc|Any CPU.Deploy.0 = Release|x86
		{D6877A6E-803A-4427-9EFB-26F678FA8A96}.Ad-Hoc|ARM.ActiveCfg = Release|ARM
		{D6877A6E-803A-4427-9EFB-26F678FA8A96}.Ad-Hoc|ARM.Build.0 = Release|ARM
		{D6877A6E-803A-4427-9EFB-26F678FA8A96}.Ad-Hoc|ARM.Deploy.0 = Release|ARM
		{D6877A6E-803A-4427-9EFB-26F678FA8A96}.Ad-Hoc|iPhone.ActiveCfg = Release|x86
		{D6877A6E-803A-4427-9EFB-26F678FA8A96}.Ad-Hoc|iPhone.Build.0 = Release|x86
		{D6877A6E-803A-4427-9EFB-26F678FA8A96}.Ad-Hoc|iPhone.Deploy.0 = Release|x86
		{D6877A6E-803A-4427-9EFB-26F678FA8A96}.Ad-Hoc|iPhoneSimulator.ActiveCfg = Release|x86
		{D6877A6E-803A-4427-9EFB-26F678FA8A96}.Ad-Hoc|iPhoneSimulator.Build.0 = Release|x86
		{D6877A6E-803A-4427-9EFB-26F678FA8A96}.Ad-Hoc|iPhoneSimulator.Deploy.0 = Release|x86
		{D6877A6E-803A-4427-9EFB-26F678FA8A96}.Ad-Hoc|x64.ActiveCfg = Release|x64
		{D6877A6E-803A-4427-9EFB-26F678FA8A96}.Ad-Hoc|x64.Build.0 = Release|x64
		{D6877A6E-803A-4427-9EFB-26F678FA8A96}.Ad-Hoc|x64.Deploy.0 = Release|x64
		{D6877A6E-803A-4427-9EFB-26F678FA8A96}.Ad-Hoc|x86.ActiveCfg = Release|x86
		{D6877A6E-803A-4427-9EFB-26F678FA8A96}.Ad-Hoc|x86.Build.0 = Release|x86
		{D6877A6E-803A-4427-9EFB-26F678FA8A96}.Ad-Hoc|x86.Deploy.0 = Release|x86
		{D6877A6E-803A-4427-9EFB-26F678FA8A96}.AppStore|Any CPU.ActiveCfg = Release|x86
		{D6877A6E-803A-4427-9EFB-26F678FA8A96}.AppStore|Any CPU.Build.0 = Release|x86
		{D6877A6E-803A-4427-9EFB-26F678FA8A96}.AppStore|Any CPU.Deploy.0 = Release|x86
		{D6877A6E-803A-4427-9EFB-26F678FA8A96}.AppStore|ARM.ActiveCfg = Release|ARM
		{D6877A6E-803A-4427-9EFB-26F678FA8A96}.AppStore|ARM.Build.0 = Release|ARM
		{D6877A6E-803A-4427-9EFB-26F678FA8A96}.AppStore|ARM.Deploy.0 = Release|ARM
		{D6877A6E-803A-4427-9EFB-26F678FA8A96}.AppStore|iPhone.ActiveCfg = Release|x86
		{D6877A6E-803A-4427-9EFB-26F678FA8A96}.AppStore|iPhone.Build.0 = Release|x86
		{D6877A6E-803A-4427-9EFB-26F678FA8A96}.AppStore|iPhone.Deploy.0 = Release|x86
		{D6877A6E-803A-4427-9EFB-26F678FA8A96}.AppStore|iPhoneSimulator.ActiveCfg = Release|x86
		{D6877A6E-803A-4427-9EFB-26F678FA8A96}.AppStore|iPhoneSimulator.Build.0 = Release|x86
		{D6877A6E-803A-4427-9EFB-26F678FA8A96}.AppStore|iPhoneSimulator.Deploy.0 = Release|x86
		{D6877A6E-803A-4427-9EFB-26F678FA8A96}.AppStore|x64.ActiveCfg = Release|x64
		{D6877A6E-803A-4427-9EFB-26F678FA8A96}.AppStore|x64.Build.0 = Release|x64
		{D6877A6E-803A-4427-9EFB-26F678FA8A96}.AppStore|x64.Deploy.0 = Release|x64
		{D6877A6E-803A-4427-9EFB-26F678FA8A96}.AppStore|x86.ActiveCfg = Release|x86
		{D6877A6E-803A-4427-9EFB-26F678FA8A96}.AppStore|x86.Build.0 = Release|x86
		{D6877A6E-803A-4427-9EFB-26F678FA8A96}.AppStore|x86.Deploy.0 = Release|x86
		{D6877A6E-803A-4427-9EFB-26F678FA8A96}.Debug|Any CPU.ActiveCfg = Debug|x86
		{D6877A6E-803A-4427-9EFB-26F678FA8A96}.Debug|ARM.ActiveCfg = Debug|ARM
		{D6877A6E-803A-4427-9EFB-26F678FA8A96}.Debug|ARM.Build.0 = Debug|ARM
		{D6877A6E-803A-4427-9EFB-26F678FA8A96}.Debug|ARM.Deploy.0 = Debug|ARM
		{D6877A6E-803A-4427-9EFB-26F678FA8A96}.Debug|iPhone.ActiveCfg = Debug|x86
		{D6877A6E-803A-4427-9EFB-26F678FA8A96}.Debug|iPhoneSimulator.ActiveCfg = Debug|x86
		{D6877A6E-803A-4427-9EFB-26F678FA8A96}.Debug|x64.ActiveCfg = Debug|x64
		{D6877A6E-803A-4427-9EFB-26F678FA8A96}.Debug|x64.Build.0 = Debug|x64
		{D6877A6E-803A-4427-9EFB-26F678FA8A96}.Debug|x64.Deploy.0 = Debug|x64
		{D6877A6E-803A-4427-9EFB-26F678FA8A96}.Debug|x86.ActiveCfg = Debug|x86
		{D6877A6E-803A-4427-9EFB-26F678FA8A96}.Debug|x86.Build.0 = Debug|x86
		{D6877A6E-803A-4427-9EFB-26F678FA8A96}.Debug|x86.Deploy.0 = Debug|x86
		{D6877A6E-803A-4427-9EFB-26F678FA8A96}.Release|Any CPU.ActiveCfg = Release|x86
		{D6877A6E-803A-4427-9EFB-26F678FA8A96}.Release|ARM.ActiveCfg = Release|ARM
		{D6877A6E-803A-4427-9EFB-26F678FA8A96}.Release|ARM.Build.0 = Release|ARM
		{D6877A6E-803A-4427-9EFB-26F678FA8A96}.Release|ARM.Deploy.0 = Release|ARM
		{D6877A6E-803A-4427-9EFB-26F678FA8A96}.Release|iPhone.ActiveCfg = Release|x86
		{D6877A6E-803A-4427-9EFB-26F678FA8A96}.Release|iPhoneSimulator.ActiveCfg = Release|x86
		{D6877A6E-803A-4427-9EFB-26F678FA8A96}.Release|x64.ActiveCfg = Release|x64
		{D6877A6E-803A-4427-9EFB-26F678FA8A96}.Release|x64.Build.0 = Release|x64
		{D6877A6E-803A-4427-9EFB-26F678FA8A96}.Release|x64.Deploy.0 = Release|x64
		{D6877A6E-803A-4427-9EFB-26F678FA8A96}.Release|x86.ActiveCfg = Release|x86
		{D6877A6E-803A-4427-9EFB-26F678FA8A96}.Release|x86.Build.0 = Release|x86
		{D6877A6E-803A-4427-9EFB-26F678FA8A96}.Release|x86.Deploy.0 = Release|x86
	EndGlobalSection
	GlobalSection(SolutionProperties) = preSolution
		HideSolutionNode = FALSE
	EndGlobalSection
EndGlobal
