
Microsoft Visual Studio Solution File, Format Version 12.00
# Visual Studio 15
VisualStudioVersion = 15.0.26430.14
MinimumVisualStudioVersion = 10.0.40219.1
Project("{FAE04EC0-301F-11D3-BF4B-00C04F79EFBC}") = "XFToolbarItem", "XFToolbarItem\XFToolbarItem\XFToolbarItem.csproj", "{7E586EAD-6CEA-4987-AEDC-7265AA59D8B0}"
EndProject
Project("{FAE04EC0-301F-11D3-BF4B-00C04F79EFBC}") = "XFToolbarItem.Droid", "XFToolbarItem\XFToolbarItem.Droid\XFToolbarItem.Droid.csproj", "{5FC67A48-2BD1-4609-90F3-33EA9678E88C}"
EndProject
Project("{FAE04EC0-301F-11D3-BF4B-00C04F79EFBC}") = "XFToolbarItem.iOS", "XFToolbarItem\XFToolbarItem.iOS\XFToolbarItem.iOS.csproj", "{CA795EBF-E5F3-43FD-AFC5-FB8DBA214415}"
EndProject
Project("{FAE04EC0-301F-11D3-BF4B-00C04F79EFBC}") = "XFToolbarItem.UWP", "XFToolbarItem\XFToolbarItem.UWP\XFToolbarItem.UWP.csproj", "{C5B5ECA9-3F85-40AA-BA3B-1815EE683548}"
EndProject
Global
	GlobalSection(SolutionConfigurationPlatforms) = preSolution
		Ad-Hoc|Any CPU = Ad-Hoc|Any CPU
		Ad-Hoc|ARM = Ad-Hoc|ARM
		Ad-Hoc|iPhone = Ad-Hoc|iPhone
		Ad-Hoc|iPhoneSimulator = Ad-Hoc|iPhoneSimulator
		Ad-Hoc|x64 = Ad-Hoc|x64
		Ad-Hoc|x86 = Ad-Hoc|x86
		AppStore|Any CPU = AppStore|Any CPU
		AppStore|ARM = AppStore|ARM
		AppStore|iPhone = AppStore|iPhone
		AppStore|iPhoneSimulator = AppStore|iPhoneSimulator
		AppStore|x64 = AppStore|x64
		AppStore|x86 = AppStore|x86
		Debug|Any CPU = Debug|Any CPU
		Debug|ARM = Debug|ARM
		Debug|iPhone = Debug|iPhone
		Debug|iPhoneSimulator = Debug|iPhoneSimulator
		Debug|x64 = Debug|x64
		Debug|x86 = Debug|x86
		Release|Any CPU = Release|Any CPU
		Release|ARM = Release|ARM
		Release|iPhone = Release|iPhone
		Release|iPhoneSimulator = Release|iPhoneSimulator
		Release|x64 = Release|x64
		Release|x86 = Release|x86
	EndGlobalSection
	GlobalSection(ProjectConfigurationPlatforms) = postSolution
		{7E586EAD-6CEA-4987-AEDC-7265AA59D8B0}.Ad-Hoc|Any CPU.ActiveCfg = Release|Any CPU
		{7E586EAD-6CEA-4987-AEDC-7265AA59D8B0}.Ad-Hoc|Any CPU.Build.0 = Release|Any CPU
		{7E586EAD-6CEA-4987-AEDC-7265AA59D8B0}.Ad-Hoc|ARM.ActiveCfg = Release|Any CPU
		{7E586EAD-6CEA-4987-AEDC-7265AA59D8B0}.Ad-Hoc|ARM.Build.0 = Release|Any CPU
		{7E586EAD-6CEA-4987-AEDC-7265AA59D8B0}.Ad-Hoc|iPhone.ActiveCfg = Release|Any CPU
		{7E586EAD-6CEA-4987-AEDC-7265AA59D8B0}.Ad-Hoc|iPhone.Build.0 = Release|Any CPU
		{7E586EAD-6CEA-4987-AEDC-7265AA59D8B0}.Ad-Hoc|iPhoneSimulator.ActiveCfg = Release|Any CPU
		{7E586EAD-6CEA-4987-AEDC-7265AA59D8B0}.Ad-Hoc|iPhoneSimulator.Build.0 = Release|Any CPU
		{7E586EAD-6CEA-4987-AEDC-7265AA59D8B0}.Ad-Hoc|x64.ActiveCfg = Release|Any CPU
		{7E586EAD-6CEA-4987-AEDC-7265AA59D8B0}.Ad-Hoc|x64.Build.0 = Release|Any CPU
		{7E586EAD-6CEA-4987-AEDC-7265AA59D8B0}.Ad-Hoc|x86.ActiveCfg = Release|Any CPU
		{7E586EAD-6CEA-4987-AEDC-7265AA59D8B0}.Ad-Hoc|x86.Build.0 = Release|Any CPU
		{7E586EAD-6CEA-4987-AEDC-7265AA59D8B0}.AppStore|Any CPU.ActiveCfg = Release|Any CPU
		{7E586EAD-6CEA-4987-AEDC-7265AA59D8B0}.AppStore|Any CPU.Build.0 = Release|Any CPU
		{7E586EAD-6CEA-4987-AEDC-7265AA59D8B0}.AppStore|ARM.ActiveCfg = Release|Any CPU
		{7E586EAD-6CEA-4987-AEDC-7265AA59D8B0}.AppStore|ARM.Build.0 = Release|Any CPU
		{7E586EAD-6CEA-4987-AEDC-7265AA59D8B0}.AppStore|iPhone.ActiveCfg = Release|Any CPU
		{7E586EAD-6CEA-4987-AEDC-7265AA59D8B0}.AppStore|iPhone.Build.0 = Release|Any CPU
		{7E586EAD-6CEA-4987-AEDC-7265AA59D8B0}.AppStore|iPhoneSimulator.ActiveCfg = Release|Any CPU
		{7E586EAD-6CEA-4987-AEDC-7265AA59D8B0}.AppStore|iPhoneSimulator.Build.0 = Release|Any CPU
		{7E586EAD-6CEA-4987-AEDC-7265AA59D8B0}.AppStore|x64.ActiveCfg = Release|Any CPU
		{7E586EAD-6CEA-4987-AEDC-7265AA59D8B0}.AppStore|x64.Build.0 = Release|Any CPU
		{7E586EAD-6CEA-4987-AEDC-7265AA59D8B0}.AppStore|x86.ActiveCfg = Release|Any CPU
		{7E586EAD-6CEA-4987-AEDC-7265AA59D8B0}.AppStore|x86.Build.0 = Release|Any CPU
		{7E586EAD-6CEA-4987-AEDC-7265AA59D8B0}.Debug|Any CPU.ActiveCfg = Debug|Any CPU
		{7E586EAD-6CEA-4987-AEDC-7265AA59D8B0}.Debug|Any CPU.Build.0 = Debug|Any CPU
		{7E586EAD-6CEA-4987-AEDC-7265AA59D8B0}.Debug|ARM.ActiveCfg = Debug|Any CPU
		{7E586EAD-6CEA-4987-AEDC-7265AA59D8B0}.Debug|ARM.Build.0 = Debug|Any CPU
		{7E586EAD-6CEA-4987-AEDC-7265AA59D8B0}.Debug|iPhone.ActiveCfg = Debug|Any CPU
		{7E586EAD-6CEA-4987-AEDC-7265AA59D8B0}.Debug|iPhone.Build.0 = Debug|Any CPU
		{7E586EAD-6CEA-4987-AEDC-7265AA59D8B0}.Debug|iPhoneSimulator.ActiveCfg = Debug|Any CPU
		{7E586EAD-6CEA-4987-AEDC-7265AA59D8B0}.Debug|iPhoneSimulator.Build.0 = Debug|Any CPU
		{7E586EAD-6CEA-4987-AEDC-7265AA59D8B0}.Debug|x64.ActiveCfg = Debug|Any CPU
		{7E586EAD-6CEA-4987-AEDC-7265AA59D8B0}.Debug|x64.Build.0 = Debug|Any CPU
		{7E586EAD-6CEA-4987-AEDC-7265AA59D8B0}.Debug|x86.ActiveCfg = Debug|Any CPU
		{7E586EAD-6CEA-4987-AEDC-7265AA59D8B0}.Debug|x86.Build.0 = Debug|Any CPU
		{7E586EAD-6CEA-4987-AEDC-7265AA59D8B0}.Release|Any CPU.ActiveCfg = Release|Any CPU
		{7E586EAD-6CEA-4987-AEDC-7265AA59D8B0}.Release|Any CPU.Build.0 = Release|Any CPU
		{7E586EAD-6CEA-4987-AEDC-7265AA59D8B0}.Release|ARM.ActiveCfg = Release|Any CPU
		{7E586EAD-6CEA-4987-AEDC-7265AA59D8B0}.Release|ARM.Build.0 = Release|Any CPU
		{7E586EAD-6CEA-4987-AEDC-7265AA59D8B0}.Release|iPhone.ActiveCfg = Release|Any CPU
		{7E586EAD-6CEA-4987-AEDC-7265AA59D8B0}.Release|iPhone.Build.0 = Release|Any CPU
		{7E586EAD-6CEA-4987-AEDC-7265AA59D8B0}.Release|iPhoneSimulator.ActiveCfg = Release|Any CPU
		{7E586EAD-6CEA-4987-AEDC-7265AA59D8B0}.Release|iPhoneSimulator.Build.0 = Release|Any CPU
		{7E586EAD-6CEA-4987-AEDC-7265AA59D8B0}.Release|x64.ActiveCfg = Release|Any CPU
		{7E586EAD-6CEA-4987-AEDC-7265AA59D8B0}.Release|x64.Build.0 = Release|Any CPU
		{7E586EAD-6CEA-4987-AEDC-7265AA59D8B0}.Release|x86.ActiveCfg = Release|Any CPU
		{7E586EAD-6CEA-4987-AEDC-7265AA59D8B0}.Release|x86.Build.0 = Release|Any CPU
		{5FC67A48-2BD1-4609-90F3-33EA9678E88C}.Ad-Hoc|Any CPU.ActiveCfg = Release|Any CPU
		{5FC67A48-2BD1-4609-90F3-33EA9678E88C}.Ad-Hoc|Any CPU.Build.0 = Release|Any CPU
		{5FC67A48-2BD1-4609-90F3-33EA9678E88C}.Ad-Hoc|Any CPU.Deploy.0 = Release|Any CPU
		{5FC67A48-2BD1-4609-90F3-33EA9678E88C}.Ad-Hoc|ARM.ActiveCfg = Release|Any CPU
		{5FC67A48-2BD1-4609-90F3-33EA9678E88C}.Ad-Hoc|ARM.Build.0 = Release|Any CPU
		{5FC67A48-2BD1-4609-90F3-33EA9678E88C}.Ad-Hoc|ARM.Deploy.0 = Release|Any CPU
		{5FC67A48-2BD1-4609-90F3-33EA9678E88C}.Ad-Hoc|iPhone.ActiveCfg = Release|Any CPU
		{5FC67A48-2BD1-4609-90F3-33EA9678E88C}.Ad-Hoc|iPhone.Build.0 = Release|Any CPU
		{5FC67A48-2BD1-4609-90F3-33EA9678E88C}.Ad-Hoc|iPhone.Deploy.0 = Release|Any CPU
		{5FC67A48-2BD1-4609-90F3-33EA9678E88C}.Ad-Hoc|iPhoneSimulator.ActiveCfg = Release|Any CPU
		{5FC67A48-2BD1-4609-90F3-33EA9678E88C}.Ad-Hoc|iPhoneSimulator.Build.0 = Release|Any CPU
		{5FC67A48-2BD1-4609-90F3-33EA9678E88C}.Ad-Hoc|iPhoneSimulator.Deploy.0 = Release|Any CPU
		{5FC67A48-2BD1-4609-90F3-33EA9678E88C}.Ad-Hoc|x64.ActiveCfg = Release|Any CPU
		{5FC67A48-2BD1-4609-90F3-33EA9678E88C}.Ad-Hoc|x64.Build.0 = Release|Any CPU
		{5FC67A48-2BD1-4609-90F3-33EA9678E88C}.Ad-Hoc|x64.Deploy.0 = Release|Any CPU
		{5FC67A48-2BD1-4609-90F3-33EA9678E88C}.Ad-Hoc|x86.ActiveCfg = Release|Any CPU
		{5FC67A48-2BD1-4609-90F3-33EA9678E88C}.Ad-Hoc|x86.Build.0 = Release|Any CPU
		{5FC67A48-2BD1-4609-90F3-33EA9678E88C}.Ad-Hoc|x86.Deploy.0 = Release|Any CPU
		{5FC67A48-2BD1-4609-90F3-33EA9678E88C}.AppStore|Any CPU.ActiveCfg = Release|Any CPU
		{5FC67A48-2BD1-4609-90F3-33EA9678E88C}.AppStore|Any CPU.Build.0 = Release|Any CPU
		{5FC67A48-2BD1-4609-90F3-33EA9678E88C}.AppStore|Any CPU.Deploy.0 = Release|Any CPU
		{5FC67A48-2BD1-4609-90F3-33EA9678E88C}.AppStore|ARM.ActiveCfg = Release|Any CPU
		{5FC67A48-2BD1-4609-90F3-33EA9678E88C}.AppStore|ARM.Build.0 = Release|Any CPU
		{5FC67A48-2BD1-4609-90F3-33EA9678E88C}.AppStore|ARM.Deploy.0 = Release|Any CPU
		{5FC67A48-2BD1-4609-90F3-33EA9678E88C}.AppStore|iPhone.ActiveCfg = Release|Any CPU
		{5FC67A48-2BD1-4609-90F3-33EA9678E88C}.AppStore|iPhone.Build.0 = Release|Any CPU
		{5FC67A48-2BD1-4609-90F3-33EA9678E88C}.AppStore|iPhone.Deploy.0 = Release|Any CPU
		{5FC67A48-2BD1-4609-90F3-33EA9678E88C}.AppStore|iPhoneSimulator.ActiveCfg = Release|Any CPU
		{5FC67A48-2BD1-4609-90F3-33EA9678E88C}.AppStore|iPhoneSimulator.Build.0 = Release|Any CPU
		{5FC67A48-2BD1-4609-90F3-33EA9678E88C}.AppStore|iPhoneSimulator.Deploy.0 = Release|Any CPU
		{5FC67A48-2BD1-4609-90F3-33EA9678E88C}.AppStore|x64.ActiveCfg = Release|Any CPU
		{5FC67A48-2BD1-4609-90F3-33EA9678E88C}.AppStore|x64.Build.0 = Release|Any CPU
		{5FC67A48-2BD1-4609-90F3-33EA9678E88C}.AppStore|x64.Deploy.0 = Release|Any CPU
		{5FC67A48-2BD1-4609-90F3-33EA9678E88C}.AppStore|x86.ActiveCfg = Release|Any CPU
		{5FC67A48-2BD1-4609-90F3-33EA9678E88C}.AppStore|x86.Build.0 = Release|Any CPU
		{5FC67A48-2BD1-4609-90F3-33EA9678E88C}.AppStore|x86.Deploy.0 = Release|Any CPU
		{5FC67A48-2BD1-4609-90F3-33EA9678E88C}.Debug|Any CPU.ActiveCfg = Debug|Any CPU
		{5FC67A48-2BD1-4609-90F3-33EA9678E88C}.Debug|Any CPU.Build.0 = Debug|Any CPU
		{5FC67A48-2BD1-4609-90F3-33EA9678E88C}.Debug|Any CPU.Deploy.0 = Debug|Any CPU
		{5FC67A48-2BD1-4609-90F3-33EA9678E88C}.Debug|ARM.ActiveCfg = Debug|Any CPU
		{5FC67A48-2BD1-4609-90F3-33EA9678E88C}.Debug|ARM.Build.0 = Debug|Any CPU
		{5FC67A48-2BD1-4609-90F3-33EA9678E88C}.Debug|ARM.Deploy.0 = Debug|Any CPU
		{5FC67A48-2BD1-4609-90F3-33EA9678E88C}.Debug|iPhone.ActiveCfg = Debug|Any CPU
		{5FC67A48-2BD1-4609-90F3-33EA9678E88C}.Debug|iPhone.Build.0 = Debug|Any CPU
		{5FC67A48-2BD1-4609-90F3-33EA9678E88C}.Debug|iPhone.Deploy.0 = Debug|Any CPU
		{5FC67A48-2BD1-4609-90F3-33EA9678E88C}.Debug|iPhoneSimulator.ActiveCfg = Debug|Any CPU
		{5FC67A48-2BD1-4609-90F3-33EA9678E88C}.Debug|iPhoneSimulator.Build.0 = Debug|Any CPU
		{5FC67A48-2BD1-4609-90F3-33EA9678E88C}.Debug|iPhoneSimulator.Deploy.0 = Debug|Any CPU
		{5FC67A48-2BD1-4609-90F3-33EA9678E88C}.Debug|x64.ActiveCfg = Debug|Any CPU
		{5FC67A48-2BD1-4609-90F3-33EA9678E88C}.Debug|x64.Build.0 = Debug|Any CPU
		{5FC67A48-2BD1-4609-90F3-33EA9678E88C}.Debug|x64.Deploy.0 = Debug|Any CPU
		{5FC67A48-2BD1-4609-90F3-33EA9678E88C}.Debug|x86.ActiveCfg = Debug|Any CPU
		{5FC67A48-2BD1-4609-90F3-33EA9678E88C}.Debug|x86.Build.0 = Debug|Any CPU
		{5FC67A48-2BD1-4609-90F3-33EA9678E88C}.Debug|x86.Deploy.0 = Debug|Any CPU
		{5FC67A48-2BD1-4609-90F3-33EA9678E88C}.Release|Any CPU.ActiveCfg = Release|Any CPU
		{5FC67A48-2BD1-4609-90F3-33EA9678E88C}.Release|Any CPU.Build.0 = Release|Any CPU
		{5FC67A48-2BD1-4609-90F3-33EA9678E88C}.Release|Any CPU.Deploy.0 = Release|Any CPU
		{5FC67A48-2BD1-4609-90F3-33EA9678E88C}.Release|ARM.ActiveCfg = Release|Any CPU
		{5FC67A48-2BD1-4609-90F3-33EA9678E88C}.Release|ARM.Build.0 = Release|Any CPU
		{5FC67A48-2BD1-4609-90F3-33EA9678E88C}.Release|ARM.Deploy.0 = Release|Any CPU
		{5FC67A48-2BD1-4609-90F3-33EA9678E88C}.Release|iPhone.ActiveCfg = Release|Any CPU
		{5FC67A48-2BD1-4609-90F3-33EA9678E88C}.Release|iPhone.Build.0 = Release|Any CPU
		{5FC67A48-2BD1-4609-90F3-33EA9678E88C}.Release|iPhone.Deploy.0 = Release|Any CPU
		{5FC67A48-2BD1-4609-90F3-33EA9678E88C}.Release|iPhoneSimulator.ActiveCfg = Release|Any CPU
		{5FC67A48-2BD1-4609-90F3-33EA9678E88C}.Release|iPhoneSimulator.Build.0 = Release|Any CPU
		{5FC67A48-2BD1-4609-90F3-33EA9678E88C}.Release|iPhoneSimulator.Deploy.0 = Release|Any CPU
		{5FC67A48-2BD1-4609-90F3-33EA9678E88C}.Release|x64.ActiveCfg = Release|Any CPU
		{5FC67A48-2BD1-4609-90F3-33EA9678E88C}.Release|x64.Build.0 = Release|Any CPU
		{5FC67A48-2BD1-4609-90F3-33EA9678E88C}.Release|x64.Deploy.0 = Release|Any CPU
		{5FC67A48-2BD1-4609-90F3-33EA9678E88C}.Release|x86.ActiveCfg = Release|Any CPU
		{5FC67A48-2BD1-4609-90F3-33EA9678E88C}.Release|x86.Build.0 = Release|Any CPU
		{5FC67A48-2BD1-4609-90F3-33EA9678E88C}.Release|x86.Deploy.0 = Release|Any CPU
		{CA795EBF-E5F3-43FD-AFC5-FB8DBA214415}.Ad-Hoc|Any CPU.ActiveCfg = Ad-Hoc|iPhone
		{CA795EBF-E5F3-43FD-AFC5-FB8DBA214415}.Ad-Hoc|ARM.ActiveCfg = Ad-Hoc|iPhone
		{CA795EBF-E5F3-43FD-AFC5-FB8DBA214415}.Ad-Hoc|iPhone.ActiveCfg = Ad-Hoc|iPhone
		{CA795EBF-E5F3-43FD-AFC5-FB8DBA214415}.Ad-Hoc|iPhone.Build.0 = Ad-Hoc|iPhone
		{CA795EBF-E5F3-43FD-AFC5-FB8DBA214415}.Ad-Hoc|iPhoneSimulator.ActiveCfg = Ad-Hoc|iPhoneSimulator
		{CA795EBF-E5F3-43FD-AFC5-FB8DBA214415}.Ad-Hoc|iPhoneSimulator.Build.0 = Ad-Hoc|iPhoneSimulator
		{CA795EBF-E5F3-43FD-AFC5-FB8DBA214415}.Ad-Hoc|x64.ActiveCfg = Ad-Hoc|iPhone
		{CA795EBF-E5F3-43FD-AFC5-FB8DBA214415}.Ad-Hoc|x86.ActiveCfg = Ad-Hoc|iPhone
		{CA795EBF-E5F3-43FD-AFC5-FB8DBA214415}.AppStore|Any CPU.ActiveCfg = AppStore|iPhone
		{CA795EBF-E5F3-43FD-AFC5-FB8DBA214415}.AppStore|ARM.ActiveCfg = AppStore|iPhone
		{CA795EBF-E5F3-43FD-AFC5-FB8DBA214415}.AppStore|iPhone.ActiveCfg = AppStore|iPhone
		{CA795EBF-E5F3-43FD-AFC5-FB8DBA214415}.AppStore|iPhone.Build.0 = AppStore|iPhone
		{CA795EBF-E5F3-43FD-AFC5-FB8DBA214415}.AppStore|iPhoneSimulator.ActiveCfg = AppStore|iPhoneSimulator
		{CA795EBF-E5F3-43FD-AFC5-FB8DBA214415}.AppStore|iPhoneSimulator.Build.0 = AppStore|iPhoneSimulator
		{CA795EBF-E5F3-43FD-AFC5-FB8DBA214415}.AppStore|x64.ActiveCfg = AppStore|iPhone
		{CA795EBF-E5F3-43FD-AFC5-FB8DBA214415}.AppStore|x86.ActiveCfg = AppStore|iPhone
		{CA795EBF-E5F3-43FD-AFC5-FB8DBA214415}.Debug|Any CPU.ActiveCfg = Debug|iPhone
		{CA795EBF-E5F3-43FD-AFC5-FB8DBA214415}.Debug|ARM.ActiveCfg = Debug|iPhone
		{CA795EBF-E5F3-43FD-AFC5-FB8DBA214415}.Debug|iPhone.ActiveCfg = Debug|iPhone
		{CA795EBF-E5F3-43FD-AFC5-FB8DBA214415}.Debug|iPhone.Build.0 = Debug|iPhone
		{CA795EBF-E5F3-43FD-AFC5-FB8DBA214415}.Debug|iPhoneSimulator.ActiveCfg = Debug|iPhoneSimulator
		{CA795EBF-E5F3-43FD-AFC5-FB8DBA214415}.Debug|iPhoneSimulator.Build.0 = Debug|iPhoneSimulator
		{CA795EBF-E5F3-43FD-AFC5-FB8DBA214415}.Debug|x64.ActiveCfg = Debug|iPhone
		{CA795EBF-E5F3-43FD-AFC5-FB8DBA214415}.Debug|x86.ActiveCfg = Debug|iPhone
		{CA795EBF-E5F3-43FD-AFC5-FB8DBA214415}.Release|Any CPU.ActiveCfg = Release|iPhone
		{CA795EBF-E5F3-43FD-AFC5-FB8DBA214415}.Release|ARM.ActiveCfg = Release|iPhone
		{CA795EBF-E5F3-43FD-AFC5-FB8DBA214415}.Release|iPhone.ActiveCfg = Release|iPhone
		{CA795EBF-E5F3-43FD-AFC5-FB8DBA214415}.Release|iPhone.Build.0 = Release|iPhone
		{CA795EBF-E5F3-43FD-AFC5-FB8DBA214415}.Release|iPhoneSimulator.ActiveCfg = Release|iPhoneSimulator
		{CA795EBF-E5F3-43FD-AFC5-FB8DBA214415}.Release|iPhoneSimulator.Build.0 = Release|iPhoneSimulator
		{CA795EBF-E5F3-43FD-AFC5-FB8DBA214415}.Release|x64.ActiveCfg = Release|iPhone
		{CA795EBF-E5F3-43FD-AFC5-FB8DBA214415}.Release|x86.ActiveCfg = Release|iPhone
		{C5B5ECA9-3F85-40AA-BA3B-1815EE683548}.Ad-Hoc|Any CPU.ActiveCfg = Release|x86
		{C5B5ECA9-3F85-40AA-BA3B-1815EE683548}.Ad-Hoc|Any CPU.Build.0 = Release|x86
		{C5B5ECA9-3F85-40AA-BA3B-1815EE683548}.Ad-Hoc|Any CPU.Deploy.0 = Release|x86
		{C5B5ECA9-3F85-40AA-BA3B-1815EE683548}.Ad-Hoc|ARM.ActiveCfg = Release|ARM
		{C5B5ECA9-3F85-40AA-BA3B-1815EE683548}.Ad-Hoc|ARM.Build.0 = Release|ARM
		{C5B5ECA9-3F85-40AA-BA3B-1815EE683548}.Ad-Hoc|ARM.Deploy.0 = Release|ARM
		{C5B5ECA9-3F85-40AA-BA3B-1815EE683548}.Ad-Hoc|iPhone.ActiveCfg = Release|x86
		{C5B5ECA9-3F85-40AA-BA3B-1815EE683548}.Ad-Hoc|iPhone.Build.0 = Release|x86
		{C5B5ECA9-3F85-40AA-BA3B-1815EE683548}.Ad-Hoc|iPhone.Deploy.0 = Release|x86
		{C5B5ECA9-3F85-40AA-BA3B-1815EE683548}.Ad-Hoc|iPhoneSimulator.ActiveCfg = Release|x86
		{C5B5ECA9-3F85-40AA-BA3B-1815EE683548}.Ad-Hoc|iPhoneSimulator.Build.0 = Release|x86
		{C5B5ECA9-3F85-40AA-BA3B-1815EE683548}.Ad-Hoc|iPhoneSimulator.Deploy.0 = Release|x86
		{C5B5ECA9-3F85-40AA-BA3B-1815EE683548}.Ad-Hoc|x64.ActiveCfg = Release|x64
		{C5B5ECA9-3F85-40AA-BA3B-1815EE683548}.Ad-Hoc|x64.Build.0 = Release|x64
		{C5B5ECA9-3F85-40AA-BA3B-1815EE683548}.Ad-Hoc|x64.Deploy.0 = Release|x64
		{C5B5ECA9-3F85-40AA-BA3B-1815EE683548}.Ad-Hoc|x86.ActiveCfg = Release|x86
		{C5B5ECA9-3F85-40AA-BA3B-1815EE683548}.Ad-Hoc|x86.Build.0 = Release|x86
		{C5B5ECA9-3F85-40AA-BA3B-1815EE683548}.Ad-Hoc|x86.Deploy.0 = Release|x86
		{C5B5ECA9-3F85-40AA-BA3B-1815EE683548}.AppStore|Any CPU.ActiveCfg = Release|x86
		{C5B5ECA9-3F85-40AA-BA3B-1815EE683548}.AppStore|Any CPU.Build.0 = Release|x86
		{C5B5ECA9-3F85-40AA-BA3B-1815EE683548}.AppStore|Any CPU.Deploy.0 = Release|x86
		{C5B5ECA9-3F85-40AA-BA3B-1815EE683548}.AppStore|ARM.ActiveCfg = Release|ARM
		{C5B5ECA9-3F85-40AA-BA3B-1815EE683548}.AppStore|ARM.Build.0 = Release|ARM
		{C5B5ECA9-3F85-40AA-BA3B-1815EE683548}.AppStore|ARM.Deploy.0 = Release|ARM
		{C5B5ECA9-3F85-40AA-BA3B-1815EE683548}.AppStore|iPhone.ActiveCfg = Release|x86
		{C5B5ECA9-3F85-40AA-BA3B-1815EE683548}.AppStore|iPhone.Build.0 = Release|x86
		{C5B5ECA9-3F85-40AA-BA3B-1815EE683548}.AppStore|iPhone.Deploy.0 = Release|x86
		{C5B5ECA9-3F85-40AA-BA3B-1815EE683548}.AppStore|iPhoneSimulator.ActiveCfg = Release|x86
		{C5B5ECA9-3F85-40AA-BA3B-1815EE683548}.AppStore|iPhoneSimulator.Build.0 = Release|x86
		{C5B5ECA9-3F85-40AA-BA3B-1815EE683548}.AppStore|iPhoneSimulator.Deploy.0 = Release|x86
		{C5B5ECA9-3F85-40AA-BA3B-1815EE683548}.AppStore|x64.ActiveCfg = Release|x64
		{C5B5ECA9-3F85-40AA-BA3B-1815EE683548}.AppStore|x64.Build.0 = Release|x64
		{C5B5ECA9-3F85-40AA-BA3B-1815EE683548}.AppStore|x64.Deploy.0 = Release|x64
		{C5B5ECA9-3F85-40AA-BA3B-1815EE683548}.AppStore|x86.ActiveCfg = Release|x86
		{C5B5ECA9-3F85-40AA-BA3B-1815EE683548}.AppStore|x86.Build.0 = Release|x86
		{C5B5ECA9-3F85-40AA-BA3B-1815EE683548}.AppStore|x86.Deploy.0 = Release|x86
		{C5B5ECA9-3F85-40AA-BA3B-1815EE683548}.Debug|Any CPU.ActiveCfg = Debug|x86
		{C5B5ECA9-3F85-40AA-BA3B-1815EE683548}.Debug|ARM.ActiveCfg = Debug|ARM
		{C5B5ECA9-3F85-40AA-BA3B-1815EE683548}.Debug|ARM.Build.0 = Debug|ARM
		{C5B5ECA9-3F85-40AA-BA3B-1815EE683548}.Debug|ARM.Deploy.0 = Debug|ARM
		{C5B5ECA9-3F85-40AA-BA3B-1815EE683548}.Debug|iPhone.ActiveCfg = Debug|x86
		{C5B5ECA9-3F85-40AA-BA3B-1815EE683548}.Debug|iPhoneSimulator.ActiveCfg = Debug|x86
		{C5B5ECA9-3F85-40AA-BA3B-1815EE683548}.Debug|x64.ActiveCfg = Debug|x64
		{C5B5ECA9-3F85-40AA-BA3B-1815EE683548}.Debug|x64.Build.0 = Debug|x64
		{C5B5ECA9-3F85-40AA-BA3B-1815EE683548}.Debug|x64.Deploy.0 = Debug|x64
		{C5B5ECA9-3F85-40AA-BA3B-1815EE683548}.Debug|x86.ActiveCfg = Debug|x86
		{C5B5ECA9-3F85-40AA-BA3B-1815EE683548}.Debug|x86.Build.0 = Debug|x86
		{C5B5ECA9-3F85-40AA-BA3B-1815EE683548}.Debug|x86.Deploy.0 = Debug|x86
		{C5B5ECA9-3F85-40AA-BA3B-1815EE683548}.Release|Any CPU.ActiveCfg = Release|x86
		{C5B5ECA9-3F85-40AA-BA3B-1815EE683548}.Release|ARM.ActiveCfg = Release|ARM
		{C5B5ECA9-3F85-40AA-BA3B-1815EE683548}.Release|ARM.Build.0 = Release|ARM
		{C5B5ECA9-3F85-40AA-BA3B-1815EE683548}.Release|ARM.Deploy.0 = Release|ARM
		{C5B5ECA9-3F85-40AA-BA3B-1815EE683548}.Release|iPhone.ActiveCfg = Release|x86
		{C5B5ECA9-3F85-40AA-BA3B-1815EE683548}.Release|iPhoneSimulator.ActiveCfg = Release|x86
		{C5B5ECA9-3F85-40AA-BA3B-1815EE683548}.Release|x64.ActiveCfg = Release|x64
		{C5B5ECA9-3F85-40AA-BA3B-1815EE683548}.Release|x64.Build.0 = Release|x64
		{C5B5ECA9-3F85-40AA-BA3B-1815EE683548}.Release|x64.Deploy.0 = Release|x64
		{C5B5ECA9-3F85-40AA-BA3B-1815EE683548}.Release|x86.ActiveCfg = Release|x86
		{C5B5ECA9-3F85-40AA-BA3B-1815EE683548}.Release|x86.Build.0 = Release|x86
		{C5B5ECA9-3F85-40AA-BA3B-1815EE683548}.Release|x86.Deploy.0 = Release|x86
	EndGlobalSection
	GlobalSection(SolutionProperties) = preSolution
		HideSolutionNode = FALSE
	EndGlobalSection
EndGlobal
