
Microsoft Visual Studio Solution File, Format Version 12.00
# Visual Studio 15
VisualStudioVersion = 15.0.26430.14
MinimumVisualStudioVersion = 10.0.40219.1
Project("{FAE04EC0-301F-11D3-BF4B-00C04F79EFBC}") = "XFMasterDetail", "XFMasterDetail\XFMasterDetail\XFMasterDetail.csproj", "{770BB9BB-B3CA-4A15-92CB-ED862147BE0C}"
EndProject
Project("{FAE04EC0-301F-11D3-BF4B-00C04F79EFBC}") = "XFMasterDetail.Droid", "XFMasterDetail\XFMasterDetail.Droid\XFMasterDetail.Droid.csproj", "{5099BB5A-643D-4EA1-9D3B-95E8EBB76645}"
EndProject
Project("{FAE04EC0-301F-11D3-BF4B-00C04F79EFBC}") = "XFMasterDetail.iOS", "XFMasterDetail\XFMasterDetail.iOS\XFMasterDetail.iOS.csproj", "{AE17680B-4DDC-4526-8896-19E0E3D9A856}"
EndProject
Project("{FAE04EC0-301F-11D3-BF4B-00C04F79EFBC}") = "XFMasterDetail.UWP", "XFMasterDetail\XFMasterDetail.UWP\XFMasterDetail.UWP.csproj", "{4C8FB900-DBAC-4827-A97F-32686BAB9C68}"
EndProject
Global
	GlobalSection(SolutionConfigurationPlatforms) = preSolution
		Ad-Hoc|Any CPU = Ad-Hoc|Any CPU
		Ad-Hoc|ARM = Ad-Hoc|ARM
		Ad-Hoc|iPhone = Ad-Hoc|iPhone
		Ad-Hoc|iPhoneSimulator = Ad-Hoc|iPhoneSimulator
		Ad-Hoc|x64 = Ad-Hoc|x64
		Ad-Hoc|x86 = Ad-Hoc|x86
		AppStore|Any CPU = AppStore|Any CPU
		AppStore|ARM = AppStore|ARM
		AppStore|iPhone = AppStore|iPhone
		AppStore|iPhoneSimulator = AppStore|iPhoneSimulator
		AppStore|x64 = AppStore|x64
		AppStore|x86 = AppStore|x86
		Debug|Any CPU = Debug|Any CPU
		Debug|ARM = Debug|ARM
		Debug|iPhone = Debug|iPhone
		Debug|iPhoneSimulator = Debug|iPhoneSimulator
		Debug|x64 = Debug|x64
		Debug|x86 = Debug|x86
		Release|Any CPU = Release|Any CPU
		Release|ARM = Release|ARM
		Release|iPhone = Release|iPhone
		Release|iPhoneSimulator = Release|iPhoneSimulator
		Release|x64 = Release|x64
		Release|x86 = Release|x86
	EndGlobalSection
	GlobalSection(ProjectConfigurationPlatforms) = postSolution
		{770BB9BB-B3CA-4A15-92CB-ED862147BE0C}.Ad-Hoc|Any CPU.ActiveCfg = Release|Any CPU
		{770BB9BB-B3CA-4A15-92CB-ED862147BE0C}.Ad-Hoc|Any CPU.Build.0 = Release|Any CPU
		{770BB9BB-B3CA-4A15-92CB-ED862147BE0C}.Ad-Hoc|ARM.ActiveCfg = Release|Any CPU
		{770BB9BB-B3CA-4A15-92CB-ED862147BE0C}.Ad-Hoc|ARM.Build.0 = Release|Any CPU
		{770BB9BB-B3CA-4A15-92CB-ED862147BE0C}.Ad-Hoc|iPhone.ActiveCfg = Release|Any CPU
		{770BB9BB-B3CA-4A15-92CB-ED862147BE0C}.Ad-Hoc|iPhone.Build.0 = Release|Any CPU
		{770BB9BB-B3CA-4A15-92CB-ED862147BE0C}.Ad-Hoc|iPhoneSimulator.ActiveCfg = Release|Any CPU
		{770BB9BB-B3CA-4A15-92CB-ED862147BE0C}.Ad-Hoc|iPhoneSimulator.Build.0 = Release|Any CPU
		{770BB9BB-B3CA-4A15-92CB-ED862147BE0C}.Ad-Hoc|x64.ActiveCfg = Release|Any CPU
		{770BB9BB-B3CA-4A15-92CB-ED862147BE0C}.Ad-Hoc|x64.Build.0 = Release|Any CPU
		{770BB9BB-B3CA-4A15-92CB-ED862147BE0C}.Ad-Hoc|x86.ActiveCfg = Release|Any CPU
		{770BB9BB-B3CA-4A15-92CB-ED862147BE0C}.Ad-Hoc|x86.Build.0 = Release|Any CPU
		{770BB9BB-B3CA-4A15-92CB-ED862147BE0C}.AppStore|Any CPU.ActiveCfg = Release|Any CPU
		{770BB9BB-B3CA-4A15-92CB-ED862147BE0C}.AppStore|Any CPU.Build.0 = Release|Any CPU
		{770BB9BB-B3CA-4A15-92CB-ED862147BE0C}.AppStore|ARM.ActiveCfg = Release|Any CPU
		{770BB9BB-B3CA-4A15-92CB-ED862147BE0C}.AppStore|ARM.Build.0 = Release|Any CPU
		{770BB9BB-B3CA-4A15-92CB-ED862147BE0C}.AppStore|iPhone.ActiveCfg = Release|Any CPU
		{770BB9BB-B3CA-4A15-92CB-ED862147BE0C}.AppStore|iPhone.Build.0 = Release|Any CPU
		{770BB9BB-B3CA-4A15-92CB-ED862147BE0C}.AppStore|iPhoneSimulator.ActiveCfg = Release|Any CPU
		{770BB9BB-B3CA-4A15-92CB-ED862147BE0C}.AppStore|iPhoneSimulator.Build.0 = Release|Any CPU
		{770BB9BB-B3CA-4A15-92CB-ED862147BE0C}.AppStore|x64.ActiveCfg = Release|Any CPU
		{770BB9BB-B3CA-4A15-92CB-ED862147BE0C}.AppStore|x64.Build.0 = Release|Any CPU
		{770BB9BB-B3CA-4A15-92CB-ED862147BE0C}.AppStore|x86.ActiveCfg = Release|Any CPU
		{770BB9BB-B3CA-4A15-92CB-ED862147BE0C}.AppStore|x86.Build.0 = Release|Any CPU
		{770BB9BB-B3CA-4A15-92CB-ED862147BE0C}.Debug|Any CPU.ActiveCfg = Debug|Any CPU
		{770BB9BB-B3CA-4A15-92CB-ED862147BE0C}.Debug|Any CPU.Build.0 = Debug|Any CPU
		{770BB9BB-B3CA-4A15-92CB-ED862147BE0C}.Debug|ARM.ActiveCfg = Debug|Any CPU
		{770BB9BB-B3CA-4A15-92CB-ED862147BE0C}.Debug|ARM.Build.0 = Debug|Any CPU
		{770BB9BB-B3CA-4A15-92CB-ED862147BE0C}.Debug|iPhone.ActiveCfg = Debug|Any CPU
		{770BB9BB-B3CA-4A15-92CB-ED862147BE0C}.Debug|iPhone.Build.0 = Debug|Any CPU
		{770BB9BB-B3CA-4A15-92CB-ED862147BE0C}.Debug|iPhoneSimulator.ActiveCfg = Debug|Any CPU
		{770BB9BB-B3CA-4A15-92CB-ED862147BE0C}.Debug|iPhoneSimulator.Build.0 = Debug|Any CPU
		{770BB9BB-B3CA-4A15-92CB-ED862147BE0C}.Debug|x64.ActiveCfg = Debug|Any CPU
		{770BB9BB-B3CA-4A15-92CB-ED862147BE0C}.Debug|x64.Build.0 = Debug|Any CPU
		{770BB9BB-B3CA-4A15-92CB-ED862147BE0C}.Debug|x86.ActiveCfg = Debug|Any CPU
		{770BB9BB-B3CA-4A15-92CB-ED862147BE0C}.Debug|x86.Build.0 = Debug|Any CPU
		{770BB9BB-B3CA-4A15-92CB-ED862147BE0C}.Release|Any CPU.ActiveCfg = Release|Any CPU
		{770BB9BB-B3CA-4A15-92CB-ED862147BE0C}.Release|Any CPU.Build.0 = Release|Any CPU
		{770BB9BB-B3CA-4A15-92CB-ED862147BE0C}.Release|ARM.ActiveCfg = Release|Any CPU
		{770BB9BB-B3CA-4A15-92CB-ED862147BE0C}.Release|ARM.Build.0 = Release|Any CPU
		{770BB9BB-B3CA-4A15-92CB-ED862147BE0C}.Release|iPhone.ActiveCfg = Release|Any CPU
		{770BB9BB-B3CA-4A15-92CB-ED862147BE0C}.Release|iPhone.Build.0 = Release|Any CPU
		{770BB9BB-B3CA-4A15-92CB-ED862147BE0C}.Release|iPhoneSimulator.ActiveCfg = Release|Any CPU
		{770BB9BB-B3CA-4A15-92CB-ED862147BE0C}.Release|iPhoneSimulator.Build.0 = Release|Any CPU
		{770BB9BB-B3CA-4A15-92CB-ED862147BE0C}.Release|x64.ActiveCfg = Release|Any CPU
		{770BB9BB-B3CA-4A15-92CB-ED862147BE0C}.Release|x64.Build.0 = Release|Any CPU
		{770BB9BB-B3CA-4A15-92CB-ED862147BE0C}.Release|x86.ActiveCfg = Release|Any CPU
		{770BB9BB-B3CA-4A15-92CB-ED862147BE0C}.Release|x86.Build.0 = Release|Any CPU
		{5099BB5A-643D-4EA1-9D3B-95E8EBB76645}.Ad-Hoc|Any CPU.ActiveCfg = Release|Any CPU
		{5099BB5A-643D-4EA1-9D3B-95E8EBB76645}.Ad-Hoc|Any CPU.Build.0 = Release|Any CPU
		{5099BB5A-643D-4EA1-9D3B-95E8EBB76645}.Ad-Hoc|Any CPU.Deploy.0 = Release|Any CPU
		{5099BB5A-643D-4EA1-9D3B-95E8EBB76645}.Ad-Hoc|ARM.ActiveCfg = Release|Any CPU
		{5099BB5A-643D-4EA1-9D3B-95E8EBB76645}.Ad-Hoc|ARM.Build.0 = Release|Any CPU
		{5099BB5A-643D-4EA1-9D3B-95E8EBB76645}.Ad-Hoc|ARM.Deploy.0 = Release|Any CPU
		{5099BB5A-643D-4EA1-9D3B-95E8EBB76645}.Ad-Hoc|iPhone.ActiveCfg = Release|Any CPU
		{5099BB5A-643D-4EA1-9D3B-95E8EBB76645}.Ad-Hoc|iPhone.Build.0 = Release|Any CPU
		{5099BB5A-643D-4EA1-9D3B-95E8EBB76645}.Ad-Hoc|iPhone.Deploy.0 = Release|Any CPU
		{5099BB5A-643D-4EA1-9D3B-95E8EBB76645}.Ad-Hoc|iPhoneSimulator.ActiveCfg = Release|Any CPU
		{5099BB5A-643D-4EA1-9D3B-95E8EBB76645}.Ad-Hoc|iPhoneSimulator.Build.0 = Release|Any CPU
		{5099BB5A-643D-4EA1-9D3B-95E8EBB76645}.Ad-Hoc|iPhoneSimulator.Deploy.0 = Release|Any CPU
		{5099BB5A-643D-4EA1-9D3B-95E8EBB76645}.Ad-Hoc|x64.ActiveCfg = Release|Any CPU
		{5099BB5A-643D-4EA1-9D3B-95E8EBB76645}.Ad-Hoc|x64.Build.0 = Release|Any CPU
		{5099BB5A-643D-4EA1-9D3B-95E8EBB76645}.Ad-Hoc|x64.Deploy.0 = Release|Any CPU
		{5099BB5A-643D-4EA1-9D3B-95E8EBB76645}.Ad-Hoc|x86.ActiveCfg = Release|Any CPU
		{5099BB5A-643D-4EA1-9D3B-95E8EBB76645}.Ad-Hoc|x86.Build.0 = Release|Any CPU
		{5099BB5A-643D-4EA1-9D3B-95E8EBB76645}.Ad-Hoc|x86.Deploy.0 = Release|Any CPU
		{5099BB5A-643D-4EA1-9D3B-95E8EBB76645}.AppStore|Any CPU.ActiveCfg = Release|Any CPU
		{5099BB5A-643D-4EA1-9D3B-95E8EBB76645}.AppStore|Any CPU.Build.0 = Release|Any CPU
		{5099BB5A-643D-4EA1-9D3B-95E8EBB76645}.AppStore|Any CPU.Deploy.0 = Release|Any CPU
		{5099BB5A-643D-4EA1-9D3B-95E8EBB76645}.AppStore|ARM.ActiveCfg = Release|Any CPU
		{5099BB5A-643D-4EA1-9D3B-95E8EBB76645}.AppStore|ARM.Build.0 = Release|Any CPU
		{5099BB5A-643D-4EA1-9D3B-95E8EBB76645}.AppStore|ARM.Deploy.0 = Release|Any CPU
		{5099BB5A-643D-4EA1-9D3B-95E8EBB76645}.AppStore|iPhone.ActiveCfg = Release|Any CPU
		{5099BB5A-643D-4EA1-9D3B-95E8EBB76645}.AppStore|iPhone.Build.0 = Release|Any CPU
		{5099BB5A-643D-4EA1-9D3B-95E8EBB76645}.AppStore|iPhone.Deploy.0 = Release|Any CPU
		{5099BB5A-643D-4EA1-9D3B-95E8EBB76645}.AppStore|iPhoneSimulator.ActiveCfg = Release|Any CPU
		{5099BB5A-643D-4EA1-9D3B-95E8EBB76645}.AppStore|iPhoneSimulator.Build.0 = Release|Any CPU
		{5099BB5A-643D-4EA1-9D3B-95E8EBB76645}.AppStore|iPhoneSimulator.Deploy.0 = Release|Any CPU
		{5099BB5A-643D-4EA1-9D3B-95E8EBB76645}.AppStore|x64.ActiveCfg = Release|Any CPU
		{5099BB5A-643D-4EA1-9D3B-95E8EBB76645}.AppStore|x64.Build.0 = Release|Any CPU
		{5099BB5A-643D-4EA1-9D3B-95E8EBB76645}.AppStore|x64.Deploy.0 = Release|Any CPU
		{5099BB5A-643D-4EA1-9D3B-95E8EBB76645}.AppStore|x86.ActiveCfg = Release|Any CPU
		{5099BB5A-643D-4EA1-9D3B-95E8EBB76645}.AppStore|x86.Build.0 = Release|Any CPU
		{5099BB5A-643D-4EA1-9D3B-95E8EBB76645}.AppStore|x86.Deploy.0 = Release|Any CPU
		{5099BB5A-643D-4EA1-9D3B-95E8EBB76645}.Debug|Any CPU.ActiveCfg = Debug|Any CPU
		{5099BB5A-643D-4EA1-9D3B-95E8EBB76645}.Debug|Any CPU.Build.0 = Debug|Any CPU
		{5099BB5A-643D-4EA1-9D3B-95E8EBB76645}.Debug|Any CPU.Deploy.0 = Debug|Any CPU
		{5099BB5A-643D-4EA1-9D3B-95E8EBB76645}.Debug|ARM.ActiveCfg = Debug|Any CPU
		{5099BB5A-643D-4EA1-9D3B-95E8EBB76645}.Debug|ARM.Build.0 = Debug|Any CPU
		{5099BB5A-643D-4EA1-9D3B-95E8EBB76645}.Debug|ARM.Deploy.0 = Debug|Any CPU
		{5099BB5A-643D-4EA1-9D3B-95E8EBB76645}.Debug|iPhone.ActiveCfg = Debug|Any CPU
		{5099BB5A-643D-4EA1-9D3B-95E8EBB76645}.Debug|iPhone.Build.0 = Debug|Any CPU
		{5099BB5A-643D-4EA1-9D3B-95E8EBB76645}.Debug|iPhone.Deploy.0 = Debug|Any CPU
		{5099BB5A-643D-4EA1-9D3B-95E8EBB76645}.Debug|iPhoneSimulator.ActiveCfg = Debug|Any CPU
		{5099BB5A-643D-4EA1-9D3B-95E8EBB76645}.Debug|iPhoneSimulator.Build.0 = Debug|Any CPU
		{5099BB5A-643D-4EA1-9D3B-95E8EBB76645}.Debug|iPhoneSimulator.Deploy.0 = Debug|Any CPU
		{5099BB5A-643D-4EA1-9D3B-95E8EBB76645}.Debug|x64.ActiveCfg = Debug|Any CPU
		{5099BB5A-643D-4EA1-9D3B-95E8EBB76645}.Debug|x64.Build.0 = Debug|Any CPU
		{5099BB5A-643D-4EA1-9D3B-95E8EBB76645}.Debug|x64.Deploy.0 = Debug|Any CPU
		{5099BB5A-643D-4EA1-9D3B-95E8EBB76645}.Debug|x86.ActiveCfg = Debug|Any CPU
		{5099BB5A-643D-4EA1-9D3B-95E8EBB76645}.Debug|x86.Build.0 = Debug|Any CPU
		{5099BB5A-643D-4EA1-9D3B-95E8EBB76645}.Debug|x86.Deploy.0 = Debug|Any CPU
		{5099BB5A-643D-4EA1-9D3B-95E8EBB76645}.Release|Any CPU.ActiveCfg = Release|Any CPU
		{5099BB5A-643D-4EA1-9D3B-95E8EBB76645}.Release|Any CPU.Build.0 = Release|Any CPU
		{5099BB5A-643D-4EA1-9D3B-95E8EBB76645}.Release|Any CPU.Deploy.0 = Release|Any CPU
		{5099BB5A-643D-4EA1-9D3B-95E8EBB76645}.Release|ARM.ActiveCfg = Release|Any CPU
		{5099BB5A-643D-4EA1-9D3B-95E8EBB76645}.Release|ARM.Build.0 = Release|Any CPU
		{5099BB5A-643D-4EA1-9D3B-95E8EBB76645}.Release|ARM.Deploy.0 = Release|Any CPU
		{5099BB5A-643D-4EA1-9D3B-95E8EBB76645}.Release|iPhone.ActiveCfg = Release|Any CPU
		{5099BB5A-643D-4EA1-9D3B-95E8EBB76645}.Release|iPhone.Build.0 = Release|Any CPU
		{5099BB5A-643D-4EA1-9D3B-95E8EBB76645}.Release|iPhone.Deploy.0 = Release|Any CPU
		{5099BB5A-643D-4EA1-9D3B-95E8EBB76645}.Release|iPhoneSimulator.ActiveCfg = Release|Any CPU
		{5099BB5A-643D-4EA1-9D3B-95E8EBB76645}.Release|iPhoneSimulator.Build.0 = Release|Any CPU
		{5099BB5A-643D-4EA1-9D3B-95E8EBB76645}.Release|iPhoneSimulator.Deploy.0 = Release|Any CPU
		{5099BB5A-643D-4EA1-9D3B-95E8EBB76645}.Release|x64.ActiveCfg = Release|Any CPU
		{5099BB5A-643D-4EA1-9D3B-95E8EBB76645}.Release|x64.Build.0 = Release|Any CPU
		{5099BB5A-643D-4EA1-9D3B-95E8EBB76645}.Release|x64.Deploy.0 = Release|Any CPU
		{5099BB5A-643D-4EA1-9D3B-95E8EBB76645}.Release|x86.ActiveCfg = Release|Any CPU
		{5099BB5A-643D-4EA1-9D3B-95E8EBB76645}.Release|x86.Build.0 = Release|Any CPU
		{5099BB5A-643D-4EA1-9D3B-95E8EBB76645}.Release|x86.Deploy.0 = Release|Any CPU
		{AE17680B-4DDC-4526-8896-19E0E3D9A856}.Ad-Hoc|Any CPU.ActiveCfg = Ad-Hoc|iPhone
		{AE17680B-4DDC-4526-8896-19E0E3D9A856}.Ad-Hoc|ARM.ActiveCfg = Ad-Hoc|iPhone
		{AE17680B-4DDC-4526-8896-19E0E3D9A856}.Ad-Hoc|iPhone.ActiveCfg = Ad-Hoc|iPhone
		{AE17680B-4DDC-4526-8896-19E0E3D9A856}.Ad-Hoc|iPhone.Build.0 = Ad-Hoc|iPhone
		{AE17680B-4DDC-4526-8896-19E0E3D9A856}.Ad-Hoc|iPhoneSimulator.ActiveCfg = Ad-Hoc|iPhoneSimulator
		{AE17680B-4DDC-4526-8896-19E0E3D9A856}.Ad-Hoc|iPhoneSimulator.Build.0 = Ad-Hoc|iPhoneSimulator
		{AE17680B-4DDC-4526-8896-19E0E3D9A856}.Ad-Hoc|x64.ActiveCfg = Ad-Hoc|iPhone
		{AE17680B-4DDC-4526-8896-19E0E3D9A856}.Ad-Hoc|x86.ActiveCfg = Ad-Hoc|iPhone
		{AE17680B-4DDC-4526-8896-19E0E3D9A856}.AppStore|Any CPU.ActiveCfg = AppStore|iPhone
		{AE17680B-4DDC-4526-8896-19E0E3D9A856}.AppStore|ARM.ActiveCfg = AppStore|iPhone
		{AE17680B-4DDC-4526-8896-19E0E3D9A856}.AppStore|iPhone.ActiveCfg = AppStore|iPhone
		{AE17680B-4DDC-4526-8896-19E0E3D9A856}.AppStore|iPhone.Build.0 = AppStore|iPhone
		{AE17680B-4DDC-4526-8896-19E0E3D9A856}.AppStore|iPhoneSimulator.ActiveCfg = AppStore|iPhoneSimulator
		{AE17680B-4DDC-4526-8896-19E0E3D9A856}.AppStore|iPhoneSimulator.Build.0 = AppStore|iPhoneSimulator
		{AE17680B-4DDC-4526-8896-19E0E3D9A856}.AppStore|x64.ActiveCfg = AppStore|iPhone
		{AE17680B-4DDC-4526-8896-19E0E3D9A856}.AppStore|x86.ActiveCfg = AppStore|iPhone
		{AE17680B-4DDC-4526-8896-19E0E3D9A856}.Debug|Any CPU.ActiveCfg = Debug|iPhone
		{AE17680B-4DDC-4526-8896-19E0E3D9A856}.Debug|ARM.ActiveCfg = Debug|iPhone
		{AE17680B-4DDC-4526-8896-19E0E3D9A856}.Debug|iPhone.ActiveCfg = Debug|iPhone
		{AE17680B-4DDC-4526-8896-19E0E3D9A856}.Debug|iPhone.Build.0 = Debug|iPhone
		{AE17680B-4DDC-4526-8896-19E0E3D9A856}.Debug|iPhoneSimulator.ActiveCfg = Debug|iPhoneSimulator
		{AE17680B-4DDC-4526-8896-19E0E3D9A856}.Debug|iPhoneSimulator.Build.0 = Debug|iPhoneSimulator
		{AE17680B-4DDC-4526-8896-19E0E3D9A856}.Debug|x64.ActiveCfg = Debug|iPhone
		{AE17680B-4DDC-4526-8896-19E0E3D9A856}.Debug|x86.ActiveCfg = Debug|iPhone
		{AE17680B-4DDC-4526-8896-19E0E3D9A856}.Release|Any CPU.ActiveCfg = Release|iPhone
		{AE17680B-4DDC-4526-8896-19E0E3D9A856}.Release|ARM.ActiveCfg = Release|iPhone
		{AE17680B-4DDC-4526-8896-19E0E3D9A856}.Release|iPhone.ActiveCfg = Release|iPhone
		{AE17680B-4DDC-4526-8896-19E0E3D9A856}.Release|iPhone.Build.0 = Release|iPhone
		{AE17680B-4DDC-4526-8896-19E0E3D9A856}.Release|iPhoneSimulator.ActiveCfg = Release|iPhoneSimulator
		{AE17680B-4DDC-4526-8896-19E0E3D9A856}.Release|iPhoneSimulator.Build.0 = Release|iPhoneSimulator
		{AE17680B-4DDC-4526-8896-19E0E3D9A856}.Release|x64.ActiveCfg = Release|iPhone
		{AE17680B-4DDC-4526-8896-19E0E3D9A856}.Release|x86.ActiveCfg = Release|iPhone
		{4C8FB900-DBAC-4827-A97F-32686BAB9C68}.Ad-Hoc|Any CPU.ActiveCfg = Release|x86
		{4C8FB900-DBAC-4827-A97F-32686BAB9C68}.Ad-Hoc|Any CPU.Build.0 = Release|x86
		{4C8FB900-DBAC-4827-A97F-32686BAB9C68}.Ad-Hoc|Any CPU.Deploy.0 = Release|x86
		{4C8FB900-DBAC-4827-A97F-32686BAB9C68}.Ad-Hoc|ARM.ActiveCfg = Release|ARM
		{4C8FB900-DBAC-4827-A97F-32686BAB9C68}.Ad-Hoc|ARM.Build.0 = Release|ARM
		{4C8FB900-DBAC-4827-A97F-32686BAB9C68}.Ad-Hoc|ARM.Deploy.0 = Release|ARM
		{4C8FB900-DBAC-4827-A97F-32686BAB9C68}.Ad-Hoc|iPhone.ActiveCfg = Release|x86
		{4C8FB900-DBAC-4827-A97F-32686BAB9C68}.Ad-Hoc|iPhone.Build.0 = Release|x86
		{4C8FB900-DBAC-4827-A97F-32686BAB9C68}.Ad-Hoc|iPhone.Deploy.0 = Release|x86
		{4C8FB900-DBAC-4827-A97F-32686BAB9C68}.Ad-Hoc|iPhoneSimulator.ActiveCfg = Release|x86
		{4C8FB900-DBAC-4827-A97F-32686BAB9C68}.Ad-Hoc|iPhoneSimulator.Build.0 = Release|x86
		{4C8FB900-DBAC-4827-A97F-32686BAB9C68}.Ad-Hoc|iPhoneSimulator.Deploy.0 = Release|x86
		{4C8FB900-DBAC-4827-A97F-32686BAB9C68}.Ad-Hoc|x64.ActiveCfg = Release|x64
		{4C8FB900-DBAC-4827-A97F-32686BAB9C68}.Ad-Hoc|x64.Build.0 = Release|x64
		{4C8FB900-DBAC-4827-A97F-32686BAB9C68}.Ad-Hoc|x64.Deploy.0 = Release|x64
		{4C8FB900-DBAC-4827-A97F-32686BAB9C68}.Ad-Hoc|x86.ActiveCfg = Release|x86
		{4C8FB900-DBAC-4827-A97F-32686BAB9C68}.Ad-Hoc|x86.Build.0 = Release|x86
		{4C8FB900-DBAC-4827-A97F-32686BAB9C68}.Ad-Hoc|x86.Deploy.0 = Release|x86
		{4C8FB900-DBAC-4827-A97F-32686BAB9C68}.AppStore|Any CPU.ActiveCfg = Release|x86
		{4C8FB900-DBAC-4827-A97F-32686BAB9C68}.AppStore|Any CPU.Build.0 = Release|x86
		{4C8FB900-DBAC-4827-A97F-32686BAB9C68}.AppStore|Any CPU.Deploy.0 = Release|x86
		{4C8FB900-DBAC-4827-A97F-32686BAB9C68}.AppStore|ARM.ActiveCfg = Release|ARM
		{4C8FB900-DBAC-4827-A97F-32686BAB9C68}.AppStore|ARM.Build.0 = Release|ARM
		{4C8FB900-DBAC-4827-A97F-32686BAB9C68}.AppStore|ARM.Deploy.0 = Release|ARM
		{4C8FB900-DBAC-4827-A97F-32686BAB9C68}.AppStore|iPhone.ActiveCfg = Release|x86
		{4C8FB900-DBAC-4827-A97F-32686BAB9C68}.AppStore|iPhone.Build.0 = Release|x86
		{4C8FB900-DBAC-4827-A97F-32686BAB9C68}.AppStore|iPhone.Deploy.0 = Release|x86
		{4C8FB900-DBAC-4827-A97F-32686BAB9C68}.AppStore|iPhoneSimulator.ActiveCfg = Release|x86
		{4C8FB900-DBAC-4827-A97F-32686BAB9C68}.AppStore|iPhoneSimulator.Build.0 = Release|x86
		{4C8FB900-DBAC-4827-A97F-32686BAB9C68}.AppStore|iPhoneSimulator.Deploy.0 = Release|x86
		{4C8FB900-DBAC-4827-A97F-32686BAB9C68}.AppStore|x64.ActiveCfg = Release|x64
		{4C8FB900-DBAC-4827-A97F-32686BAB9C68}.AppStore|x64.Build.0 = Release|x64
		{4C8FB900-DBAC-4827-A97F-32686BAB9C68}.AppStore|x64.Deploy.0 = Release|x64
		{4C8FB900-DBAC-4827-A97F-32686BAB9C68}.AppStore|x86.ActiveCfg = Release|x86
		{4C8FB900-DBAC-4827-A97F-32686BAB9C68}.AppStore|x86.Build.0 = Release|x86
		{4C8FB900-DBAC-4827-A97F-32686BAB9C68}.AppStore|x86.Deploy.0 = Release|x86
		{4C8FB900-DBAC-4827-A97F-32686BAB9C68}.Debug|Any CPU.ActiveCfg = Debug|x86
		{4C8FB900-DBAC-4827-A97F-32686BAB9C68}.Debug|ARM.ActiveCfg = Debug|ARM
		{4C8FB900-DBAC-4827-A97F-32686BAB9C68}.Debug|ARM.Build.0 = Debug|ARM
		{4C8FB900-DBAC-4827-A97F-32686BAB9C68}.Debug|ARM.Deploy.0 = Debug|ARM
		{4C8FB900-DBAC-4827-A97F-32686BAB9C68}.Debug|iPhone.ActiveCfg = Debug|x86
		{4C8FB900-DBAC-4827-A97F-32686BAB9C68}.Debug|iPhoneSimulator.ActiveCfg = Debug|x86
		{4C8FB900-DBAC-4827-A97F-32686BAB9C68}.Debug|x64.ActiveCfg = Debug|x64
		{4C8FB900-DBAC-4827-A97F-32686BAB9C68}.Debug|x64.Build.0 = Debug|x64
		{4C8FB900-DBAC-4827-A97F-32686BAB9C68}.Debug|x64.Deploy.0 = Debug|x64
		{4C8FB900-DBAC-4827-A97F-32686BAB9C68}.Debug|x86.ActiveCfg = Debug|x86
		{4C8FB900-DBAC-4827-A97F-32686BAB9C68}.Debug|x86.Build.0 = Debug|x86
		{4C8FB900-DBAC-4827-A97F-32686BAB9C68}.Debug|x86.Deploy.0 = Debug|x86
		{4C8FB900-DBAC-4827-A97F-32686BAB9C68}.Release|Any CPU.ActiveCfg = Release|x86
		{4C8FB900-DBAC-4827-A97F-32686BAB9C68}.Release|ARM.ActiveCfg = Release|ARM
		{4C8FB900-DBAC-4827-A97F-32686BAB9C68}.Release|ARM.Build.0 = Release|ARM
		{4C8FB900-DBAC-4827-A97F-32686BAB9C68}.Release|ARM.Deploy.0 = Release|ARM
		{4C8FB900-DBAC-4827-A97F-32686BAB9C68}.Release|iPhone.ActiveCfg = Release|x86
		{4C8FB900-DBAC-4827-A97F-32686BAB9C68}.Release|iPhoneSimulator.ActiveCfg = Release|x86
		{4C8FB900-DBAC-4827-A97F-32686BAB9C68}.Release|x64.ActiveCfg = Release|x64
		{4C8FB900-DBAC-4827-A97F-32686BAB9C68}.Release|x64.Build.0 = Release|x64
		{4C8FB900-DBAC-4827-A97F-32686BAB9C68}.Release|x64.Deploy.0 = Release|x64
		{4C8FB900-DBAC-4827-A97F-32686BAB9C68}.Release|x86.ActiveCfg = Release|x86
		{4C8FB900-DBAC-4827-A97F-32686BAB9C68}.Release|x86.Build.0 = Release|x86
		{4C8FB900-DBAC-4827-A97F-32686BAB9C68}.Release|x86.Deploy.0 = Release|x86
	EndGlobalSection
	GlobalSection(SolutionProperties) = preSolution
		HideSolutionNode = FALSE
	EndGlobalSection
EndGlobal
