
Microsoft Visual Studio Solution File, Format Version 12.00
# Visual Studio 15
VisualStudioVersion = 15.0.26430.14
MinimumVisualStudioVersion = 10.0.40219.1
Project("{FAE04EC0-301F-11D3-BF4B-00C04F79EFBC}") = "XFDialogCB.Android", "XFDialogCB\XFDialogCB.Android\XFDialogCB.Android.csproj", "{4F8C48B8-6DCE-4A68-ACB8-AFB1C47F32C5}"
EndProject
Project("{FAE04EC0-301F-11D3-BF4B-00C04F79EFBC}") = "XFDialogCB", "XFDialogCB\XFDialogCB\XFDialogCB.csproj", "{D96D5F1D-8EF7-4773-B4B3-F2B81078DC8E}"
EndProject
Project("{FAE04EC0-301F-11D3-BF4B-00C04F79EFBC}") = "XFDialogCB.UWP", "XFDialogCB\XFDialogCB.UWP\XFDialogCB.UWP.csproj", "{D9EB435E-5245-4555-832E-95A76769196E}"
EndProject
Project("{FAE04EC0-301F-11D3-BF4B-00C04F79EFBC}") = "XFDialogCB.iOS", "XFDialogCB\XFDialogCB.iOS\XFDialogCB.iOS.csproj", "{6451A9E3-89C4-45AD-A682-E77D44A3C78B}"
EndProject
Global
	GlobalSection(SolutionConfigurationPlatforms) = preSolution
		Ad-Hoc|Any CPU = Ad-Hoc|Any CPU
		Ad-Hoc|ARM = Ad-Hoc|ARM
		Ad-Hoc|iPhone = Ad-Hoc|iPhone
		Ad-Hoc|iPhoneSimulator = Ad-Hoc|iPhoneSimulator
		Ad-Hoc|x64 = Ad-Hoc|x64
		Ad-Hoc|x86 = Ad-Hoc|x86
		AppStore|Any CPU = AppStore|Any CPU
		AppStore|ARM = AppStore|ARM
		AppStore|iPhone = AppStore|iPhone
		AppStore|iPhoneSimulator = AppStore|iPhoneSimulator
		AppStore|x64 = AppStore|x64
		AppStore|x86 = AppStore|x86
		Debug|Any CPU = Debug|Any CPU
		Debug|ARM = Debug|ARM
		Debug|iPhone = Debug|iPhone
		Debug|iPhoneSimulator = Debug|iPhoneSimulator
		Debug|x64 = Debug|x64
		Debug|x86 = Debug|x86
		Release|Any CPU = Release|Any CPU
		Release|ARM = Release|ARM
		Release|iPhone = Release|iPhone
		Release|iPhoneSimulator = Release|iPhoneSimulator
		Release|x64 = Release|x64
		Release|x86 = Release|x86
	EndGlobalSection
	GlobalSection(ProjectConfigurationPlatforms) = postSolution
		{4F8C48B8-6DCE-4A68-ACB8-AFB1C47F32C5}.Ad-Hoc|Any CPU.ActiveCfg = Release|Any CPU
		{4F8C48B8-6DCE-4A68-ACB8-AFB1C47F32C5}.Ad-Hoc|Any CPU.Build.0 = Release|Any CPU
		{4F8C48B8-6DCE-4A68-ACB8-AFB1C47F32C5}.Ad-Hoc|Any CPU.Deploy.0 = Release|Any CPU
		{4F8C48B8-6DCE-4A68-ACB8-AFB1C47F32C5}.Ad-Hoc|ARM.ActiveCfg = Release|Any CPU
		{4F8C48B8-6DCE-4A68-ACB8-AFB1C47F32C5}.Ad-Hoc|ARM.Build.0 = Release|Any CPU
		{4F8C48B8-6DCE-4A68-ACB8-AFB1C47F32C5}.Ad-Hoc|ARM.Deploy.0 = Release|Any CPU
		{4F8C48B8-6DCE-4A68-ACB8-AFB1C47F32C5}.Ad-Hoc|iPhone.ActiveCfg = Release|Any CPU
		{4F8C48B8-6DCE-4A68-ACB8-AFB1C47F32C5}.Ad-Hoc|iPhone.Build.0 = Release|Any CPU
		{4F8C48B8-6DCE-4A68-ACB8-AFB1C47F32C5}.Ad-Hoc|iPhone.Deploy.0 = Release|Any CPU
		{4F8C48B8-6DCE-4A68-ACB8-AFB1C47F32C5}.Ad-Hoc|iPhoneSimulator.ActiveCfg = Release|Any CPU
		{4F8C48B8-6DCE-4A68-ACB8-AFB1C47F32C5}.Ad-Hoc|iPhoneSimulator.Build.0 = Release|Any CPU
		{4F8C48B8-6DCE-4A68-ACB8-AFB1C47F32C5}.Ad-Hoc|iPhoneSimulator.Deploy.0 = Release|Any CPU
		{4F8C48B8-6DCE-4A68-ACB8-AFB1C47F32C5}.Ad-Hoc|x64.ActiveCfg = Release|Any CPU
		{4F8C48B8-6DCE-4A68-ACB8-AFB1C47F32C5}.Ad-Hoc|x64.Build.0 = Release|Any CPU
		{4F8C48B8-6DCE-4A68-ACB8-AFB1C47F32C5}.Ad-Hoc|x64.Deploy.0 = Release|Any CPU
		{4F8C48B8-6DCE-4A68-ACB8-AFB1C47F32C5}.Ad-Hoc|x86.ActiveCfg = Release|Any CPU
		{4F8C48B8-6DCE-4A68-ACB8-AFB1C47F32C5}.Ad-Hoc|x86.Build.0 = Release|Any CPU
		{4F8C48B8-6DCE-4A68-ACB8-AFB1C47F32C5}.Ad-Hoc|x86.Deploy.0 = Release|Any CPU
		{4F8C48B8-6DCE-4A68-ACB8-AFB1C47F32C5}.AppStore|Any CPU.ActiveCfg = Release|Any CPU
		{4F8C48B8-6DCE-4A68-ACB8-AFB1C47F32C5}.AppStore|Any CPU.Build.0 = Release|Any CPU
		{4F8C48B8-6DCE-4A68-ACB8-AFB1C47F32C5}.AppStore|Any CPU.Deploy.0 = Release|Any CPU
		{4F8C48B8-6DCE-4A68-ACB8-AFB1C47F32C5}.AppStore|ARM.ActiveCfg = Release|Any CPU
		{4F8C48B8-6DCE-4A68-ACB8-AFB1C47F32C5}.AppStore|ARM.Build.0 = Release|Any CPU
		{4F8C48B8-6DCE-4A68-ACB8-AFB1C47F32C5}.AppStore|ARM.Deploy.0 = Release|Any CPU
		{4F8C48B8-6DCE-4A68-ACB8-AFB1C47F32C5}.AppStore|iPhone.ActiveCfg = Release|Any CPU
		{4F8C48B8-6DCE-4A68-ACB8-AFB1C47F32C5}.AppStore|iPhone.Build.0 = Release|Any CPU
		{4F8C48B8-6DCE-4A68-ACB8-AFB1C47F32C5}.AppStore|iPhone.Deploy.0 = Release|Any CPU
		{4F8C48B8-6DCE-4A68-ACB8-AFB1C47F32C5}.AppStore|iPhoneSimulator.ActiveCfg = Release|Any CPU
		{4F8C48B8-6DCE-4A68-ACB8-AFB1C47F32C5}.AppStore|iPhoneSimulator.Build.0 = Release|Any CPU
		{4F8C48B8-6DCE-4A68-ACB8-AFB1C47F32C5}.AppStore|iPhoneSimulator.Deploy.0 = Release|Any CPU
		{4F8C48B8-6DCE-4A68-ACB8-AFB1C47F32C5}.AppStore|x64.ActiveCfg = Release|Any CPU
		{4F8C48B8-6DCE-4A68-ACB8-AFB1C47F32C5}.AppStore|x64.Build.0 = Release|Any CPU
		{4F8C48B8-6DCE-4A68-ACB8-AFB1C47F32C5}.AppStore|x64.Deploy.0 = Release|Any CPU
		{4F8C48B8-6DCE-4A68-ACB8-AFB1C47F32C5}.AppStore|x86.ActiveCfg = Release|Any CPU
		{4F8C48B8-6DCE-4A68-ACB8-AFB1C47F32C5}.AppStore|x86.Build.0 = Release|Any CPU
		{4F8C48B8-6DCE-4A68-ACB8-AFB1C47F32C5}.AppStore|x86.Deploy.0 = Release|Any CPU
		{4F8C48B8-6DCE-4A68-ACB8-AFB1C47F32C5}.Debug|Any CPU.ActiveCfg = Debug|Any CPU
		{4F8C48B8-6DCE-4A68-ACB8-AFB1C47F32C5}.Debug|Any CPU.Build.0 = Debug|Any CPU
		{4F8C48B8-6DCE-4A68-ACB8-AFB1C47F32C5}.Debug|Any CPU.Deploy.0 = Debug|Any CPU
		{4F8C48B8-6DCE-4A68-ACB8-AFB1C47F32C5}.Debug|ARM.ActiveCfg = Debug|Any CPU
		{4F8C48B8-6DCE-4A68-ACB8-AFB1C47F32C5}.Debug|ARM.Build.0 = Debug|Any CPU
		{4F8C48B8-6DCE-4A68-ACB8-AFB1C47F32C5}.Debug|ARM.Deploy.0 = Debug|Any CPU
		{4F8C48B8-6DCE-4A68-ACB8-AFB1C47F32C5}.Debug|iPhone.ActiveCfg = Debug|Any CPU
		{4F8C48B8-6DCE-4A68-ACB8-AFB1C47F32C5}.Debug|iPhone.Build.0 = Debug|Any CPU
		{4F8C48B8-6DCE-4A68-ACB8-AFB1C47F32C5}.Debug|iPhone.Deploy.0 = Debug|Any CPU
		{4F8C48B8-6DCE-4A68-ACB8-AFB1C47F32C5}.Debug|iPhoneSimulator.ActiveCfg = Debug|Any CPU
		{4F8C48B8-6DCE-4A68-ACB8-AFB1C47F32C5}.Debug|iPhoneSimulator.Build.0 = Debug|Any CPU
		{4F8C48B8-6DCE-4A68-ACB8-AFB1C47F32C5}.Debug|iPhoneSimulator.Deploy.0 = Debug|Any CPU
		{4F8C48B8-6DCE-4A68-ACB8-AFB1C47F32C5}.Debug|x64.ActiveCfg = Debug|Any CPU
		{4F8C48B8-6DCE-4A68-ACB8-AFB1C47F32C5}.Debug|x64.Build.0 = Debug|Any CPU
		{4F8C48B8-6DCE-4A68-ACB8-AFB1C47F32C5}.Debug|x64.Deploy.0 = Debug|Any CPU
		{4F8C48B8-6DCE-4A68-ACB8-AFB1C47F32C5}.Debug|x86.ActiveCfg = Debug|Any CPU
		{4F8C48B8-6DCE-4A68-ACB8-AFB1C47F32C5}.Debug|x86.Build.0 = Debug|Any CPU
		{4F8C48B8-6DCE-4A68-ACB8-AFB1C47F32C5}.Debug|x86.Deploy.0 = Debug|Any CPU
		{4F8C48B8-6DCE-4A68-ACB8-AFB1C47F32C5}.Release|Any CPU.ActiveCfg = Release|Any CPU
		{4F8C48B8-6DCE-4A68-ACB8-AFB1C47F32C5}.Release|Any CPU.Build.0 = Release|Any CPU
		{4F8C48B8-6DCE-4A68-ACB8-AFB1C47F32C5}.Release|Any CPU.Deploy.0 = Release|Any CPU
		{4F8C48B8-6DCE-4A68-ACB8-AFB1C47F32C5}.Release|ARM.ActiveCfg = Release|Any CPU
		{4F8C48B8-6DCE-4A68-ACB8-AFB1C47F32C5}.Release|ARM.Build.0 = Release|Any CPU
		{4F8C48B8-6DCE-4A68-ACB8-AFB1C47F32C5}.Release|ARM.Deploy.0 = Release|Any CPU
		{4F8C48B8-6DCE-4A68-ACB8-AFB1C47F32C5}.Release|iPhone.ActiveCfg = Release|Any CPU
		{4F8C48B8-6DCE-4A68-ACB8-AFB1C47F32C5}.Release|iPhone.Build.0 = Release|Any CPU
		{4F8C48B8-6DCE-4A68-ACB8-AFB1C47F32C5}.Release|iPhone.Deploy.0 = Release|Any CPU
		{4F8C48B8-6DCE-4A68-ACB8-AFB1C47F32C5}.Release|iPhoneSimulator.ActiveCfg = Release|Any CPU
		{4F8C48B8-6DCE-4A68-ACB8-AFB1C47F32C5}.Release|iPhoneSimulator.Build.0 = Release|Any CPU
		{4F8C48B8-6DCE-4A68-ACB8-AFB1C47F32C5}.Release|iPhoneSimulator.Deploy.0 = Release|Any CPU
		{4F8C48B8-6DCE-4A68-ACB8-AFB1C47F32C5}.Release|x64.ActiveCfg = Release|Any CPU
		{4F8C48B8-6DCE-4A68-ACB8-AFB1C47F32C5}.Release|x64.Build.0 = Release|Any CPU
		{4F8C48B8-6DCE-4A68-ACB8-AFB1C47F32C5}.Release|x64.Deploy.0 = Release|Any CPU
		{4F8C48B8-6DCE-4A68-ACB8-AFB1C47F32C5}.Release|x86.ActiveCfg = Release|Any CPU
		{4F8C48B8-6DCE-4A68-ACB8-AFB1C47F32C5}.Release|x86.Build.0 = Release|Any CPU
		{4F8C48B8-6DCE-4A68-ACB8-AFB1C47F32C5}.Release|x86.Deploy.0 = Release|Any CPU
		{D96D5F1D-8EF7-4773-B4B3-F2B81078DC8E}.Ad-Hoc|Any CPU.ActiveCfg = Release|Any CPU
		{D96D5F1D-8EF7-4773-B4B3-F2B81078DC8E}.Ad-Hoc|Any CPU.Build.0 = Release|Any CPU
		{D96D5F1D-8EF7-4773-B4B3-F2B81078DC8E}.Ad-Hoc|ARM.ActiveCfg = Release|Any CPU
		{D96D5F1D-8EF7-4773-B4B3-F2B81078DC8E}.Ad-Hoc|ARM.Build.0 = Release|Any CPU
		{D96D5F1D-8EF7-4773-B4B3-F2B81078DC8E}.Ad-Hoc|iPhone.ActiveCfg = Release|Any CPU
		{D96D5F1D-8EF7-4773-B4B3-F2B81078DC8E}.Ad-Hoc|iPhone.Build.0 = Release|Any CPU
		{D96D5F1D-8EF7-4773-B4B3-F2B81078DC8E}.Ad-Hoc|iPhoneSimulator.ActiveCfg = Release|Any CPU
		{D96D5F1D-8EF7-4773-B4B3-F2B81078DC8E}.Ad-Hoc|iPhoneSimulator.Build.0 = Release|Any CPU
		{D96D5F1D-8EF7-4773-B4B3-F2B81078DC8E}.Ad-Hoc|x64.ActiveCfg = Release|Any CPU
		{D96D5F1D-8EF7-4773-B4B3-F2B81078DC8E}.Ad-Hoc|x64.Build.0 = Release|Any CPU
		{D96D5F1D-8EF7-4773-B4B3-F2B81078DC8E}.Ad-Hoc|x86.ActiveCfg = Release|Any CPU
		{D96D5F1D-8EF7-4773-B4B3-F2B81078DC8E}.Ad-Hoc|x86.Build.0 = Release|Any CPU
		{D96D5F1D-8EF7-4773-B4B3-F2B81078DC8E}.AppStore|Any CPU.ActiveCfg = Release|Any CPU
		{D96D5F1D-8EF7-4773-B4B3-F2B81078DC8E}.AppStore|Any CPU.Build.0 = Release|Any CPU
		{D96D5F1D-8EF7-4773-B4B3-F2B81078DC8E}.AppStore|ARM.ActiveCfg = Release|Any CPU
		{D96D5F1D-8EF7-4773-B4B3-F2B81078DC8E}.AppStore|ARM.Build.0 = Release|Any CPU
		{D96D5F1D-8EF7-4773-B4B3-F2B81078DC8E}.AppStore|iPhone.ActiveCfg = Release|Any CPU
		{D96D5F1D-8EF7-4773-B4B3-F2B81078DC8E}.AppStore|iPhone.Build.0 = Release|Any CPU
		{D96D5F1D-8EF7-4773-B4B3-F2B81078DC8E}.AppStore|iPhoneSimulator.ActiveCfg = Release|Any CPU
		{D96D5F1D-8EF7-4773-B4B3-F2B81078DC8E}.AppStore|iPhoneSimulator.Build.0 = Release|Any CPU
		{D96D5F1D-8EF7-4773-B4B3-F2B81078DC8E}.AppStore|x64.ActiveCfg = Release|Any CPU
		{D96D5F1D-8EF7-4773-B4B3-F2B81078DC8E}.AppStore|x64.Build.0 = Release|Any CPU
		{D96D5F1D-8EF7-4773-B4B3-F2B81078DC8E}.AppStore|x86.ActiveCfg = Release|Any CPU
		{D96D5F1D-8EF7-4773-B4B3-F2B81078DC8E}.AppStore|x86.Build.0 = Release|Any CPU
		{D96D5F1D-8EF7-4773-B4B3-F2B81078DC8E}.Debug|Any CPU.ActiveCfg = Debug|Any CPU
		{D96D5F1D-8EF7-4773-B4B3-F2B81078DC8E}.Debug|Any CPU.Build.0 = Debug|Any CPU
		{D96D5F1D-8EF7-4773-B4B3-F2B81078DC8E}.Debug|ARM.ActiveCfg = Debug|Any CPU
		{D96D5F1D-8EF7-4773-B4B3-F2B81078DC8E}.Debug|ARM.Build.0 = Debug|Any CPU
		{D96D5F1D-8EF7-4773-B4B3-F2B81078DC8E}.Debug|iPhone.ActiveCfg = Debug|Any CPU
		{D96D5F1D-8EF7-4773-B4B3-F2B81078DC8E}.Debug|iPhone.Build.0 = Debug|Any CPU
		{D96D5F1D-8EF7-4773-B4B3-F2B81078DC8E}.Debug|iPhoneSimulator.ActiveCfg = Debug|Any CPU
		{D96D5F1D-8EF7-4773-B4B3-F2B81078DC8E}.Debug|iPhoneSimulator.Build.0 = Debug|Any CPU
		{D96D5F1D-8EF7-4773-B4B3-F2B81078DC8E}.Debug|x64.ActiveCfg = Debug|Any CPU
		{D96D5F1D-8EF7-4773-B4B3-F2B81078DC8E}.Debug|x64.Build.0 = Debug|Any CPU
		{D96D5F1D-8EF7-4773-B4B3-F2B81078DC8E}.Debug|x86.ActiveCfg = Debug|Any CPU
		{D96D5F1D-8EF7-4773-B4B3-F2B81078DC8E}.Debug|x86.Build.0 = Debug|Any CPU
		{D96D5F1D-8EF7-4773-B4B3-F2B81078DC8E}.Release|Any CPU.ActiveCfg = Release|Any CPU
		{D96D5F1D-8EF7-4773-B4B3-F2B81078DC8E}.Release|Any CPU.Build.0 = Release|Any CPU
		{D96D5F1D-8EF7-4773-B4B3-F2B81078DC8E}.Release|ARM.ActiveCfg = Release|Any CPU
		{D96D5F1D-8EF7-4773-B4B3-F2B81078DC8E}.Release|ARM.Build.0 = Release|Any CPU
		{D96D5F1D-8EF7-4773-B4B3-F2B81078DC8E}.Release|iPhone.ActiveCfg = Release|Any CPU
		{D96D5F1D-8EF7-4773-B4B3-F2B81078DC8E}.Release|iPhone.Build.0 = Release|Any CPU
		{D96D5F1D-8EF7-4773-B4B3-F2B81078DC8E}.Release|iPhoneSimulator.ActiveCfg = Release|Any CPU
		{D96D5F1D-8EF7-4773-B4B3-F2B81078DC8E}.Release|iPhoneSimulator.Build.0 = Release|Any CPU
		{D96D5F1D-8EF7-4773-B4B3-F2B81078DC8E}.Release|x64.ActiveCfg = Release|Any CPU
		{D96D5F1D-8EF7-4773-B4B3-F2B81078DC8E}.Release|x64.Build.0 = Release|Any CPU
		{D96D5F1D-8EF7-4773-B4B3-F2B81078DC8E}.Release|x86.ActiveCfg = Release|Any CPU
		{D96D5F1D-8EF7-4773-B4B3-F2B81078DC8E}.Release|x86.Build.0 = Release|Any CPU
		{D9EB435E-5245-4555-832E-95A76769196E}.Ad-Hoc|Any CPU.ActiveCfg = Release|x86
		{D9EB435E-5245-4555-832E-95A76769196E}.Ad-Hoc|Any CPU.Build.0 = Release|x86
		{D9EB435E-5245-4555-832E-95A76769196E}.Ad-Hoc|Any CPU.Deploy.0 = Release|x86
		{D9EB435E-5245-4555-832E-95A76769196E}.Ad-Hoc|ARM.ActiveCfg = Release|ARM
		{D9EB435E-5245-4555-832E-95A76769196E}.Ad-Hoc|ARM.Build.0 = Release|ARM
		{D9EB435E-5245-4555-832E-95A76769196E}.Ad-Hoc|ARM.Deploy.0 = Release|ARM
		{D9EB435E-5245-4555-832E-95A76769196E}.Ad-Hoc|iPhone.ActiveCfg = Release|x86
		{D9EB435E-5245-4555-832E-95A76769196E}.Ad-Hoc|iPhone.Build.0 = Release|x86
		{D9EB435E-5245-4555-832E-95A76769196E}.Ad-Hoc|iPhone.Deploy.0 = Release|x86
		{D9EB435E-5245-4555-832E-95A76769196E}.Ad-Hoc|iPhoneSimulator.ActiveCfg = Release|x86
		{D9EB435E-5245-4555-832E-95A76769196E}.Ad-Hoc|iPhoneSimulator.Build.0 = Release|x86
		{D9EB435E-5245-4555-832E-95A76769196E}.Ad-Hoc|iPhoneSimulator.Deploy.0 = Release|x86
		{D9EB435E-5245-4555-832E-95A76769196E}.Ad-Hoc|x64.ActiveCfg = Release|x64
		{D9EB435E-5245-4555-832E-95A76769196E}.Ad-Hoc|x64.Build.0 = Release|x64
		{D9EB435E-5245-4555-832E-95A76769196E}.Ad-Hoc|x64.Deploy.0 = Release|x64
		{D9EB435E-5245-4555-832E-95A76769196E}.Ad-Hoc|x86.ActiveCfg = Release|x86
		{D9EB435E-5245-4555-832E-95A76769196E}.Ad-Hoc|x86.Build.0 = Release|x86
		{D9EB435E-5245-4555-832E-95A76769196E}.Ad-Hoc|x86.Deploy.0 = Release|x86
		{D9EB435E-5245-4555-832E-95A76769196E}.AppStore|Any CPU.ActiveCfg = Release|x86
		{D9EB435E-5245-4555-832E-95A76769196E}.AppStore|Any CPU.Build.0 = Release|x86
		{D9EB435E-5245-4555-832E-95A76769196E}.AppStore|Any CPU.Deploy.0 = Release|x86
		{D9EB435E-5245-4555-832E-95A76769196E}.AppStore|ARM.ActiveCfg = Release|ARM
		{D9EB435E-5245-4555-832E-95A76769196E}.AppStore|ARM.Build.0 = Release|ARM
		{D9EB435E-5245-4555-832E-95A76769196E}.AppStore|ARM.Deploy.0 = Release|ARM
		{D9EB435E-5245-4555-832E-95A76769196E}.AppStore|iPhone.ActiveCfg = Release|x86
		{D9EB435E-5245-4555-832E-95A76769196E}.AppStore|iPhone.Build.0 = Release|x86
		{D9EB435E-5245-4555-832E-95A76769196E}.AppStore|iPhone.Deploy.0 = Release|x86
		{D9EB435E-5245-4555-832E-95A76769196E}.AppStore|iPhoneSimulator.ActiveCfg = Release|x86
		{D9EB435E-5245-4555-832E-95A76769196E}.AppStore|iPhoneSimulator.Build.0 = Release|x86
		{D9EB435E-5245-4555-832E-95A76769196E}.AppStore|iPhoneSimulator.Deploy.0 = Release|x86
		{D9EB435E-5245-4555-832E-95A76769196E}.AppStore|x64.ActiveCfg = Release|x64
		{D9EB435E-5245-4555-832E-95A76769196E}.AppStore|x64.Build.0 = Release|x64
		{D9EB435E-5245-4555-832E-95A76769196E}.AppStore|x64.Deploy.0 = Release|x64
		{D9EB435E-5245-4555-832E-95A76769196E}.AppStore|x86.ActiveCfg = Release|x86
		{D9EB435E-5245-4555-832E-95A76769196E}.AppStore|x86.Build.0 = Release|x86
		{D9EB435E-5245-4555-832E-95A76769196E}.AppStore|x86.Deploy.0 = Release|x86
		{D9EB435E-5245-4555-832E-95A76769196E}.Debug|Any CPU.ActiveCfg = Debug|x86
		{D9EB435E-5245-4555-832E-95A76769196E}.Debug|ARM.ActiveCfg = Debug|ARM
		{D9EB435E-5245-4555-832E-95A76769196E}.Debug|ARM.Build.0 = Debug|ARM
		{D9EB435E-5245-4555-832E-95A76769196E}.Debug|ARM.Deploy.0 = Debug|ARM
		{D9EB435E-5245-4555-832E-95A76769196E}.Debug|iPhone.ActiveCfg = Debug|x86
		{D9EB435E-5245-4555-832E-95A76769196E}.Debug|iPhoneSimulator.ActiveCfg = Debug|x86
		{D9EB435E-5245-4555-832E-95A76769196E}.Debug|x64.ActiveCfg = Debug|x64
		{D9EB435E-5245-4555-832E-95A76769196E}.Debug|x64.Build.0 = Debug|x64
		{D9EB435E-5245-4555-832E-95A76769196E}.Debug|x64.Deploy.0 = Debug|x64
		{D9EB435E-5245-4555-832E-95A76769196E}.Debug|x86.ActiveCfg = Debug|x86
		{D9EB435E-5245-4555-832E-95A76769196E}.Debug|x86.Build.0 = Debug|x86
		{D9EB435E-5245-4555-832E-95A76769196E}.Debug|x86.Deploy.0 = Debug|x86
		{D9EB435E-5245-4555-832E-95A76769196E}.Release|Any CPU.ActiveCfg = Release|x86
		{D9EB435E-5245-4555-832E-95A76769196E}.Release|ARM.ActiveCfg = Release|ARM
		{D9EB435E-5245-4555-832E-95A76769196E}.Release|ARM.Build.0 = Release|ARM
		{D9EB435E-5245-4555-832E-95A76769196E}.Release|ARM.Deploy.0 = Release|ARM
		{D9EB435E-5245-4555-832E-95A76769196E}.Release|iPhone.ActiveCfg = Release|x86
		{D9EB435E-5245-4555-832E-95A76769196E}.Release|iPhoneSimulator.ActiveCfg = Release|x86
		{D9EB435E-5245-4555-832E-95A76769196E}.Release|x64.ActiveCfg = Release|x64
		{D9EB435E-5245-4555-832E-95A76769196E}.Release|x64.Build.0 = Release|x64
		{D9EB435E-5245-4555-832E-95A76769196E}.Release|x64.Deploy.0 = Release|x64
		{D9EB435E-5245-4555-832E-95A76769196E}.Release|x86.ActiveCfg = Release|x86
		{D9EB435E-5245-4555-832E-95A76769196E}.Release|x86.Build.0 = Release|x86
		{D9EB435E-5245-4555-832E-95A76769196E}.Release|x86.Deploy.0 = Release|x86
		{6451A9E3-89C4-45AD-A682-E77D44A3C78B}.Ad-Hoc|Any CPU.ActiveCfg = Ad-Hoc|iPhone
		{6451A9E3-89C4-45AD-A682-E77D44A3C78B}.Ad-Hoc|ARM.ActiveCfg = Ad-Hoc|iPhone
		{6451A9E3-89C4-45AD-A682-E77D44A3C78B}.Ad-Hoc|iPhone.ActiveCfg = Ad-Hoc|iPhone
		{6451A9E3-89C4-45AD-A682-E77D44A3C78B}.Ad-Hoc|iPhone.Build.0 = Ad-Hoc|iPhone
		{6451A9E3-89C4-45AD-A682-E77D44A3C78B}.Ad-Hoc|iPhoneSimulator.ActiveCfg = Ad-Hoc|iPhoneSimulator
		{6451A9E3-89C4-45AD-A682-E77D44A3C78B}.Ad-Hoc|iPhoneSimulator.Build.0 = Ad-Hoc|iPhoneSimulator
		{6451A9E3-89C4-45AD-A682-E77D44A3C78B}.Ad-Hoc|x64.ActiveCfg = Ad-Hoc|iPhone
		{6451A9E3-89C4-45AD-A682-E77D44A3C78B}.Ad-Hoc|x86.ActiveCfg = Ad-Hoc|iPhone
		{6451A9E3-89C4-45AD-A682-E77D44A3C78B}.AppStore|Any CPU.ActiveCfg = AppStore|iPhone
		{6451A9E3-89C4-45AD-A682-E77D44A3C78B}.AppStore|ARM.ActiveCfg = AppStore|iPhone
		{6451A9E3-89C4-45AD-A682-E77D44A3C78B}.AppStore|iPhone.ActiveCfg = AppStore|iPhone
		{6451A9E3-89C4-45AD-A682-E77D44A3C78B}.AppStore|iPhone.Build.0 = AppStore|iPhone
		{6451A9E3-89C4-45AD-A682-E77D44A3C78B}.AppStore|iPhoneSimulator.ActiveCfg = AppStore|iPhoneSimulator
		{6451A9E3-89C4-45AD-A682-E77D44A3C78B}.AppStore|iPhoneSimulator.Build.0 = AppStore|iPhoneSimulator
		{6451A9E3-89C4-45AD-A682-E77D44A3C78B}.AppStore|x64.ActiveCfg = AppStore|iPhone
		{6451A9E3-89C4-45AD-A682-E77D44A3C78B}.AppStore|x86.ActiveCfg = AppStore|iPhone
		{6451A9E3-89C4-45AD-A682-E77D44A3C78B}.Debug|Any CPU.ActiveCfg = Debug|iPhone
		{6451A9E3-89C4-45AD-A682-E77D44A3C78B}.Debug|ARM.ActiveCfg = Debug|iPhone
		{6451A9E3-89C4-45AD-A682-E77D44A3C78B}.Debug|iPhone.ActiveCfg = Debug|iPhone
		{6451A9E3-89C4-45AD-A682-E77D44A3C78B}.Debug|iPhone.Build.0 = Debug|iPhone
		{6451A9E3-89C4-45AD-A682-E77D44A3C78B}.Debug|iPhoneSimulator.ActiveCfg = Debug|iPhoneSimulator
		{6451A9E3-89C4-45AD-A682-E77D44A3C78B}.Debug|iPhoneSimulator.Build.0 = Debug|iPhoneSimulator
		{6451A9E3-89C4-45AD-A682-E77D44A3C78B}.Debug|x64.ActiveCfg = Debug|iPhone
		{6451A9E3-89C4-45AD-A682-E77D44A3C78B}.Debug|x86.ActiveCfg = Debug|iPhone
		{6451A9E3-89C4-45AD-A682-E77D44A3C78B}.Release|Any CPU.ActiveCfg = Release|iPhone
		{6451A9E3-89C4-45AD-A682-E77D44A3C78B}.Release|ARM.ActiveCfg = Release|iPhone
		{6451A9E3-89C4-45AD-A682-E77D44A3C78B}.Release|iPhone.ActiveCfg = Release|iPhone
		{6451A9E3-89C4-45AD-A682-E77D44A3C78B}.Release|iPhone.Build.0 = Release|iPhone
		{6451A9E3-89C4-45AD-A682-E77D44A3C78B}.Release|iPhoneSimulator.ActiveCfg = Release|iPhoneSimulator
		{6451A9E3-89C4-45AD-A682-E77D44A3C78B}.Release|iPhoneSimulator.Build.0 = Release|iPhoneSimulator
		{6451A9E3-89C4-45AD-A682-E77D44A3C78B}.Release|x64.ActiveCfg = Release|iPhone
		{6451A9E3-89C4-45AD-A682-E77D44A3C78B}.Release|x86.ActiveCfg = Release|iPhone
	EndGlobalSection
	GlobalSection(SolutionProperties) = preSolution
		HideSolutionNode = FALSE
	EndGlobalSection
EndGlobal
